
Microsoft Visual Studio Solution File, Format Version 12.00
# Visual Studio Version 17
VisualStudioVersion = 17.14.37111.16
MinimumVisualStudioVersion = 10.0.40219.1
Project("{2150E333-8FDC-42A3-9474-1A3956D46DE8}") = "src", "src", "{FD929939-0EA6-5A9F-D61B-403474FE82B5}"
EndProject
Project("{2150E333-8FDC-42A3-9474-1A3956D46DE8}") = "tests", "tests", "{C6F9EF17-464B-3568-47E7-FDD0B750CDA0}"
EndProject
Project("{2150E333-8FDC-42A3-9474-1A3956D46DE8}") = "tools", "tools", "{7596AEF7-C1A0-BCB5-94C0-AE90D297BB2E}"
EndProject
Project("{2150E333-8FDC-42A3-9474-1A3956D46DE8}") = "Emitters", "Emitters", "{BB89956A-1534-4B64-C37D-EE1990F70FC5}"
EndProject
Project("{2150E333-8FDC-42A3-9474-1A3956D46DE8}") = "vscode", "vscode", "{0B4E7070-6420-0CDF-A8ED-35FF7905CC41}"
	ProjectSection(SolutionItems) = preProject
		.vscode\mcp.json = .vscode\mcp.json
	EndProjectSection
EndProject
Project("{FAE04EC0-301F-11D3-BF4B-00C04F79EFBC}") = "Codex.Codex", "Codex.Codex\Codex.Codex.csproj", "{7F7A3D59-AFCF-14FB-281F-45B71EE74128}"
EndProject
Project("{FAE04EC0-301F-11D3-BF4B-00C04F79EFBC}") = "Codex.Ast", "src\Codex.Ast\Codex.Ast.csproj", "{503FB62C-70A7-DB4D-BBCA-EB8E9FE05FC1}"
EndProject
Project("{FAE04EC0-301F-11D3-BF4B-00C04F79EFBC}") = "Codex.Core", "src\Codex.Core\Codex.Core.csproj", "{C1106884-3714-E6EC-E952-88505CE1B693}"
EndProject
Project("{FAE04EC0-301F-11D3-BF4B-00C04F79EFBC}") = "Codex.Emit.Ada", "src\Codex.Emit.Ada\Codex.Emit.Ada.csproj", "{B8B0CFCC-CD10-4759-6443-3A0326489599}"
EndProject
Project("{FAE04EC0-301F-11D3-BF4B-00C04F79EFBC}") = "Codex.Emit.Arm64", "src\Codex.Emit.Arm64\Codex.Emit.Arm64.csproj", "{FE41C223-63EB-576C-5906-734D53C662D7}"
EndProject
Project("{FAE04EC0-301F-11D3-BF4B-00C04F79EFBC}") = "Codex.Emit.Babbage", "src\Codex.Emit.Babbage\Codex.Emit.Babbage.csproj", "{16CA8F8D-410E-C9A0-E456-BBD7F6DFD739}"
EndProject
Project("{FAE04EC0-301F-11D3-BF4B-00C04F79EFBC}") = "Codex.Emit.Cobol", "src\Codex.Emit.Cobol\Codex.Emit.Cobol.csproj", "{DB69A8D5-E234-C00F-7678-651BC1E19BB0}"
EndProject
Project("{FAE04EC0-301F-11D3-BF4B-00C04F79EFBC}") = "Codex.Emit.Codex", "src\Codex.Emit.Codex\Codex.Emit.Codex.csproj", "{09141215-06CB-5AA5-E0B9-FC76184EBDD1}"
EndProject
Project("{FAE04EC0-301F-11D3-BF4B-00C04F79EFBC}") = "Codex.Emit.Cpp", "src\Codex.Emit.Cpp\Codex.Emit.Cpp.csproj", "{3E578556-A29E-A66F-15ED-405EAB553F04}"
EndProject
Project("{FAE04EC0-301F-11D3-BF4B-00C04F79EFBC}") = "Codex.Emit.CSharp", "src\Codex.Emit.CSharp\Codex.Emit.CSharp.csproj", "{EF948203-77C4-4168-8A31-7674197845AF}"
EndProject
Project("{FAE04EC0-301F-11D3-BF4B-00C04F79EFBC}") = "Codex.Emit.Fortran", "src\Codex.Emit.Fortran\Codex.Emit.Fortran.csproj", "{C78AC525-FC34-55B4-2AE2-466099976F97}"
EndProject
Project("{FAE04EC0-301F-11D3-BF4B-00C04F79EFBC}") = "Codex.Emit.Go", "src\Codex.Emit.Go\Codex.Emit.Go.csproj", "{5BAEADEB-7339-F47A-A1CE-CC71196B0FE2}"
EndProject
Project("{FAE04EC0-301F-11D3-BF4B-00C04F79EFBC}") = "Codex.Emit.IL", "src\Codex.Emit.IL\Codex.Emit.IL.csproj", "{FEA2C53E-1387-35AB-D42B-C3B110E976CC}"
EndProject
Project("{FAE04EC0-301F-11D3-BF4B-00C04F79EFBC}") = "Codex.Emit.Java", "src\Codex.Emit.Java\Codex.Emit.Java.csproj", "{A4C5F412-B262-F292-E5DA-3575C0A00FCB}"
EndProject
Project("{FAE04EC0-301F-11D3-BF4B-00C04F79EFBC}") = "Codex.Emit.JavaScript", "src\Codex.Emit.JavaScript\Codex.Emit.JavaScript.csproj", "{70382696-2FCA-02A3-1B4F-F2C4BC069467}"
EndProject
Project("{FAE04EC0-301F-11D3-BF4B-00C04F79EFBC}") = "Codex.Emit.Python", "src\Codex.Emit.Python\Codex.Emit.Python.csproj", "{DA442F53-C8C0-598E-B471-E62FA4FF3678}"
EndProject
Project("{FAE04EC0-301F-11D3-BF4B-00C04F79EFBC}") = "Codex.Emit.RiscV", "src\Codex.Emit.RiscV\Codex.Emit.RiscV.csproj", "{2D429969-0FE5-6F3D-3B6A-EBCF52DC9583}"
EndProject
Project("{FAE04EC0-301F-11D3-BF4B-00C04F79EFBC}") = "Codex.Emit.Rust", "src\Codex.Emit.Rust\Codex.Emit.Rust.csproj", "{C7F6D073-7069-2060-F553-E237F0FB1D1F}"
EndProject
Project("{FAE04EC0-301F-11D3-BF4B-00C04F79EFBC}") = "Codex.Emit.Wasm", "src\Codex.Emit.Wasm\Codex.Emit.Wasm.csproj", "{45832559-9B4E-A765-D4C7-0B3919949908}"
EndProject
Project("{FAE04EC0-301F-11D3-BF4B-00C04F79EFBC}") = "Codex.Emit.X86_64", "src\Codex.Emit.X86_64\Codex.Emit.X86_64.csproj", "{73A5BFF2-CE87-B09D-C468-35312B7F0522}"
EndProject
Project("{FAE04EC0-301F-11D3-BF4B-00C04F79EFBC}") = "Codex.Emit", "src\Codex.Emit\Codex.Emit.csproj", "{E9CE3BD2-4E7D-176A-974C-EA2F7EE064B7}"
EndProject
Project("{FAE04EC0-301F-11D3-BF4B-00C04F79EFBC}") = "Codex.IR", "src\Codex.IR\Codex.IR.csproj", "{7E5CE9FB-081B-E511-2584-265114F48012}"
EndProject
Project("{FAE04EC0-301F-11D3-BF4B-00C04F79EFBC}") = "Codex.Lsp", "src\Codex.Lsp\Codex.Lsp.csproj", "{6A6B8811-3675-228F-E820-FE2E2F7F52F5}"
EndProject
Project("{FAE04EC0-301F-11D3-BF4B-00C04F79EFBC}") = "Codex.Narration", "src\Codex.Narration\Codex.Narration.csproj", "{A68DEB4B-CE31-2773-64E1-29AE262B3979}"
EndProject
Project("{FAE04EC0-301F-11D3-BF4B-00C04F79EFBC}") = "Codex.Proofs", "src\Codex.Proofs\Codex.Proofs.csproj", "{F894E78E-0FCB-00CB-1E3A-3173FAE4EB7D}"
EndProject
Project("{FAE04EC0-301F-11D3-BF4B-00C04F79EFBC}") = "Codex.Repository", "src\Codex.Repository\Codex.Repository.csproj", "{304C3F82-50E1-AF7F-706E-BE582FBFE47D}"
EndProject
Project("{FAE04EC0-301F-11D3-BF4B-00C04F79EFBC}") = "Codex.Semantics", "src\Codex.Semantics\Codex.Semantics.csproj", "{5F324EDB-6FDA-07D1-977C-7481BFC4440B}"
EndProject
Project("{FAE04EC0-301F-11D3-BF4B-00C04F79EFBC}") = "Codex.Syntax", "src\Codex.Syntax\Codex.Syntax.csproj", "{FD4B7348-B6C7-66C2-6CE5-943A8A8E02A2}"
EndProject
Project("{FAE04EC0-301F-11D3-BF4B-00C04F79EFBC}") = "Codex.Types", "src\Codex.Types\Codex.Types.csproj", "{F3A3CBB2-1CEB-5A05-30BE-F3DD82C73FAA}"
EndProject
Project("{FAE04EC0-301F-11D3-BF4B-00C04F79EFBC}") = "Codex.AgentToolkit.Tests", "tests\Codex.AgentToolkit.Tests\Codex.AgentToolkit.Tests.csproj", "{D2A19BDA-5BA0-0DB6-7436-F39C666FD652}"
EndProject
Project("{FAE04EC0-301F-11D3-BF4B-00C04F79EFBC}") = "Codex.Ast.Tests", "tests\Codex.Ast.Tests\Codex.Ast.Tests.csproj", "{A144C2D6-6EB6-A836-0946-E9188458636A}"
EndProject
Project("{FAE04EC0-301F-11D3-BF4B-00C04F79EFBC}") = "Codex.Bootstrap.Tests", "tests\Codex.Bootstrap.Tests\Codex.Bootstrap.Tests.csproj", "{20B4A1D9-B0E4-D0B2-2109-34FD6136388C}"
EndProject
Project("{FAE04EC0-301F-11D3-BF4B-00C04F79EFBC}") = "Codex.Core.Tests", "tests\Codex.Core.Tests\Codex.Core.Tests.csproj", "{EFBF8A56-891F-A27C-71E4-06A1C09F6CA1}"
EndProject
Project("{FAE04EC0-301F-11D3-BF4B-00C04F79EFBC}") = "Codex.Emit.Tests", "tests\Codex.Emit.Tests\Codex.Emit.Tests.csproj", "{9D3F8F1A-77B9-5930-0DCF-0726FBC4C176}"
EndProject
Project("{FAE04EC0-301F-11D3-BF4B-00C04F79EFBC}") = "Codex.Lsp.Tests", "tests\Codex.Lsp.Tests\Codex.Lsp.Tests.csproj", "{10EBA2D8-8D18-1C91-610D-7F2C88877656}"
EndProject
Project("{FAE04EC0-301F-11D3-BF4B-00C04F79EFBC}") = "Codex.Repository.Tests", "tests\Codex.Repository.Tests\Codex.Repository.Tests.csproj", "{943587A8-9FBE-F20C-EDA1-C0847F17A9C4}"
EndProject
Project("{FAE04EC0-301F-11D3-BF4B-00C04F79EFBC}") = "Codex.Semantics.Tests", "tests\Codex.Semantics.Tests\Codex.Semantics.Tests.csproj", "{F4E2142A-E773-D783-D5DF-477238CFDCEC}"
EndProject
Project("{FAE04EC0-301F-11D3-BF4B-00C04F79EFBC}") = "Codex.Syntax.Tests", "tests\Codex.Syntax.Tests\Codex.Syntax.Tests.csproj", "{3993B55F-0E60-C67E-EBDB-738E2CB26C0F}"
EndProject
Project("{FAE04EC0-301F-11D3-BF4B-00C04F79EFBC}") = "Codex.Types.Tests", "tests\Codex.Types.Tests\Codex.Types.Tests.csproj", "{E668D16F-7AB1-86E4-F113-97CB6CD8261C}"
EndProject
Project("{FAE04EC0-301F-11D3-BF4B-00C04F79EFBC}") = "Codex.Bootstrap", "tools\Codex.Bootstrap\Codex.Bootstrap.csproj", "{064E6A9D-6F68-1468-06FB-1A19CA4C0595}"
EndProject
Project("{FAE04EC0-301F-11D3-BF4B-00C04F79EFBC}") = "Codex.Cli", "tools\Codex.Cli\Codex.Cli.csproj", "{1E50D93C-1DF1-3F6D-DA38-384A585F80A9}"
EndProject
Project("{FAE04EC0-301F-11D3-BF4B-00C04F79EFBC}") = "Codex.Mcp", "tools\Codex.Mcp\Codex.Mcp.csproj", "{2180FC2F-CE4B-2769-9393-A5936CC0950A}"
EndProject
Project("{FAE04EC0-301F-11D3-BF4B-00C04F79EFBC}") = "Codex.VsExtension", "tools\Codex.VsExtension\Codex.VsExtension.csproj", "{88519C41-524F-FB6C-CDFA-A7389042D687}"
EndProject
Project("{2150E333-8FDC-42A3-9474-1A3956D46DE8}") = "foreword", "foreword", "{02EA681E-C7D8-13C7-8484-4AC65E1B71E8}"
	ProjectSection(SolutionItems) = preProject
		foreword\Camera.codex = foreword\Camera.codex
		foreword\CCE.codex = foreword\CCE.codex
		foreword\codex.project.json = foreword\codex.project.json
		foreword\Console.codex = foreword\Console.codex
		foreword\Display.codex = foreword\Display.codex
		foreword\Either.codex = foreword\Either.codex
		foreword\FileSystem.codex = foreword\FileSystem.codex
		foreword\Hamt.codex = foreword\Hamt.codex
		foreword\Identity.codex = foreword\Identity.codex
		foreword\List.codex = foreword\List.codex
		foreword\Location.codex = foreword\Location.codex
		foreword\Maybe.codex = foreword\Maybe.codex
		foreword\Microphone.codex = foreword\Microphone.codex
		foreword\Network.codex = foreword\Network.codex
		foreword\Pair.codex = foreword\Pair.codex
		foreword\Queue.codex = foreword\Queue.codex
		foreword\Random.codex = foreword\Random.codex
		foreword\Result.codex = foreword\Result.codex
		foreword\Sensors.codex = foreword\Sensors.codex
		foreword\Set.codex = foreword\Set.codex
		foreword\State.codex = foreword\State.codex
		foreword\StringBuilder.codex = foreword\StringBuilder.codex
		foreword\TextSearch.codex = foreword\TextSearch.codex
		foreword\Time.codex = foreword\Time.codex
	EndProjectSection
EndProject
Project("{2150E333-8FDC-42A3-9474-1A3956D46DE8}") = "samples", "samples", "{14EE6101-8199-4DCB-856E-FBA59510F9A4}"
	ProjectSection(SolutionItems) = preProject
		samples\arithmetic.codex = samples\arithmetic.codex
		samples\effectful-hello.codex = samples\effectful-hello.codex
		samples\effects-demo.codex = samples\effects-demo.codex
		samples\expr-calculator.codex = samples\expr-calculator.codex
		samples\factorial.codex = samples\factorial.codex
		samples\fibonacci.codex = samples\fibonacci.codex
		samples\greeting.codex = samples\greeting.codex
		samples\hamt-test.codex = samples\hamt-test.codex
		samples\hello.codex = samples\hello.codex
		samples\hello.runtimeconfig.json = samples\hello.runtimeconfig.json
		samples\is-prime-fancy.codex = samples\is-prime-fancy.codex
		samples\is-prime.codex = samples\is-prime.codex
		samples\list-test.codex = samples\list-test.codex
		samples\MathLib.codex = samples\MathLib.codex
		samples\mini-bootstrap.codex = samples\mini-bootstrap.codex
		samples\person.codex = samples\person.codex
		samples\proofs.codex = samples\proofs.codex
		samples\prose-banking.codex = samples\prose-banking.codex
		samples\prose-greeting.codex = samples\prose-greeting.codex
		samples\safe-divide.codex = samples\safe-divide.codex
		samples\shapes.codex = samples\shapes.codex
		samples\stage1-test.codex = samples\stage1-test.codex
		samples\state-demo.codex = samples\state-demo.codex
		samples\string-ops.codex = samples\string-ops.codex
		samples\tco-stress.codex = samples\tco-stress.codex
		samples\test-42.codex = samples\test-42.codex
		samples\test-call.codex = samples\test-call.codex
		samples\test-fact1.codex = samples\test-fact1.codex
		samples\test-fact2.codex = samples\test-fact2.codex
		samples\test-fact3.codex = samples\test-fact3.codex
		samples\test-fact5.codex = samples\test-fact5.codex
		samples\test-if.codex = samples\test-if.codex
		samples\test-mul.codex = samples\test-mul.codex
		samples\test-rec.codex = samples\test-rec.codex
		samples\test-run-process.codex = samples\test-run-process.codex
		samples\type-checker-test.codex = samples\type-checker-test.codex
		samples\use-math-lib.codex = samples\use-math-lib.codex
	EndProjectSection
EndProject
Global
	GlobalSection(SolutionConfigurationPlatforms) = preSolution
		Debug|Any CPU = Debug|Any CPU
		Debug|x64 = Debug|x64
		Debug|x86 = Debug|x86
		Release|Any CPU = Release|Any CPU
		Release|x64 = Release|x64
		Release|x86 = Release|x86
	EndGlobalSection
	GlobalSection(ProjectConfigurationPlatforms) = postSolution
		{7F7A3D59-AFCF-14FB-281F-45B71EE74128}.Debug|Any CPU.ActiveCfg = Debug|Any CPU
		{7F7A3D59-AFCF-14FB-281F-45B71EE74128}.Debug|Any CPU.Build.0 = Debug|Any CPU
		{7F7A3D59-AFCF-14FB-281F-45B71EE74128}.Debug|x64.ActiveCfg = Debug|Any CPU
		{7F7A3D59-AFCF-14FB-281F-45B71EE74128}.Debug|x64.Build.0 = Debug|Any CPU
		{7F7A3D59-AFCF-14FB-281F-45B71EE74128}.Debug|x86.ActiveCfg = Debug|Any CPU
		{7F7A3D59-AFCF-14FB-281F-45B71EE74128}.Debug|x86.Build.0 = Debug|Any CPU
		{7F7A3D59-AFCF-14FB-281F-45B71EE74128}.Release|Any CPU.ActiveCfg = Debug|Any CPU
		{7F7A3D59-AFCF-14FB-281F-45B71EE74128}.Release|Any CPU.Build.0 = Debug|Any CPU
		{7F7A3D59-AFCF-14FB-281F-45B71EE74128}.Release|x64.ActiveCfg = Debug|Any CPU
		{7F7A3D59-AFCF-14FB-281F-45B71EE74128}.Release|x64.Build.0 = Debug|Any CPU
		{7F7A3D59-AFCF-14FB-281F-45B71EE74128}.Release|x86.ActiveCfg = Debug|Any CPU
		{7F7A3D59-AFCF-14FB-281F-45B71EE74128}.Release|x86.Build.0 = Debug|Any CPU
		{503FB62C-70A7-DB4D-BBCA-EB8E9FE05FC1}.Debug|Any CPU.ActiveCfg = Debug|Any CPU
		{503FB62C-70A7-DB4D-BBCA-EB8E9FE05FC1}.Debug|Any CPU.Build.0 = Debug|Any CPU
		{503FB62C-70A7-DB4D-BBCA-EB8E9FE05FC1}.Debug|x64.ActiveCfg = Debug|Any CPU
		{503FB62C-70A7-DB4D-BBCA-EB8E9FE05FC1}.Debug|x64.Build.0 = Debug|Any CPU
		{503FB62C-70A7-DB4D-BBCA-EB8E9FE05FC1}.Debug|x86.ActiveCfg = Debug|Any CPU
		{503FB62C-70A7-DB4D-BBCA-EB8E9FE05FC1}.Debug|x86.Build.0 = Debug|Any CPU
		{503FB62C-70A7-DB4D-BBCA-EB8E9FE05FC1}.Release|Any CPU.ActiveCfg = Debug|Any CPU
		{503FB62C-70A7-DB4D-BBCA-EB8E9FE05FC1}.Release|Any CPU.Build.0 = Debug|Any CPU
		{503FB62C-70A7-DB4D-BBCA-EB8E9FE05FC1}.Release|x64.ActiveCfg = Debug|Any CPU
		{503FB62C-70A7-DB4D-BBCA-EB8E9FE05FC1}.Release|x64.Build.0 = Debug|Any CPU
		{503FB62C-70A7-DB4D-BBCA-EB8E9FE05FC1}.Release|x86.ActiveCfg = Debug|Any CPU
		{503FB62C-70A7-DB4D-BBCA-EB8E9FE05FC1}.Release|x86.Build.0 = Debug|Any CPU
		{C1106884-3714-E6EC-E952-88505CE1B693}.Debug|Any CPU.ActiveCfg = Debug|Any CPU
		{C1106884-3714-E6EC-E952-88505CE1B693}.Debug|Any CPU.Build.0 = Debug|Any CPU
		{C1106884-3714-E6EC-E952-88505CE1B693}.Debug|x64.ActiveCfg = Debug|Any CPU
		{C1106884-3714-E6EC-E952-88505CE1B693}.Debug|x64.Build.0 = Debug|Any CPU
		{C1106884-3714-E6EC-E952-88505CE1B693}.Debug|x86.ActiveCfg = Debug|Any CPU
		{C1106884-3714-E6EC-E952-88505CE1B693}.Debug|x86.Build.0 = Debug|Any CPU
		{C1106884-3714-E6EC-E952-88505CE1B693}.Release|Any CPU.ActiveCfg = Debug|Any CPU
		{C1106884-3714-E6EC-E952-88505CE1B693}.Release|Any CPU.Build.0 = Debug|Any CPU
		{C1106884-3714-E6EC-E952-88505CE1B693}.Release|x64.ActiveCfg = Debug|Any CPU
		{C1106884-3714-E6EC-E952-88505CE1B693}.Release|x64.Build.0 = Debug|Any CPU
		{C1106884-3714-E6EC-E952-88505CE1B693}.Release|x86.ActiveCfg = Debug|Any CPU
		{C1106884-3714-E6EC-E952-88505CE1B693}.Release|x86.Build.0 = Debug|Any CPU
		{B8B0CFCC-CD10-4759-6443-3A0326489599}.Debug|Any CPU.ActiveCfg = Debug|Any CPU
		{B8B0CFCC-CD10-4759-6443-3A0326489599}.Debug|Any CPU.Build.0 = Debug|Any CPU
		{B8B0CFCC-CD10-4759-6443-3A0326489599}.Debug|x64.ActiveCfg = Debug|Any CPU
		{B8B0CFCC-CD10-4759-6443-3A0326489599}.Debug|x64.Build.0 = Debug|Any CPU
		{B8B0CFCC-CD10-4759-6443-3A0326489599}.Debug|x86.ActiveCfg = Debug|Any CPU
		{B8B0CFCC-CD10-4759-6443-3A0326489599}.Debug|x86.Build.0 = Debug|Any CPU
		{B8B0CFCC-CD10-4759-6443-3A0326489599}.Release|Any CPU.ActiveCfg = Debug|Any CPU
		{B8B0CFCC-CD10-4759-6443-3A0326489599}.Release|Any CPU.Build.0 = Debug|Any CPU
		{B8B0CFCC-CD10-4759-6443-3A0326489599}.Release|x64.ActiveCfg = Debug|Any CPU
		{B8B0CFCC-CD10-4759-6443-3A0326489599}.Release|x64.Build.0 = Debug|Any CPU
		{B8B0CFCC-CD10-4759-6443-3A0326489599}.Release|x86.ActiveCfg = Debug|Any CPU
		{B8B0CFCC-CD10-4759-6443-3A0326489599}.Release|x86.Build.0 = Debug|Any CPU
		{FE41C223-63EB-576C-5906-734D53C662D7}.Debug|Any CPU.ActiveCfg = Debug|Any CPU
		{FE41C223-63EB-576C-5906-734D53C662D7}.Debug|Any CPU.Build.0 = Debug|Any CPU
		{FE41C223-63EB-576C-5906-734D53C662D7}.Debug|x64.ActiveCfg = Debug|Any CPU
		{FE41C223-63EB-576C-5906-734D53C662D7}.Debug|x64.Build.0 = Debug|Any CPU
		{FE41C223-63EB-576C-5906-734D53C662D7}.Debug|x86.ActiveCfg = Debug|Any CPU
		{FE41C223-63EB-576C-5906-734D53C662D7}.Debug|x86.Build.0 = Debug|Any CPU
		{FE41C223-63EB-576C-5906-734D53C662D7}.Release|Any CPU.ActiveCfg = Debug|Any CPU
		{FE41C223-63EB-576C-5906-734D53C662D7}.Release|Any CPU.Build.0 = Debug|Any CPU
		{FE41C223-63EB-576C-5906-734D53C662D7}.Release|x64.ActiveCfg = Debug|Any CPU
		{FE41C223-63EB-576C-5906-734D53C662D7}.Release|x64.Build.0 = Debug|Any CPU
		{FE41C223-63EB-576C-5906-734D53C662D7}.Release|x86.ActiveCfg = Debug|Any CPU
		{FE41C223-63EB-576C-5906-734D53C662D7}.Release|x86.Build.0 = Debug|Any CPU
		{16CA8F8D-410E-C9A0-E456-BBD7F6DFD739}.Debug|Any CPU.ActiveCfg = Debug|Any CPU
		{16CA8F8D-410E-C9A0-E456-BBD7F6DFD739}.Debug|Any CPU.Build.0 = Debug|Any CPU
		{16CA8F8D-410E-C9A0-E456-BBD7F6DFD739}.Debug|x64.ActiveCfg = Debug|Any CPU
		{16CA8F8D-410E-C9A0-E456-BBD7F6DFD739}.Debug|x64.Build.0 = Debug|Any CPU
		{16CA8F8D-410E-C9A0-E456-BBD7F6DFD739}.Debug|x86.ActiveCfg = Debug|Any CPU
		{16CA8F8D-410E-C9A0-E456-BBD7F6DFD739}.Debug|x86.Build.0 = Debug|Any CPU
		{16CA8F8D-410E-C9A0-E456-BBD7F6DFD739}.Release|Any CPU.ActiveCfg = Debug|Any CPU
		{16CA8F8D-410E-C9A0-E456-BBD7F6DFD739}.Release|Any CPU.Build.0 = Debug|Any CPU
		{16CA8F8D-410E-C9A0-E456-BBD7F6DFD739}.Release|x64.ActiveCfg = Debug|Any CPU
		{16CA8F8D-410E-C9A0-E456-BBD7F6DFD739}.Release|x64.Build.0 = Debug|Any CPU
		{16CA8F8D-410E-C9A0-E456-BBD7F6DFD739}.Release|x86.ActiveCfg = Debug|Any CPU
		{16CA8F8D-410E-C9A0-E456-BBD7F6DFD739}.Release|x86.Build.0 = Debug|Any CPU
		{DB69A8D5-E234-C00F-7678-651BC1E19BB0}.Debug|Any CPU.ActiveCfg = Debug|Any CPU
		{DB69A8D5-E234-C00F-7678-651BC1E19BB0}.Debug|Any CPU.Build.0 = Debug|Any CPU
		{DB69A8D5-E234-C00F-7678-651BC1E19BB0}.Debug|x64.ActiveCfg = Debug|Any CPU
		{DB69A8D5-E234-C00F-7678-651BC1E19BB0}.Debug|x64.Build.0 = Debug|Any CPU
		{DB69A8D5-E234-C00F-7678-651BC1E19BB0}.Debug|x86.ActiveCfg = Debug|Any CPU
		{DB69A8D5-E234-C00F-7678-651BC1E19BB0}.Debug|x86.Build.0 = Debug|Any CPU
		{DB69A8D5-E234-C00F-7678-651BC1E19BB0}.Release|Any CPU.ActiveCfg = Debug|Any CPU
		{DB69A8D5-E234-C00F-7678-651BC1E19BB0}.Release|Any CPU.Build.0 = Debug|Any CPU
		{DB69A8D5-E234-C00F-7678-651BC1E19BB0}.Release|x64.ActiveCfg = Debug|Any CPU
		{DB69A8D5-E234-C00F-7678-651BC1E19BB0}.Release|x64.Build.0 = Debug|Any CPU
		{DB69A8D5-E234-C00F-7678-651BC1E19BB0}.Release|x86.ActiveCfg = Debug|Any CPU
		{DB69A8D5-E234-C00F-7678-651BC1E19BB0}.Release|x86.Build.0 = Debug|Any CPU
		{09141215-06CB-5AA5-E0B9-FC76184EBDD1}.Debug|Any CPU.ActiveCfg = Debug|Any CPU
		{09141215-06CB-5AA5-E0B9-FC76184EBDD1}.Debug|Any CPU.Build.0 = Debug|Any CPU
		{09141215-06CB-5AA5-E0B9-FC76184EBDD1}.Debug|x64.ActiveCfg = Debug|Any CPU
		{09141215-06CB-5AA5-E0B9-FC76184EBDD1}.Debug|x64.Build.0 = Debug|Any CPU
		{09141215-06CB-5AA5-E0B9-FC76184EBDD1}.Debug|x86.ActiveCfg = Debug|Any CPU
		{09141215-06CB-5AA5-E0B9-FC76184EBDD1}.Debug|x86.Build.0 = Debug|Any CPU
		{09141215-06CB-5AA5-E0B9-FC76184EBDD1}.Release|Any CPU.ActiveCfg = Debug|Any CPU
		{09141215-06CB-5AA5-E0B9-FC76184EBDD1}.Release|Any CPU.Build.0 = Debug|Any CPU
		{09141215-06CB-5AA5-E0B9-FC76184EBDD1}.Release|x64.ActiveCfg = Debug|Any CPU
		{09141215-06CB-5AA5-E0B9-FC76184EBDD1}.Release|x64.Build.0 = Debug|Any CPU
		{09141215-06CB-5AA5-E0B9-FC76184EBDD1}.Release|x86.ActiveCfg = Debug|Any CPU
		{09141215-06CB-5AA5-E0B9-FC76184EBDD1}.Release|x86.Build.0 = Debug|Any CPU
		{3E578556-A29E-A66F-15ED-405EAB553F04}.Debug|Any CPU.ActiveCfg = Debug|Any CPU
		{3E578556-A29E-A66F-15ED-405EAB553F04}.Debug|Any CPU.Build.0 = Debug|Any CPU
		{3E578556-A29E-A66F-15ED-405EAB553F04}.Debug|x64.ActiveCfg = Debug|Any CPU
		{3E578556-A29E-A66F-15ED-405EAB553F04}.Debug|x64.Build.0 = Debug|Any CPU
		{3E578556-A29E-A66F-15ED-405EAB553F04}.Debug|x86.ActiveCfg = Debug|Any CPU
		{3E578556-A29E-A66F-15ED-405EAB553F04}.Debug|x86.Build.0 = Debug|Any CPU
		{3E578556-A29E-A66F-15ED-405EAB553F04}.Release|Any CPU.ActiveCfg = Debug|Any CPU
		{3E578556-A29E-A66F-15ED-405EAB553F04}.Release|Any CPU.Build.0 = Debug|Any CPU
		{3E578556-A29E-A66F-15ED-405EAB553F04}.Release|x64.ActiveCfg = Debug|Any CPU
		{3E578556-A29E-A66F-15ED-405EAB553F04}.Release|x64.Build.0 = Debug|Any CPU
		{3E578556-A29E-A66F-15ED-405EAB553F04}.Release|x86.ActiveCfg = Debug|Any CPU
		{3E578556-A29E-A66F-15ED-405EAB553F04}.Release|x86.Build.0 = Debug|Any CPU
		{EF948203-77C4-4168-8A31-7674197845AF}.Debug|Any CPU.ActiveCfg = Debug|Any CPU
		{EF948203-77C4-4168-8A31-7674197845AF}.Debug|Any CPU.Build.0 = Debug|Any CPU
		{EF948203-77C4-4168-8A31-7674197845AF}.Debug|x64.ActiveCfg = Debug|Any CPU
		{EF948203-77C4-4168-8A31-7674197845AF}.Debug|x64.Build.0 = Debug|Any CPU
		{EF948203-77C4-4168-8A31-7674197845AF}.Debug|x86.ActiveCfg = Debug|Any CPU
		{EF948203-77C4-4168-8A31-7674197845AF}.Debug|x86.Build.0 = Debug|Any CPU
		{EF948203-77C4-4168-8A31-7674197845AF}.Release|Any CPU.ActiveCfg = Debug|Any CPU
		{EF948203-77C4-4168-8A31-7674197845AF}.Release|Any CPU.Build.0 = Debug|Any CPU
		{EF948203-77C4-4168-8A31-7674197845AF}.Release|x64.ActiveCfg = Debug|Any CPU
		{EF948203-77C4-4168-8A31-7674197845AF}.Release|x64.Build.0 = Debug|Any CPU
		{EF948203-77C4-4168-8A31-7674197845AF}.Release|x86.ActiveCfg = Debug|Any CPU
		{EF948203-77C4-4168-8A31-7674197845AF}.Release|x86.Build.0 = Debug|Any CPU
		{C78AC525-FC34-55B4-2AE2-466099976F97}.Debug|Any CPU.ActiveCfg = Debug|Any CPU
		{C78AC525-FC34-55B4-2AE2-466099976F97}.Debug|Any CPU.Build.0 = Debug|Any CPU
		{C78AC525-FC34-55B4-2AE2-466099976F97}.Debug|x64.ActiveCfg = Debug|Any CPU
		{C78AC525-FC34-55B4-2AE2-466099976F97}.Debug|x64.Build.0 = Debug|Any CPU
		{C78AC525-FC34-55B4-2AE2-466099976F97}.Debug|x86.ActiveCfg = Debug|Any CPU
		{C78AC525-FC34-55B4-2AE2-466099976F97}.Debug|x86.Build.0 = Debug|Any CPU
		{C78AC525-FC34-55B4-2AE2-466099976F97}.Release|Any CPU.ActiveCfg = Debug|Any CPU
		{C78AC525-FC34-55B4-2AE2-466099976F97}.Release|Any CPU.Build.0 = Debug|Any CPU
		{C78AC525-FC34-55B4-2AE2-466099976F97}.Release|x64.ActiveCfg = Debug|Any CPU
		{C78AC525-FC34-55B4-2AE2-466099976F97}.Release|x64.Build.0 = Debug|Any CPU
		{C78AC525-FC34-55B4-2AE2-466099976F97}.Release|x86.ActiveCfg = Debug|Any CPU
		{C78AC525-FC34-55B4-2AE2-466099976F97}.Release|x86.Build.0 = Debug|Any CPU
		{5BAEADEB-7339-F47A-A1CE-CC71196B0FE2}.Debug|Any CPU.ActiveCfg = Debug|Any CPU
		{5BAEADEB-7339-F47A-A1CE-CC71196B0FE2}.Debug|Any CPU.Build.0 = Debug|Any CPU
		{5BAEADEB-7339-F47A-A1CE-CC71196B0FE2}.Debug|x64.ActiveCfg = Debug|Any CPU
		{5BAEADEB-7339-F47A-A1CE-CC71196B0FE2}.Debug|x64.Build.0 = Debug|Any CPU
		{5BAEADEB-7339-F47A-A1CE-CC71196B0FE2}.Debug|x86.ActiveCfg = Debug|Any CPU
		{5BAEADEB-7339-F47A-A1CE-CC71196B0FE2}.Debug|x86.Build.0 = Debug|Any CPU
		{5BAEADEB-7339-F47A-A1CE-CC71196B0FE2}.Release|Any CPU.ActiveCfg = Debug|Any CPU
		{5BAEADEB-7339-F47A-A1CE-CC71196B0FE2}.Release|Any CPU.Build.0 = Debug|Any CPU
		{5BAEADEB-7339-F47A-A1CE-CC71196B0FE2}.Release|x64.ActiveCfg = Debug|Any CPU
		{5BAEADEB-7339-F47A-A1CE-CC71196B0FE2}.Release|x64.Build.0 = Debug|Any CPU
		{5BAEADEB-7339-F47A-A1CE-CC71196B0FE2}.Release|x86.ActiveCfg = Debug|Any CPU
		{5BAEADEB-7339-F47A-A1CE-CC71196B0FE2}.Release|x86.Build.0 = Debug|Any CPU
		{FEA2C53E-1387-35AB-D42B-C3B110E976CC}.Debug|Any CPU.ActiveCfg = Debug|Any CPU
		{FEA2C53E-1387-35AB-D42B-C3B110E976CC}.Debug|Any CPU.Build.0 = Debug|Any CPU
		{FEA2C53E-1387-35AB-D42B-C3B110E976CC}.Debug|x64.ActiveCfg = Debug|Any CPU
		{FEA2C53E-1387-35AB-D42B-C3B110E976CC}.Debug|x64.Build.0 = Debug|Any CPU
		{FEA2C53E-1387-35AB-D42B-C3B110E976CC}.Debug|x86.ActiveCfg = Debug|Any CPU
		{FEA2C53E-1387-35AB-D42B-C3B110E976CC}.Debug|x86.Build.0 = Debug|Any CPU
		{FEA2C53E-1387-35AB-D42B-C3B110E976CC}.Release|Any CPU.ActiveCfg = Debug|Any CPU
		{FEA2C53E-1387-35AB-D42B-C3B110E976CC}.Release|Any CPU.Build.0 = Debug|Any CPU
		{FEA2C53E-1387-35AB-D42B-C3B110E976CC}.Release|x64.ActiveCfg = Debug|Any CPU
		{FEA2C53E-1387-35AB-D42B-C3B110E976CC}.Release|x64.Build.0 = Debug|Any CPU
		{FEA2C53E-1387-35AB-D42B-C3B110E976CC}.Release|x86.ActiveCfg = Debug|Any CPU
		{FEA2C53E-1387-35AB-D42B-C3B110E976CC}.Release|x86.Build.0 = Debug|Any CPU
		{A4C5F412-B262-F292-E5DA-3575C0A00FCB}.Debug|Any CPU.ActiveCfg = Debug|Any CPU
		{A4C5F412-B262-F292-E5DA-3575C0A00FCB}.Debug|Any CPU.Build.0 = Debug|Any CPU
		{A4C5F412-B262-F292-E5DA-3575C0A00FCB}.Debug|x64.ActiveCfg = Debug|Any CPU
		{A4C5F412-B262-F292-E5DA-3575C0A00FCB}.Debug|x64.Build.0 = Debug|Any CPU
		{A4C5F412-B262-F292-E5DA-3575C0A00FCB}.Debug|x86.ActiveCfg = Debug|Any CPU
		{A4C5F412-B262-F292-E5DA-3575C0A00FCB}.Debug|x86.Build.0 = Debug|Any CPU
		{A4C5F412-B262-F292-E5DA-3575C0A00FCB}.Release|Any CPU.ActiveCfg = Debug|Any CPU
		{A4C5F412-B262-F292-E5DA-3575C0A00FCB}.Release|Any CPU.Build.0 = Debug|Any CPU
		{A4C5F412-B262-F292-E5DA-3575C0A00FCB}.Release|x64.ActiveCfg = Debug|Any CPU
		{A4C5F412-B262-F292-E5DA-3575C0A00FCB}.Release|x64.Build.0 = Debug|Any CPU
		{A4C5F412-B262-F292-E5DA-3575C0A00FCB}.Release|x86.ActiveCfg = Debug|Any CPU
		{A4C5F412-B262-F292-E5DA-3575C0A00FCB}.Release|x86.Build.0 = Debug|Any CPU
		{70382696-2FCA-02A3-1B4F-F2C4BC069467}.Debug|Any CPU.ActiveCfg = Debug|Any CPU
		{70382696-2FCA-02A3-1B4F-F2C4BC069467}.Debug|Any CPU.Build.0 = Debug|Any CPU
		{70382696-2FCA-02A3-1B4F-F2C4BC069467}.Debug|x64.ActiveCfg = Debug|Any CPU
		{70382696-2FCA-02A3-1B4F-F2C4BC069467}.Debug|x64.Build.0 = Debug|Any CPU
		{70382696-2FCA-02A3-1B4F-F2C4BC069467}.Debug|x86.ActiveCfg = Debug|Any CPU
		{70382696-2FCA-02A3-1B4F-F2C4BC069467}.Debug|x86.Build.0 = Debug|Any CPU
		{70382696-2FCA-02A3-1B4F-F2C4BC069467}.Release|Any CPU.ActiveCfg = Debug|Any CPU
		{70382696-2FCA-02A3-1B4F-F2C4BC069467}.Release|Any CPU.Build.0 = Debug|Any CPU
		{70382696-2FCA-02A3-1B4F-F2C4BC069467}.Release|x64.ActiveCfg = Debug|Any CPU
		{70382696-2FCA-02A3-1B4F-F2C4BC069467}.Release|x64.Build.0 = Debug|Any CPU
		{70382696-2FCA-02A3-1B4F-F2C4BC069467}.Release|x86.ActiveCfg = Debug|Any CPU
		{70382696-2FCA-02A3-1B4F-F2C4BC069467}.Release|x86.Build.0 = Debug|Any CPU
		{DA442F53-C8C0-598E-B471-E62FA4FF3678}.Debug|Any CPU.ActiveCfg = Debug|Any CPU
		{DA442F53-C8C0-598E-B471-E62FA4FF3678}.Debug|Any CPU.Build.0 = Debug|Any CPU
		{DA442F53-C8C0-598E-B471-E62FA4FF3678}.Debug|x64.ActiveCfg = Debug|Any CPU
		{DA442F53-C8C0-598E-B471-E62FA4FF3678}.Debug|x64.Build.0 = Debug|Any CPU
		{DA442F53-C8C0-598E-B471-E62FA4FF3678}.Debug|x86.ActiveCfg = Debug|Any CPU
		{DA442F53-C8C0-598E-B471-E62FA4FF3678}.Debug|x86.Build.0 = Debug|Any CPU
		{DA442F53-C8C0-598E-B471-E62FA4FF3678}.Release|Any CPU.ActiveCfg = Debug|Any CPU
		{DA442F53-C8C0-598E-B471-E62FA4FF3678}.Release|Any CPU.Build.0 = Debug|Any CPU
		{DA442F53-C8C0-598E-B471-E62FA4FF3678}.Release|x64.ActiveCfg = Debug|Any CPU
		{DA442F53-C8C0-598E-B471-E62FA4FF3678}.Release|x64.Build.0 = Debug|Any CPU
		{DA442F53-C8C0-598E-B471-E62FA4FF3678}.Release|x86.ActiveCfg = Debug|Any CPU
		{DA442F53-C8C0-598E-B471-E62FA4FF3678}.Release|x86.Build.0 = Debug|Any CPU
		{2D429969-0FE5-6F3D-3B6A-EBCF52DC9583}.Debug|Any CPU.ActiveCfg = Debug|Any CPU
		{2D429969-0FE5-6F3D-3B6A-EBCF52DC9583}.Debug|Any CPU.Build.0 = Debug|Any CPU
		{2D429969-0FE5-6F3D-3B6A-EBCF52DC9583}.Debug|x64.ActiveCfg = Debug|Any CPU
		{2D429969-0FE5-6F3D-3B6A-EBCF52DC9583}.Debug|x64.Build.0 = Debug|Any CPU
		{2D429969-0FE5-6F3D-3B6A-EBCF52DC9583}.Debug|x86.ActiveCfg = Debug|Any CPU
		{2D429969-0FE5-6F3D-3B6A-EBCF52DC9583}.Debug|x86.Build.0 = Debug|Any CPU
		{2D429969-0FE5-6F3D-3B6A-EBCF52DC9583}.Release|Any CPU.ActiveCfg = Debug|Any CPU
		{2D429969-0FE5-6F3D-3B6A-EBCF52DC9583}.Release|Any CPU.Build.0 = Debug|Any CPU
		{2D429969-0FE5-6F3D-3B6A-EBCF52DC9583}.Release|x64.ActiveCfg = Debug|Any CPU
		{2D429969-0FE5-6F3D-3B6A-EBCF52DC9583}.Release|x64.Build.0 = Debug|Any CPU
		{2D429969-0FE5-6F3D-3B6A-EBCF52DC9583}.Release|x86.ActiveCfg = Debug|Any CPU
		{2D429969-0FE5-6F3D-3B6A-EBCF52DC9583}.Release|x86.Build.0 = Debug|Any CPU
		{C7F6D073-7069-2060-F553-E237F0FB1D1F}.Debug|Any CPU.ActiveCfg = Debug|Any CPU
		{C7F6D073-7069-2060-F553-E237F0FB1D1F}.Debug|Any CPU.Build.0 = Debug|Any CPU
		{C7F6D073-7069-2060-F553-E237F0FB1D1F}.Debug|x64.ActiveCfg = Debug|Any CPU
		{C7F6D073-7069-2060-F553-E237F0FB1D1F}.Debug|x64.Build.0 = Debug|Any CPU
		{C7F6D073-7069-2060-F553-E237F0FB1D1F}.Debug|x86.ActiveCfg = Debug|Any CPU
		{C7F6D073-7069-2060-F553-E237F0FB1D1F}.Debug|x86.Build.0 = Debug|Any CPU
		{C7F6D073-7069-2060-F553-E237F0FB1D1F}.Release|Any CPU.ActiveCfg = Debug|Any CPU
		{C7F6D073-7069-2060-F553-E237F0FB1D1F}.Release|Any CPU.Build.0 = Debug|Any CPU
		{C7F6D073-7069-2060-F553-E237F0FB1D1F}.Release|x64.ActiveCfg = Debug|Any CPU
		{C7F6D073-7069-2060-F553-E237F0FB1D1F}.Release|x64.Build.0 = Debug|Any CPU
		{C7F6D073-7069-2060-F553-E237F0FB1D1F}.Release|x86.ActiveCfg = Debug|Any CPU
		{C7F6D073-7069-2060-F553-E237F0FB1D1F}.Release|x86.Build.0 = Debug|Any CPU
		{45832559-9B4E-A765-D4C7-0B3919949908}.Debug|Any CPU.ActiveCfg = Debug|Any CPU
		{45832559-9B4E-A765-D4C7-0B3919949908}.Debug|Any CPU.Build.0 = Debug|Any CPU
		{45832559-9B4E-A765-D4C7-0B3919949908}.Debug|x64.ActiveCfg = Debug|Any CPU
		{45832559-9B4E-A765-D4C7-0B3919949908}.Debug|x64.Build.0 = Debug|Any CPU
		{45832559-9B4E-A765-D4C7-0B3919949908}.Debug|x86.ActiveCfg = Debug|Any CPU
		{45832559-9B4E-A765-D4C7-0B3919949908}.Debug|x86.Build.0 = Debug|Any CPU
		{45832559-9B4E-A765-D4C7-0B3919949908}.Release|Any CPU.ActiveCfg = Debug|Any CPU
		{45832559-9B4E-A765-D4C7-0B3919949908}.Release|Any CPU.Build.0 = Debug|Any CPU
		{45832559-9B4E-A765-D4C7-0B3919949908}.Release|x64.ActiveCfg = Debug|Any CPU
		{45832559-9B4E-A765-D4C7-0B3919949908}.Release|x64.Build.0 = Debug|Any CPU
		{45832559-9B4E-A765-D4C7-0B3919949908}.Release|x86.ActiveCfg = Debug|Any CPU
		{45832559-9B4E-A765-D4C7-0B3919949908}.Release|x86.Build.0 = Debug|Any CPU
		{73A5BFF2-CE87-B09D-C468-35312B7F0522}.Debug|Any CPU.ActiveCfg = Debug|Any CPU
		{73A5BFF2-CE87-B09D-C468-35312B7F0522}.Debug|Any CPU.Build.0 = Debug|Any CPU
		{73A5BFF2-CE87-B09D-C468-35312B7F0522}.Debug|x64.ActiveCfg = Debug|Any CPU
		{73A5BFF2-CE87-B09D-C468-35312B7F0522}.Debug|x64.Build.0 = Debug|Any CPU
		{73A5BFF2-CE87-B09D-C468-35312B7F0522}.Debug|x86.ActiveCfg = Debug|Any CPU
		{73A5BFF2-CE87-B09D-C468-35312B7F0522}.Debug|x86.Build.0 = Debug|Any CPU
		{73A5BFF2-CE87-B09D-C468-35312B7F0522}.Release|Any CPU.ActiveCfg = Debug|Any CPU
		{73A5BFF2-CE87-B09D-C468-35312B7F0522}.Release|Any CPU.Build.0 = Debug|Any CPU
		{73A5BFF2-CE87-B09D-C468-35312B7F0522}.Release|x64.ActiveCfg = Debug|Any CPU
		{73A5BFF2-CE87-B09D-C468-35312B7F0522}.Release|x64.Build.0 = Debug|Any CPU
		{73A5BFF2-CE87-B09D-C468-35312B7F0522}.Release|x86.ActiveCfg = Debug|Any CPU
		{73A5BFF2-CE87-B09D-C468-35312B7F0522}.Release|x86.Build.0 = Debug|Any CPU
		{E9CE3BD2-4E7D-176A-974C-EA2F7EE064B7}.Debug|Any CPU.ActiveCfg = Debug|Any CPU
		{E9CE3BD2-4E7D-176A-974C-EA2F7EE064B7}.Debug|Any CPU.Build.0 = Debug|Any CPU
		{E9CE3BD2-4E7D-176A-974C-EA2F7EE064B7}.Debug|x64.ActiveCfg = Debug|Any CPU
		{E9CE3BD2-4E7D-176A-974C-EA2F7EE064B7}.Debug|x64.Build.0 = Debug|Any CPU
		{E9CE3BD2-4E7D-176A-974C-EA2F7EE064B7}.Debug|x86.ActiveCfg = Debug|Any CPU
		{E9CE3BD2-4E7D-176A-974C-EA2F7EE064B7}.Debug|x86.Build.0 = Debug|Any CPU
		{E9CE3BD2-4E7D-176A-974C-EA2F7EE064B7}.Release|Any CPU.ActiveCfg = Debug|Any CPU
		{E9CE3BD2-4E7D-176A-974C-EA2F7EE064B7}.Release|Any CPU.Build.0 = Debug|Any CPU
		{E9CE3BD2-4E7D-176A-974C-EA2F7EE064B7}.Release|x64.ActiveCfg = Debug|Any CPU
		{E9CE3BD2-4E7D-176A-974C-EA2F7EE064B7}.Release|x64.Build.0 = Debug|Any CPU
		{E9CE3BD2-4E7D-176A-974C-EA2F7EE064B7}.Release|x86.ActiveCfg = Debug|Any CPU
		{E9CE3BD2-4E7D-176A-974C-EA2F7EE064B7}.Release|x86.Build.0 = Debug|Any CPU
		{7E5CE9FB-081B-E511-2584-265114F48012}.Debug|Any CPU.ActiveCfg = Debug|Any CPU
		{7E5CE9FB-081B-E511-2584-265114F48012}.Debug|Any CPU.Build.0 = Debug|Any CPU
		{7E5CE9FB-081B-E511-2584-265114F48012}.Debug|x64.ActiveCfg = Debug|Any CPU
		{7E5CE9FB-081B-E511-2584-265114F48012}.Debug|x64.Build.0 = Debug|Any CPU
		{7E5CE9FB-081B-E511-2584-265114F48012}.Debug|x86.ActiveCfg = Debug|Any CPU
		{7E5CE9FB-081B-E511-2584-265114F48012}.Debug|x86.Build.0 = Debug|Any CPU
		{7E5CE9FB-081B-E511-2584-265114F48012}.Release|Any CPU.ActiveCfg = Debug|Any CPU
		{7E5CE9FB-081B-E511-2584-265114F48012}.Release|Any CPU.Build.0 = Debug|Any CPU
		{7E5CE9FB-081B-E511-2584-265114F48012}.Release|x64.ActiveCfg = Debug|Any CPU
		{7E5CE9FB-081B-E511-2584-265114F48012}.Release|x64.Build.0 = Debug|Any CPU
		{7E5CE9FB-081B-E511-2584-265114F48012}.Release|x86.ActiveCfg = Debug|Any CPU
		{7E5CE9FB-081B-E511-2584-265114F48012}.Release|x86.Build.0 = Debug|Any CPU
		{6A6B8811-3675-228F-E820-FE2E2F7F52F5}.Debug|Any CPU.ActiveCfg = Debug|Any CPU
		{6A6B8811-3675-228F-E820-FE2E2F7F52F5}.Debug|Any CPU.Build.0 = Debug|Any CPU
		{6A6B8811-3675-228F-E820-FE2E2F7F52F5}.Debug|x64.ActiveCfg = Debug|Any CPU
		{6A6B8811-3675-228F-E820-FE2E2F7F52F5}.Debug|x64.Build.0 = Debug|Any CPU
		{6A6B8811-3675-228F-E820-FE2E2F7F52F5}.Debug|x86.ActiveCfg = Debug|Any CPU
		{6A6B8811-3675-228F-E820-FE2E2F7F52F5}.Debug|x86.Build.0 = Debug|Any CPU
		{6A6B8811-3675-228F-E820-FE2E2F7F52F5}.Release|Any CPU.ActiveCfg = Debug|Any CPU
		{6A6B8811-3675-228F-E820-FE2E2F7F52F5}.Release|Any CPU.Build.0 = Debug|Any CPU
		{6A6B8811-3675-228F-E820-FE2E2F7F52F5}.Release|x64.ActiveCfg = Debug|Any CPU
		{6A6B8811-3675-228F-E820-FE2E2F7F52F5}.Release|x64.Build.0 = Debug|Any CPU
		{6A6B8811-3675-228F-E820-FE2E2F7F52F5}.Release|x86.ActiveCfg = Debug|Any CPU
		{6A6B8811-3675-228F-E820-FE2E2F7F52F5}.Release|x86.Build.0 = Debug|Any CPU
		{A68DEB4B-CE31-2773-64E1-29AE262B3979}.Debug|Any CPU.ActiveCfg = Debug|Any CPU
		{A68DEB4B-CE31-2773-64E1-29AE262B3979}.Debug|Any CPU.Build.0 = Debug|Any CPU
		{A68DEB4B-CE31-2773-64E1-29AE262B3979}.Debug|x64.ActiveCfg = Debug|Any CPU
		{A68DEB4B-CE31-2773-64E1-29AE262B3979}.Debug|x64.Build.0 = Debug|Any CPU
		{A68DEB4B-CE31-2773-64E1-29AE262B3979}.Debug|x86.ActiveCfg = Debug|Any CPU
		{A68DEB4B-CE31-2773-64E1-29AE262B3979}.Debug|x86.Build.0 = Debug|Any CPU
		{A68DEB4B-CE31-2773-64E1-29AE262B3979}.Release|Any CPU.ActiveCfg = Debug|Any CPU
		{A68DEB4B-CE31-2773-64E1-29AE262B3979}.Release|Any CPU.Build.0 = Debug|Any CPU
		{A68DEB4B-CE31-2773-64E1-29AE262B3979}.Release|x64.ActiveCfg = Debug|Any CPU
		{A68DEB4B-CE31-2773-64E1-29AE262B3979}.Release|x64.Build.0 = Debug|Any CPU
		{A68DEB4B-CE31-2773-64E1-29AE262B3979}.Release|x86.ActiveCfg = Debug|Any CPU
		{A68DEB4B-CE31-2773-64E1-29AE262B3979}.Release|x86.Build.0 = Debug|Any CPU
		{F894E78E-0FCB-00CB-1E3A-3173FAE4EB7D}.Debug|Any CPU.ActiveCfg = Debug|Any CPU
		{F894E78E-0FCB-00CB-1E3A-3173FAE4EB7D}.Debug|Any CPU.Build.0 = Debug|Any CPU
		{F894E78E-0FCB-00CB-1E3A-3173FAE4EB7D}.Debug|x64.ActiveCfg = Debug|Any CPU
		{F894E78E-0FCB-00CB-1E3A-3173FAE4EB7D}.Debug|x64.Build.0 = Debug|Any CPU
		{F894E78E-0FCB-00CB-1E3A-3173FAE4EB7D}.Debug|x86.ActiveCfg = Debug|Any CPU
		{F894E78E-0FCB-00CB-1E3A-3173FAE4EB7D}.Debug|x86.Build.0 = Debug|Any CPU
		{F894E78E-0FCB-00CB-1E3A-3173FAE4EB7D}.Release|Any CPU.ActiveCfg = Debug|Any CPU
		{F894E78E-0FCB-00CB-1E3A-3173FAE4EB7D}.Release|Any CPU.Build.0 = Debug|Any CPU
		{F894E78E-0FCB-00CB-1E3A-3173FAE4EB7D}.Release|x64.ActiveCfg = Debug|Any CPU
		{F894E78E-0FCB-00CB-1E3A-3173FAE4EB7D}.Release|x64.Build.0 = Debug|Any CPU
		{F894E78E-0FCB-00CB-1E3A-3173FAE4EB7D}.Release|x86.ActiveCfg = Debug|Any CPU
		{F894E78E-0FCB-00CB-1E3A-3173FAE4EB7D}.Release|x86.Build.0 = Debug|Any CPU
		{304C3F82-50E1-AF7F-706E-BE582FBFE47D}.Debug|Any CPU.ActiveCfg = Debug|Any CPU
		{304C3F82-50E1-AF7F-706E-BE582FBFE47D}.Debug|Any CPU.Build.0 = Debug|Any CPU
		{304C3F82-50E1-AF7F-706E-BE582FBFE47D}.Debug|x64.ActiveCfg = Debug|Any CPU
		{304C3F82-50E1-AF7F-706E-BE582FBFE47D}.Debug|x64.Build.0 = Debug|Any CPU
		{304C3F82-50E1-AF7F-706E-BE582FBFE47D}.Debug|x86.ActiveCfg = Debug|Any CPU
		{304C3F82-50E1-AF7F-706E-BE582FBFE47D}.Debug|x86.Build.0 = Debug|Any CPU
		{304C3F82-50E1-AF7F-706E-BE582FBFE47D}.Release|Any CPU.ActiveCfg = Debug|Any CPU
		{304C3F82-50E1-AF7F-706E-BE582FBFE47D}.Release|Any CPU.Build.0 = Debug|Any CPU
		{304C3F82-50E1-AF7F-706E-BE582FBFE47D}.Release|x64.ActiveCfg = Debug|Any CPU
		{304C3F82-50E1-AF7F-706E-BE582FBFE47D}.Release|x64.Build.0 = Debug|Any CPU
		{304C3F82-50E1-AF7F-706E-BE582FBFE47D}.Release|x86.ActiveCfg = Debug|Any CPU
		{304C3F82-50E1-AF7F-706E-BE582FBFE47D}.Release|x86.Build.0 = Debug|Any CPU
		{5F324EDB-6FDA-07D1-977C-7481BFC4440B}.Debug|Any CPU.ActiveCfg = Debug|Any CPU
		{5F324EDB-6FDA-07D1-977C-7481BFC4440B}.Debug|Any CPU.Build.0 = Debug|Any CPU
		{5F324EDB-6FDA-07D1-977C-7481BFC4440B}.Debug|x64.ActiveCfg = Debug|Any CPU
		{5F324EDB-6FDA-07D1-977C-7481BFC4440B}.Debug|x64.Build.0 = Debug|Any CPU
		{5F324EDB-6FDA-07D1-977C-7481BFC4440B}.Debug|x86.ActiveCfg = Debug|Any CPU
		{5F324EDB-6FDA-07D1-977C-7481BFC4440B}.Debug|x86.Build.0 = Debug|Any CPU
		{5F324EDB-6FDA-07D1-977C-7481BFC4440B}.Release|Any CPU.ActiveCfg = Debug|Any CPU
		{5F324EDB-6FDA-07D1-977C-7481BFC4440B}.Release|Any CPU.Build.0 = Debug|Any CPU
		{5F324EDB-6FDA-07D1-977C-7481BFC4440B}.Release|x64.ActiveCfg = Debug|Any CPU
		{5F324EDB-6FDA-07D1-977C-7481BFC4440B}.Release|x64.Build.0 = Debug|Any CPU
		{5F324EDB-6FDA-07D1-977C-7481BFC4440B}.Release|x86.ActiveCfg = Debug|Any CPU
		{5F324EDB-6FDA-07D1-977C-7481BFC4440B}.Release|x86.Build.0 = Debug|Any CPU
		{FD4B7348-B6C7-66C2-6CE5-943A8A8E02A2}.Debug|Any CPU.ActiveCfg = Debug|Any CPU
		{FD4B7348-B6C7-66C2-6CE5-943A8A8E02A2}.Debug|Any CPU.Build.0 = Debug|Any CPU
		{FD4B7348-B6C7-66C2-6CE5-943A8A8E02A2}.Debug|x64.ActiveCfg = Debug|Any CPU
		{FD4B7348-B6C7-66C2-6CE5-943A8A8E02A2}.Debug|x64.Build.0 = Debug|Any CPU
		{FD4B7348-B6C7-66C2-6CE5-943A8A8E02A2}.Debug|x86.ActiveCfg = Debug|Any CPU
		{FD4B7348-B6C7-66C2-6CE5-943A8A8E02A2}.Debug|x86.Build.0 = Debug|Any CPU
		{FD4B7348-B6C7-66C2-6CE5-943A8A8E02A2}.Release|Any CPU.ActiveCfg = Debug|Any CPU
		{FD4B7348-B6C7-66C2-6CE5-943A8A8E02A2}.Release|Any CPU.Build.0 = Debug|Any CPU
		{FD4B7348-B6C7-66C2-6CE5-943A8A8E02A2}.Release|x64.ActiveCfg = Debug|Any CPU
		{FD4B7348-B6C7-66C2-6CE5-943A8A8E02A2}.Release|x64.Build.0 = Debug|Any CPU
		{FD4B7348-B6C7-66C2-6CE5-943A8A8E02A2}.Release|x86.ActiveCfg = Debug|Any CPU
		{FD4B7348-B6C7-66C2-6CE5-943A8A8E02A2}.Release|x86.Build.0 = Debug|Any CPU
		{F3A3CBB2-1CEB-5A05-30BE-F3DD82C73FAA}.Debug|Any CPU.ActiveCfg = Debug|Any CPU
		{F3A3CBB2-1CEB-5A05-30BE-F3DD82C73FAA}.Debug|Any CPU.Build.0 = Debug|Any CPU
		{F3A3CBB2-1CEB-5A05-30BE-F3DD82C73FAA}.Debug|x64.ActiveCfg = Debug|Any CPU
		{F3A3CBB2-1CEB-5A05-30BE-F3DD82C73FAA}.Debug|x64.Build.0 = Debug|Any CPU
		{F3A3CBB2-1CEB-5A05-30BE-F3DD82C73FAA}.Debug|x86.ActiveCfg = Debug|Any CPU
		{F3A3CBB2-1CEB-5A05-30BE-F3DD82C73FAA}.Debug|x86.Build.0 = Debug|Any CPU
		{F3A3CBB2-1CEB-5A05-30BE-F3DD82C73FAA}.Release|Any CPU.ActiveCfg = Debug|Any CPU
		{F3A3CBB2-1CEB-5A05-30BE-F3DD82C73FAA}.Release|Any CPU.Build.0 = Debug|Any CPU
		{F3A3CBB2-1CEB-5A05-30BE-F3DD82C73FAA}.Release|x64.ActiveCfg = Debug|Any CPU
		{F3A3CBB2-1CEB-5A05-30BE-F3DD82C73FAA}.Release|x64.Build.0 = Debug|Any CPU
		{F3A3CBB2-1CEB-5A05-30BE-F3DD82C73FAA}.Release|x86.ActiveCfg = Debug|Any CPU
		{F3A3CBB2-1CEB-5A05-30BE-F3DD82C73FAA}.Release|x86.Build.0 = Debug|Any CPU
		{D2A19BDA-5BA0-0DB6-7436-F39C666FD652}.Debug|Any CPU.ActiveCfg = Debug|Any CPU
		{D2A19BDA-5BA0-0DB6-7436-F39C666FD652}.Debug|Any CPU.Build.0 = Debug|Any CPU
		{D2A19BDA-5BA0-0DB6-7436-F39C666FD652}.Debug|x64.ActiveCfg = Debug|Any CPU
		{D2A19BDA-5BA0-0DB6-7436-F39C666FD652}.Debug|x64.Build.0 = Debug|Any CPU
		{D2A19BDA-5BA0-0DB6-7436-F39C666FD652}.Debug|x86.ActiveCfg = Debug|Any CPU
		{D2A19BDA-5BA0-0DB6-7436-F39C666FD652}.Debug|x86.Build.0 = Debug|Any CPU
		{D2A19BDA-5BA0-0DB6-7436-F39C666FD652}.Release|Any CPU.ActiveCfg = Debug|Any CPU
		{D2A19BDA-5BA0-0DB6-7436-F39C666FD652}.Release|Any CPU.Build.0 = Debug|Any CPU
		{D2A19BDA-5BA0-0DB6-7436-F39C666FD652}.Release|x64.ActiveCfg = Debug|Any CPU
		{D2A19BDA-5BA0-0DB6-7436-F39C666FD652}.Release|x64.Build.0 = Debug|Any CPU
		{D2A19BDA-5BA0-0DB6-7436-F39C666FD652}.Release|x86.ActiveCfg = Debug|Any CPU
		{D2A19BDA-5BA0-0DB6-7436-F39C666FD652}.Release|x86.Build.0 = Debug|Any CPU
		{A144C2D6-6EB6-A836-0946-E9188458636A}.Debug|Any CPU.ActiveCfg = Debug|Any CPU
		{A144C2D6-6EB6-A836-0946-E9188458636A}.Debug|Any CPU.Build.0 = Debug|Any CPU
		{A144C2D6-6EB6-A836-0946-E9188458636A}.Debug|x64.ActiveCfg = Debug|Any CPU
		{A144C2D6-6EB6-A836-0946-E9188458636A}.Debug|x64.Build.0 = Debug|Any CPU
		{A144C2D6-6EB6-A836-0946-E9188458636A}.Debug|x86.ActiveCfg = Debug|Any CPU
		{A144C2D6-6EB6-A836-0946-E9188458636A}.Debug|x86.Build.0 = Debug|Any CPU
		{A144C2D6-6EB6-A836-0946-E9188458636A}.Release|Any CPU.ActiveCfg = Debug|Any CPU
		{A144C2D6-6EB6-A836-0946-E9188458636A}.Release|Any CPU.Build.0 = Debug|Any CPU
		{A144C2D6-6EB6-A836-0946-E9188458636A}.Release|x64.ActiveCfg = Debug|Any CPU
		{A144C2D6-6EB6-A836-0946-E9188458636A}.Release|x64.Build.0 = Debug|Any CPU
		{A144C2D6-6EB6-A836-0946-E9188458636A}.Release|x86.ActiveCfg = Debug|Any CPU
		{A144C2D6-6EB6-A836-0946-E9188458636A}.Release|x86.Build.0 = Debug|Any CPU
		{20B4A1D9-B0E4-D0B2-2109-34FD6136388C}.Debug|Any CPU.ActiveCfg = Debug|Any CPU
		{20B4A1D9-B0E4-D0B2-2109-34FD6136388C}.Debug|Any CPU.Build.0 = Debug|Any CPU
		{20B4A1D9-B0E4-D0B2-2109-34FD6136388C}.Debug|x64.ActiveCfg = Debug|Any CPU
		{20B4A1D9-B0E4-D0B2-2109-34FD6136388C}.Debug|x64.Build.0 = Debug|Any CPU
		{20B4A1D9-B0E4-D0B2-2109-34FD6136388C}.Debug|x86.ActiveCfg = Debug|Any CPU
		{20B4A1D9-B0E4-D0B2-2109-34FD6136388C}.Debug|x86.Build.0 = Debug|Any CPU
		{20B4A1D9-B0E4-D0B2-2109-34FD6136388C}.Release|Any CPU.ActiveCfg = Debug|Any CPU
		{20B4A1D9-B0E4-D0B2-2109-34FD6136388C}.Release|Any CPU.Build.0 = Debug|Any CPU
		{20B4A1D9-B0E4-D0B2-2109-34FD6136388C}.Release|x64.ActiveCfg = Debug|Any CPU
		{20B4A1D9-B0E4-D0B2-2109-34FD6136388C}.Release|x64.Build.0 = Debug|Any CPU
		{20B4A1D9-B0E4-D0B2-2109-34FD6136388C}.Release|x86.ActiveCfg = Debug|Any CPU
		{20B4A1D9-B0E4-D0B2-2109-34FD6136388C}.Release|x86.Build.0 = Debug|Any CPU
		{EFBF8A56-891F-A27C-71E4-06A1C09F6CA1}.Debug|Any CPU.ActiveCfg = Debug|Any CPU
		{EFBF8A56-891F-A27C-71E4-06A1C09F6CA1}.Debug|Any CPU.Build.0 = Debug|Any CPU
		{EFBF8A56-891F-A27C-71E4-06A1C09F6CA1}.Debug|x64.ActiveCfg = Debug|Any CPU
		{EFBF8A56-891F-A27C-71E4-06A1C09F6CA1}.Debug|x64.Build.0 = Debug|Any CPU
		{EFBF8A56-891F-A27C-71E4-06A1C09F6CA1}.Debug|x86.ActiveCfg = Debug|Any CPU
		{EFBF8A56-891F-A27C-71E4-06A1C09F6CA1}.Debug|x86.Build.0 = Debug|Any CPU
		{EFBF8A56-891F-A27C-71E4-06A1C09F6CA1}.Release|Any CPU.ActiveCfg = Debug|Any CPU
		{EFBF8A56-891F-A27C-71E4-06A1C09F6CA1}.Release|Any CPU.Build.0 = Debug|Any CPU
		{EFBF8A56-891F-A27C-71E4-06A1C09F6CA1}.Release|x64.ActiveCfg = Debug|Any CPU
		{EFBF8A56-891F-A27C-71E4-06A1C09F6CA1}.Release|x64.Build.0 = Debug|Any CPU
		{EFBF8A56-891F-A27C-71E4-06A1C09F6CA1}.Release|x86.ActiveCfg = Debug|Any CPU
		{EFBF8A56-891F-A27C-71E4-06A1C09F6CA1}.Release|x86.Build.0 = Debug|Any CPU
		{9D3F8F1A-77B9-5930-0DCF-0726FBC4C176}.Debug|Any CPU.ActiveCfg = Debug|Any CPU
		{9D3F8F1A-77B9-5930-0DCF-0726FBC4C176}.Debug|Any CPU.Build.0 = Debug|Any CPU
		{9D3F8F1A-77B9-5930-0DCF-0726FBC4C176}.Debug|x64.ActiveCfg = Debug|Any CPU
		{9D3F8F1A-77B9-5930-0DCF-0726FBC4C176}.Debug|x64.Build.0 = Debug|Any CPU
		{9D3F8F1A-77B9-5930-0DCF-0726FBC4C176}.Debug|x86.ActiveCfg = Debug|Any CPU
		{9D3F8F1A-77B9-5930-0DCF-0726FBC4C176}.Debug|x86.Build.0 = Debug|Any CPU
		{9D3F8F1A-77B9-5930-0DCF-0726FBC4C176}.Release|Any CPU.ActiveCfg = Debug|Any CPU
		{9D3F8F1A-77B9-5930-0DCF-0726FBC4C176}.Release|Any CPU.Build.0 = Debug|Any CPU
		{9D3F8F1A-77B9-5930-0DCF-0726FBC4C176}.Release|x64.ActiveCfg = Debug|Any CPU
		{9D3F8F1A-77B9-5930-0DCF-0726FBC4C176}.Release|x64.Build.0 = Debug|Any CPU
		{9D3F8F1A-77B9-5930-0DCF-0726FBC4C176}.Release|x86.ActiveCfg = Debug|Any CPU
		{9D3F8F1A-77B9-5930-0DCF-0726FBC4C176}.Release|x86.Build.0 = Debug|Any CPU
		{10EBA2D8-8D18-1C91-610D-7F2C88877656}.Debug|Any CPU.ActiveCfg = Debug|Any CPU
		{10EBA2D8-8D18-1C91-610D-7F2C88877656}.Debug|Any CPU.Build.0 = Debug|Any CPU
		{10EBA2D8-8D18-1C91-610D-7F2C88877656}.Debug|x64.ActiveCfg = Debug|Any CPU
		{10EBA2D8-8D18-1C91-610D-7F2C88877656}.Debug|x64.Build.0 = Debug|Any CPU
		{10EBA2D8-8D18-1C91-610D-7F2C88877656}.Debug|x86.ActiveCfg = Debug|Any CPU
		{10EBA2D8-8D18-1C91-610D-7F2C88877656}.Debug|x86.Build.0 = Debug|Any CPU
		{10EBA2D8-8D18-1C91-610D-7F2C88877656}.Release|Any CPU.ActiveCfg = Debug|Any CPU
		{10EBA2D8-8D18-1C91-610D-7F2C88877656}.Release|Any CPU.Build.0 = Debug|Any CPU
		{10EBA2D8-8D18-1C91-610D-7F2C88877656}.Release|x64.ActiveCfg = Debug|Any CPU
		{10EBA2D8-8D18-1C91-610D-7F2C88877656}.Release|x64.Build.0 = Debug|Any CPU
		{10EBA2D8-8D18-1C91-610D-7F2C88877656}.Release|x86.ActiveCfg = Debug|Any CPU
		{10EBA2D8-8D18-1C91-610D-7F2C88877656}.Release|x86.Build.0 = Debug|Any CPU
		{943587A8-9FBE-F20C-EDA1-C0847F17A9C4}.Debug|Any CPU.ActiveCfg = Debug|Any CPU
		{943587A8-9FBE-F20C-EDA1-C0847F17A9C4}.Debug|Any CPU.Build.0 = Debug|Any CPU
		{943587A8-9FBE-F20C-EDA1-C0847F17A9C4}.Debug|x64.ActiveCfg = Debug|Any CPU
		{943587A8-9FBE-F20C-EDA1-C0847F17A9C4}.Debug|x64.Build.0 = Debug|Any CPU
		{943587A8-9FBE-F20C-EDA1-C0847F17A9C4}.Debug|x86.ActiveCfg = Debug|Any CPU
		{943587A8-9FBE-F20C-EDA1-C0847F17A9C4}.Debug|x86.Build.0 = Debug|Any CPU
		{943587A8-9FBE-F20C-EDA1-C0847F17A9C4}.Release|Any CPU.ActiveCfg = Debug|Any CPU
		{943587A8-9FBE-F20C-EDA1-C0847F17A9C4}.Release|Any CPU.Build.0 = Debug|Any CPU
		{943587A8-9FBE-F20C-EDA1-C0847F17A9C4}.Release|x64.ActiveCfg = Debug|Any CPU
		{943587A8-9FBE-F20C-EDA1-C0847F17A9C4}.Release|x64.Build.0 = Debug|Any CPU
		{943587A8-9FBE-F20C-EDA1-C0847F17A9C4}.Release|x86.ActiveCfg = Debug|Any CPU
		{943587A8-9FBE-F20C-EDA1-C0847F17A9C4}.Release|x86.Build.0 = Debug|Any CPU
		{F4E2142A-E773-D783-D5DF-477238CFDCEC}.Debug|Any CPU.ActiveCfg = Debug|Any CPU
		{F4E2142A-E773-D783-D5DF-477238CFDCEC}.Debug|Any CPU.Build.0 = Debug|Any CPU
		{F4E2142A-E773-D783-D5DF-477238CFDCEC}.Debug|x64.ActiveCfg = Debug|Any CPU
		{F4E2142A-E773-D783-D5DF-477238CFDCEC}.Debug|x64.Build.0 = Debug|Any CPU
		{F4E2142A-E773-D783-D5DF-477238CFDCEC}.Debug|x86.ActiveCfg = Debug|Any CPU
		{F4E2142A-E773-D783-D5DF-477238CFDCEC}.Debug|x86.Build.0 = Debug|Any CPU
		{F4E2142A-E773-D783-D5DF-477238CFDCEC}.Release|Any CPU.ActiveCfg = Debug|Any CPU
		{F4E2142A-E773-D783-D5DF-477238CFDCEC}.Release|Any CPU.Build.0 = Debug|Any CPU
		{F4E2142A-E773-D783-D5DF-477238CFDCEC}.Release|x64.ActiveCfg = Debug|Any CPU
		{F4E2142A-E773-D783-D5DF-477238CFDCEC}.Release|x64.Build.0 = Debug|Any CPU
		{F4E2142A-E773-D783-D5DF-477238CFDCEC}.Release|x86.ActiveCfg = Debug|Any CPU
		{F4E2142A-E773-D783-D5DF-477238CFDCEC}.Release|x86.Build.0 = Debug|Any CPU
		{3993B55F-0E60-C67E-EBDB-738E2CB26C0F}.Debug|Any CPU.ActiveCfg = Debug|Any CPU
		{3993B55F-0E60-C67E-EBDB-738E2CB26C0F}.Debug|Any CPU.Build.0 = Debug|Any CPU
		{3993B55F-0E60-C67E-EBDB-738E2CB26C0F}.Debug|x64.ActiveCfg = Debug|Any CPU
		{3993B55F-0E60-C67E-EBDB-738E2CB26C0F}.Debug|x64.Build.0 = Debug|Any CPU
		{3993B55F-0E60-C67E-EBDB-738E2CB26C0F}.Debug|x86.ActiveCfg = Debug|Any CPU
		{3993B55F-0E60-C67E-EBDB-738E2CB26C0F}.Debug|x86.Build.0 = Debug|Any CPU
		{3993B55F-0E60-C67E-EBDB-738E2CB26C0F}.Release|Any CPU.ActiveCfg = Debug|Any CPU
		{3993B55F-0E60-C67E-EBDB-738E2CB26C0F}.Release|Any CPU.Build.0 = Debug|Any CPU
		{3993B55F-0E60-C67E-EBDB-738E2CB26C0F}.Release|x64.ActiveCfg = Debug|Any CPU
		{3993B55F-0E60-C67E-EBDB-738E2CB26C0F}.Release|x64.Build.0 = Debug|Any CPU
		{3993B55F-0E60-C67E-EBDB-738E2CB26C0F}.Release|x86.ActiveCfg = Debug|Any CPU
		{3993B55F-0E60-C67E-EBDB-738E2CB26C0F}.Release|x86.Build.0 = Debug|Any CPU
		{E668D16F-7AB1-86E4-F113-97CB6CD8261C}.Debug|Any CPU.ActiveCfg = Debug|Any CPU
		{E668D16F-7AB1-86E4-F113-97CB6CD8261C}.Debug|Any CPU.Build.0 = Debug|Any CPU
		{E668D16F-7AB1-86E4-F113-97CB6CD8261C}.Debug|x64.ActiveCfg = Debug|Any CPU
		{E668D16F-7AB1-86E4-F113-97CB6CD8261C}.Debug|x64.Build.0 = Debug|Any CPU
		{E668D16F-7AB1-86E4-F113-97CB6CD8261C}.Debug|x86.ActiveCfg = Debug|Any CPU
		{E668D16F-7AB1-86E4-F113-97CB6CD8261C}.Debug|x86.Build.0 = Debug|Any CPU
		{E668D16F-7AB1-86E4-F113-97CB6CD8261C}.Release|Any CPU.ActiveCfg = Debug|Any CPU
		{E668D16F-7AB1-86E4-F113-97CB6CD8261C}.Release|Any CPU.Build.0 = Debug|Any CPU
		{E668D16F-7AB1-86E4-F113-97CB6CD8261C}.Release|x64.ActiveCfg = Debug|Any CPU
		{E668D16F-7AB1-86E4-F113-97CB6CD8261C}.Release|x64.Build.0 = Debug|Any CPU
		{E668D16F-7AB1-86E4-F113-97CB6CD8261C}.Release|x86.ActiveCfg = Debug|Any CPU
		{E668D16F-7AB1-86E4-F113-97CB6CD8261C}.Release|x86.Build.0 = Debug|Any CPU
		{064E6A9D-6F68-1468-06FB-1A19CA4C0595}.Debug|Any CPU.ActiveCfg = Debug|Any CPU
		{064E6A9D-6F68-1468-06FB-1A19CA4C0595}.Debug|Any CPU.Build.0 = Debug|Any CPU
		{064E6A9D-6F68-1468-06FB-1A19CA4C0595}.Debug|x64.ActiveCfg = Debug|Any CPU
		{064E6A9D-6F68-1468-06FB-1A19CA4C0595}.Debug|x64.Build.0 = Debug|Any CPU
		{064E6A9D-6F68-1468-06FB-1A19CA4C0595}.Debug|x86.ActiveCfg = Debug|Any CPU
		{064E6A9D-6F68-1468-06FB-1A19CA4C0595}.Debug|x86.Build.0 = Debug|Any CPU
		{064E6A9D-6F68-1468-06FB-1A19CA4C0595}.Release|Any CPU.ActiveCfg = Debug|Any CPU
		{064E6A9D-6F68-1468-06FB-1A19CA4C0595}.Release|Any CPU.Build.0 = Debug|Any CPU
		{064E6A9D-6F68-1468-06FB-1A19CA4C0595}.Release|x64.ActiveCfg = Debug|Any CPU
		{064E6A9D-6F68-1468-06FB-1A19CA4C0595}.Release|x64.Build.0 = Debug|Any CPU
		{064E6A9D-6F68-1468-06FB-1A19CA4C0595}.Release|x86.ActiveCfg = Debug|Any CPU
		{064E6A9D-6F68-1468-06FB-1A19CA4C0595}.Release|x86.Build.0 = Debug|Any CPU
		{1E50D93C-1DF1-3F6D-DA38-384A585F80A9}.Debug|Any CPU.ActiveCfg = Debug|Any CPU
		{1E50D93C-1DF1-3F6D-DA38-384A585F80A9}.Debug|Any CPU.Build.0 = Debug|Any CPU
		{1E50D93C-1DF1-3F6D-DA38-384A585F80A9}.Debug|x64.ActiveCfg = Debug|Any CPU
		{1E50D93C-1DF1-3F6D-DA38-384A585F80A9}.Debug|x64.Build.0 = Debug|Any CPU
		{1E50D93C-1DF1-3F6D-DA38-384A585F80A9}.Debug|x86.ActiveCfg = Debug|Any CPU
		{1E50D93C-1DF1-3F6D-DA38-384A585F80A9}.Debug|x86.Build.0 = Debug|Any CPU
		{1E50D93C-1DF1-3F6D-DA38-384A585F80A9}.Release|Any CPU.ActiveCfg = Debug|Any CPU
		{1E50D93C-1DF1-3F6D-DA38-384A585F80A9}.Release|Any CPU.Build.0 = Debug|Any CPU
		{1E50D93C-1DF1-3F6D-DA38-384A585F80A9}.Release|x64.ActiveCfg = Debug|Any CPU
		{1E50D93C-1DF1-3F6D-DA38-384A585F80A9}.Release|x64.Build.0 = Debug|Any CPU
		{1E50D93C-1DF1-3F6D-DA38-384A585F80A9}.Release|x86.ActiveCfg = Debug|Any CPU
		{1E50D93C-1DF1-3F6D-DA38-384A585F80A9}.Release|x86.Build.0 = Debug|Any CPU
		{2180FC2F-CE4B-2769-9393-A5936CC0950A}.Debug|Any CPU.ActiveCfg = Debug|Any CPU
		{2180FC2F-CE4B-2769-9393-A5936CC0950A}.Debug|Any CPU.Build.0 = Debug|Any CPU
		{2180FC2F-CE4B-2769-9393-A5936CC0950A}.Debug|x64.ActiveCfg = Debug|Any CPU
		{2180FC2F-CE4B-2769-9393-A5936CC0950A}.Debug|x64.Build.0 = Debug|Any CPU
		{2180FC2F-CE4B-2769-9393-A5936CC0950A}.Debug|x86.ActiveCfg = Debug|Any CPU
		{2180FC2F-CE4B-2769-9393-A5936CC0950A}.Debug|x86.Build.0 = Debug|Any CPU
		{2180FC2F-CE4B-2769-9393-A5936CC0950A}.Release|Any CPU.ActiveCfg = Debug|Any CPU
		{2180FC2F-CE4B-2769-9393-A5936CC0950A}.Release|Any CPU.Build.0 = Debug|Any CPU
		{2180FC2F-CE4B-2769-9393-A5936CC0950A}.Release|x64.ActiveCfg = Debug|Any CPU
		{2180FC2F-CE4B-2769-9393-A5936CC0950A}.Release|x64.Build.0 = Debug|Any CPU
		{2180FC2F-CE4B-2769-9393-A5936CC0950A}.Release|x86.ActiveCfg = Debug|Any CPU
		{2180FC2F-CE4B-2769-9393-A5936CC0950A}.Release|x86.Build.0 = Debug|Any CPU
		{88519C41-524F-FB6C-CDFA-A7389042D687}.Debug|Any CPU.ActiveCfg = Debug|Any CPU
		{88519C41-524F-FB6C-CDFA-A7389042D687}.Debug|Any CPU.Build.0 = Debug|Any CPU
		{88519C41-524F-FB6C-CDFA-A7389042D687}.Debug|x64.ActiveCfg = Debug|Any CPU
		{88519C41-524F-FB6C-CDFA-A7389042D687}.Debug|x64.Build.0 = Debug|Any CPU
		{88519C41-524F-FB6C-CDFA-A7389042D687}.Debug|x86.ActiveCfg = Debug|Any CPU
		{88519C41-524F-FB6C-CDFA-A7389042D687}.Debug|x86.Build.0 = Debug|Any CPU
		{88519C41-524F-FB6C-CDFA-A7389042D687}.Release|Any CPU.ActiveCfg = Debug|Any CPU
		{88519C41-524F-FB6C-CDFA-A7389042D687}.Release|Any CPU.Build.0 = Debug|Any CPU
		{88519C41-524F-FB6C-CDFA-A7389042D687}.Release|x64.ActiveCfg = Debug|Any CPU
		{88519C41-524F-FB6C-CDFA-A7389042D687}.Release|x64.Build.0 = Debug|Any CPU
		{88519C41-524F-FB6C-CDFA-A7389042D687}.Release|x86.ActiveCfg = Debug|Any CPU
		{88519C41-524F-FB6C-CDFA-A7389042D687}.Release|x86.Build.0 = Debug|Any CPU
	EndGlobalSection
	GlobalSection(SolutionProperties) = preSolution
		HideSolutionNode = FALSE
	EndGlobalSection
	GlobalSection(NestedProjects) = preSolution
		{BB89956A-1534-4B64-C37D-EE1990F70FC5} = {FD929939-0EA6-5A9F-D61B-403474FE82B5}
		{0B4E7070-6420-0CDF-A8ED-35FF7905CC41} = {7596AEF7-C1A0-BCB5-94C0-AE90D297BB2E}
		{503FB62C-70A7-DB4D-BBCA-EB8E9FE05FC1} = {FD929939-0EA6-5A9F-D61B-403474FE82B5}
		{C1106884-3714-E6EC-E952-88505CE1B693} = {FD929939-0EA6-5A9F-D61B-403474FE82B5}
		{B8B0CFCC-CD10-4759-6443-3A0326489599} = {BB89956A-1534-4B64-C37D-EE1990F70FC5}
		{FE41C223-63EB-576C-5906-734D53C662D7} = {BB89956A-1534-4B64-C37D-EE1990F70FC5}
		{16CA8F8D-410E-C9A0-E456-BBD7F6DFD739} = {BB89956A-1534-4B64-C37D-EE1990F70FC5}
		{DB69A8D5-E234-C00F-7678-651BC1E19BB0} = {BB89956A-1534-4B64-C37D-EE1990F70FC5}
		{09141215-06CB-5AA5-E0B9-FC76184EBDD1} = {BB89956A-1534-4B64-C37D-EE1990F70FC5}
		{3E578556-A29E-A66F-15ED-405EAB553F04} = {BB89956A-1534-4B64-C37D-EE1990F70FC5}
		{EF948203-77C4-4168-8A31-7674197845AF} = {BB89956A-1534-4B64-C37D-EE1990F70FC5}
		{C78AC525-FC34-55B4-2AE2-466099976F97} = {BB89956A-1534-4B64-C37D-EE1990F70FC5}
		{5BAEADEB-7339-F47A-A1CE-CC71196B0FE2} = {BB89956A-1534-4B64-C37D-EE1990F70FC5}
		{FEA2C53E-1387-35AB-D42B-C3B110E976CC} = {BB89956A-1534-4B64-C37D-EE1990F70FC5}
		{A4C5F412-B262-F292-E5DA-3575C0A00FCB} = {BB89956A-1534-4B64-C37D-EE1990F70FC5}
		{70382696-2FCA-02A3-1B4F-F2C4BC069467} = {BB89956A-1534-4B64-C37D-EE1990F70FC5}
		{DA442F53-C8C0-598E-B471-E62FA4FF3678} = {BB89956A-1534-4B64-C37D-EE1990F70FC5}
		{2D429969-0FE5-6F3D-3B6A-EBCF52DC9583} = {BB89956A-1534-4B64-C37D-EE1990F70FC5}
		{C7F6D073-7069-2060-F553-E237F0FB1D1F} = {BB89956A-1534-4B64-C37D-EE1990F70FC5}
		{45832559-9B4E-A765-D4C7-0B3919949908} = {BB89956A-1534-4B64-C37D-EE1990F70FC5}
		{73A5BFF2-CE87-B09D-C468-35312B7F0522} = {BB89956A-1534-4B64-C37D-EE1990F70FC5}
		{E9CE3BD2-4E7D-176A-974C-EA2F7EE064B7} = {BB89956A-1534-4B64-C37D-EE1990F70FC5}
		{7E5CE9FB-081B-E511-2584-265114F48012} = {FD929939-0EA6-5A9F-D61B-403474FE82B5}
		{6A6B8811-3675-228F-E820-FE2E2F7F52F5} = {FD929939-0EA6-5A9F-D61B-403474FE82B5}
		{A68DEB4B-CE31-2773-64E1-29AE262B3979} = {FD929939-0EA6-5A9F-D61B-403474FE82B5}
		{F894E78E-0FCB-00CB-1E3A-3173FAE4EB7D} = {FD929939-0EA6-5A9F-D61B-403474FE82B5}
		{304C3F82-50E1-AF7F-706E-BE582FBFE47D} = {FD929939-0EA6-5A9F-D61B-403474FE82B5}
		{5F324EDB-6FDA-07D1-977C-7481BFC4440B} = {FD929939-0EA6-5A9F-D61B-403474FE82B5}
		{FD4B7348-B6C7-66C2-6CE5-943A8A8E02A2} = {FD929939-0EA6-5A9F-D61B-403474FE82B5}
		{F3A3CBB2-1CEB-5A05-30BE-F3DD82C73FAA} = {FD929939-0EA6-5A9F-D61B-403474FE82B5}
		{D2A19BDA-5BA0-0DB6-7436-F39C666FD652} = {C6F9EF17-464B-3568-47E7-FDD0B750CDA0}
		{A144C2D6-6EB6-A836-0946-E9188458636A} = {C6F9EF17-464B-3568-47E7-FDD0B750CDA0}
		{20B4A1D9-B0E4-D0B2-2109-34FD6136388C} = {C6F9EF17-464B-3568-47E7-FDD0B750CDA0}
		{EFBF8A56-891F-A27C-71E4-06A1C09F6CA1} = {C6F9EF17-464B-3568-47E7-FDD0B750CDA0}
		{9D3F8F1A-77B9-5930-0DCF-0726FBC4C176} = {C6F9EF17-464B-3568-47E7-FDD0B750CDA0}
		{10EBA2D8-8D18-1C91-610D-7F2C88877656} = {C6F9EF17-464B-3568-47E7-FDD0B750CDA0}
		{943587A8-9FBE-F20C-EDA1-C0847F17A9C4} = {C6F9EF17-464B-3568-47E7-FDD0B750CDA0}
		{F4E2142A-E773-D783-D5DF-477238CFDCEC} = {C6F9EF17-464B-3568-47E7-FDD0B750CDA0}
		{3993B55F-0E60-C67E-EBDB-738E2CB26C0F} = {C6F9EF17-464B-3568-47E7-FDD0B750CDA0}
		{E668D16F-7AB1-86E4-F113-97CB6CD8261C} = {C6F9EF17-464B-3568-47E7-FDD0B750CDA0}
		{064E6A9D-6F68-1468-06FB-1A19CA4C0595} = {7596AEF7-C1A0-BCB5-94C0-AE90D297BB2E}
		{1E50D93C-1DF1-3F6D-DA38-384A585F80A9} = {7596AEF7-C1A0-BCB5-94C0-AE90D297BB2E}
		{2180FC2F-CE4B-2769-9393-A5936CC0950A} = {7596AEF7-C1A0-BCB5-94C0-AE90D297BB2E}
		{88519C41-524F-FB6C-CDFA-A7389042D687} = {7596AEF7-C1A0-BCB5-94C0-AE90D297BB2E}
	EndGlobalSection
	GlobalSection(ExtensibilityGlobals) = postSolution
		SolutionGuid = {AF02C109-BF5B-4C3E-87D8-31B2097DC5C8}
	EndGlobalSection
EndGlobal
