
Microsoft Visual Studio Solution File, Format Version 12.00
# Visual Studio Version 17
VisualStudioVersion = 17.0.31903.59
MinimumVisualStudioVersion = 10.0.40219.1
Project("{2150E333-8FDC-42A3-9474-1A3956D46DE8}") = "src", "src", "{A0000000-0000-0000-0000-000000000001}"
EndProject
Project("{2150E333-8FDC-42A3-9474-1A3956D46DE8}") = "tests", "tests", "{A0000000-0000-0000-0000-000000000002}"
EndProject
Project("{2150E333-8FDC-42A3-9474-1A3956D46DE8}") = "tools", "tools", "{A0000000-0000-0000-0000-000000000003}"
EndProject
Project("{2150E333-8FDC-42A3-9474-1A3956D46DE8}") = "samples", "samples", "{A0000000-0000-0000-0000-000000000005}"
	ProjectSection(SolutionItems) = preProject
		samples\arithmetic.codex = samples\arithmetic.codex
		samples\effectful-hello.codex = samples\effectful-hello.codex
		samples\effects-demo.codex = samples\effects-demo.codex
		samples\factorial.codex = samples\factorial.codex
		samples\fibonacci.codex = samples\fibonacci.codex
		samples\greeting.codex = samples\greeting.codex
		samples\hello.codex = samples\hello.codex
		samples\person.codex = samples\person.codex
		samples\proofs.codex = samples\proofs.codex
		samples\prose-greeting.codex = samples\prose-greeting.codex
		samples\safe-divide.codex = samples\safe-divide.codex
		samples\shapes.codex = samples\shapes.codex
		samples\string-ops.codex = samples\string-ops.codex
		samples\tco-stress.codex = samples\tco-stress.codex
		samples\type-checker-test.codex = samples\type-checker-test.codex
	EndProjectSection
EndProject
Project("{2150E333-8FDC-42A3-9474-1A3956D46DE8}") = "docs", "docs", "{A0000000-0000-0000-0000-000000000006}"
	ProjectSection(SolutionItems) = preProject
		docs\00-OVERVIEW.md = docs\00-OVERVIEW.md
		docs\01-ARCHITECTURE.md = docs\01-ARCHITECTURE.md
		docs\02-LANGUAGE-DESIGN.md = docs\02-LANGUAGE-DESIGN.md
		docs\03-TYPE-SYSTEM.md = docs\03-TYPE-SYSTEM.md
		docs\04-COMPILER-PIPELINE.md = docs\04-COMPILER-PIPELINE.md
		docs\05-REPOSITORY-MODEL.md = docs\05-REPOSITORY-MODEL.md
		docs\06-ENVIRONMENT.md = docs\06-ENVIRONMENT.md
		docs\07-TRANSPILATION.md = docs\07-TRANSPILATION.md
		docs\08-MILESTONES.md = docs\08-MILESTONES.md
		docs\09-RISKS.md = docs\09-RISKS.md
		docs\10-PRINCIPLES.md = docs\10-PRINCIPLES.md
		docs\BOOTSTRAP-FIXEDPOINT-PLAN.md = docs\BOOTSTRAP-FIXEDPOINT-PLAN.md
		docs\BOOTSTRAP-STATUS.md = docs\BOOTSTRAP-STATUS.md
		docs\DECISIONS.md = docs\DECISIONS.md
		docs\FORWARD-PLAN.md = docs\FORWARD-PLAN.md
		docs\GLOSSARY.md = docs\GLOSSARY.md
		docs\HANDOFF-BOOTSTRAP-FIXEDPOINT.md = docs\HANDOFF-BOOTSTRAP-FIXEDPOINT.md
		docs\ITERATION-10-HANDOFF.md = docs\ITERATION-10-HANDOFF.md
		docs\ITERATION-11-HANDOFF.md = docs\ITERATION-11-HANDOFF.md
		docs\ITERATION-12-HANDOFF.md = docs\ITERATION-12-HANDOFF.md
		docs\ITERATION-3-HANDOFF.md = docs\ITERATION-3-HANDOFF.md
		docs\ITERATION-4-HANDOFF.md = docs\ITERATION-4-HANDOFF.md
		docs\ITERATION-5-HANDOFF.md = docs\ITERATION-5-HANDOFF.md
		docs\ITERATION-6-HANDOFF.md = docs\ITERATION-6-HANDOFF.md
		docs\ITERATION-7-HANDOFF.md = docs\ITERATION-7-HANDOFF.md
		docs\ITERATION-8-HANDOFF.md = docs\ITERATION-8-HANDOFF.md
		docs\ITERATION-9-HANDOFF.md = docs\ITERATION-9-HANDOFF.md
		docs\M13-BOOTSTRAP-PLAN.md = docs\M13-BOOTSTRAP-PLAN.md
		docs\REFLECTIONS.md = docs\REFLECTIONS.md
		docs\Reflections2.md = docs\Reflections2.md
		docs\VSCODE-SETUP.md = docs\VSCODE-SETUP.md
	EndProjectSection
EndProject
Project("{2150E333-8FDC-42A3-9474-1A3956D46DE8}") = "Vision", "Vision", "{A0000000-0000-0000-0000-000000000009}"
	ProjectSection(SolutionItems) = preProject
		docs\Vision\IntelligenceLayer.txt = docs\Vision\IntelligenceLayer.txt
		docs\Vision\NewRepository.txt = docs\Vision\NewRepository.txt
	EndProjectSection
EndProject
Project("{2150E333-8FDC-42A3-9474-1A3956D46DE8}") = "codex-in-codex", "codex-in-codex", "{E0000000-0000-0000-0000-000000000001}"
	ProjectSection(SolutionItems) = preProject
		codex-in-codex\Main.codex = codex-in-codex\Main.codex
		codex-in-codex\README.md = codex-in-codex\README.md
	EndProjectSection
EndProject
Project("{2150E333-8FDC-42A3-9474-1A3956D46DE8}") = "Core", "Core", "{E0000000-0000-0000-0000-000000000002}"
	ProjectSection(SolutionItems) = preProject
		codex-in-codex\Core\Collections.codex = codex-in-codex\Core\Collections.codex
		codex-in-codex\Core\Diagnostic.codex = codex-in-codex\Core\Diagnostic.codex
		codex-in-codex\Core\Name.codex = codex-in-codex\Core\Name.codex
		codex-in-codex\Core\SourceText.codex = codex-in-codex\Core\SourceText.codex
	EndProjectSection
EndProject
Project("{2150E333-8FDC-42A3-9474-1A3956D46DE8}") = "Syntax", "Syntax", "{E0000000-0000-0000-0000-000000000003}"
	ProjectSection(SolutionItems) = preProject
		codex-in-codex\Syntax\Lexer.codex = codex-in-codex\Syntax\Lexer.codex
		codex-in-codex\Syntax\Parser.codex = codex-in-codex\Syntax\Parser.codex
		codex-in-codex\Syntax\SyntaxNodes.codex = codex-in-codex\Syntax\SyntaxNodes.codex
		codex-in-codex\Syntax\Token.codex = codex-in-codex\Syntax\Token.codex
		codex-in-codex\Syntax\TokenKind.codex = codex-in-codex\Syntax\TokenKind.codex
	EndProjectSection
EndProject
Project("{2150E333-8FDC-42A3-9474-1A3956D46DE8}") = "Ast", "Ast", "{E0000000-0000-0000-0000-000000000004}"
	ProjectSection(SolutionItems) = preProject
		codex-in-codex\Ast\AstNodes.codex = codex-in-codex\Ast\AstNodes.codex
		codex-in-codex\Ast\Desugarer.codex = codex-in-codex\Ast\Desugarer.codex
	EndProjectSection
EndProject
Project("{2150E333-8FDC-42A3-9474-1A3956D46DE8}") = "Semantics", "Semantics", "{E0000000-0000-0000-0000-000000000005}"
	ProjectSection(SolutionItems) = preProject
		codex-in-codex\Semantics\NameResolver.codex = codex-in-codex\Semantics\NameResolver.codex
	EndProjectSection
EndProject
Project("{2150E333-8FDC-42A3-9474-1A3956D46DE8}") = "Types", "Types", "{E0000000-0000-0000-0000-000000000006}"
	ProjectSection(SolutionItems) = preProject
		codex-in-codex\Types\CodexType.codex = codex-in-codex\Types\CodexType.codex
		codex-in-codex\Types\TypeChecker.codex = codex-in-codex\Types\TypeChecker.codex
		codex-in-codex\Types\TypeEnv.codex = codex-in-codex\Types\TypeEnv.codex
		codex-in-codex\Types\Unifier.codex = codex-in-codex\Types\Unifier.codex
	EndProjectSection
EndProject
Project("{2150E333-8FDC-42A3-9474-1A3956D46DE8}") = "IR", "IR", "{E0000000-0000-0000-0000-000000000007}"
	ProjectSection(SolutionItems) = preProject
		codex-in-codex\IR\IRModule.codex = codex-in-codex\IR\IRModule.codex
		codex-in-codex\IR\Lowering.codex = codex-in-codex\IR\Lowering.codex
	EndProjectSection
EndProject
Project("{2150E333-8FDC-42A3-9474-1A3956D46DE8}") = "Emit", "Emit", "{E0000000-0000-0000-0000-000000000008}"
	ProjectSection(SolutionItems) = preProject
		codex-in-codex\Emit\CSharpEmitter.codex = codex-in-codex\Emit\CSharpEmitter.codex
	EndProjectSection
EndProject
Project("{FAE04EC0-301F-11D3-BF4B-00C04F79EFBC}") = "Codex.Core", "src\Codex.Core\Codex.Core.csproj", "{B1000000-0000-0000-0000-000000000001}"
EndProject
Project("{FAE04EC0-301F-11D3-BF4B-00C04F79EFBC}") = "Codex.Syntax", "src\Codex.Syntax\Codex.Syntax.csproj", "{B1000000-0000-0000-0000-000000000002}"
EndProject
Project("{FAE04EC0-301F-11D3-BF4B-00C04F79EFBC}") = "Codex.Ast", "src\Codex.Ast\Codex.Ast.csproj", "{B1000000-0000-0000-0000-000000000003}"
EndProject
Project("{FAE04EC0-301F-11D3-BF4B-00C04F79EFBC}") = "Codex.Semantics", "src\Codex.Semantics\Codex.Semantics.csproj", "{B1000000-0000-0000-0000-000000000004}"
EndProject
Project("{FAE04EC0-301F-11D3-BF4B-00C04F79EFBC}") = "Codex.Types", "src\Codex.Types\Codex.Types.csproj", "{B1000000-0000-0000-0000-000000000005}"
EndProject
Project("{FAE04EC0-301F-11D3-BF4B-00C04F79EFBC}") = "Codex.IR", "src\Codex.IR\Codex.IR.csproj", "{B1000000-0000-0000-0000-000000000006}"
EndProject
Project("{FAE04EC0-301F-11D3-BF4B-00C04F79EFBC}") = "Codex.Proofs", "src\Codex.Proofs\Codex.Proofs.csproj", "{B1000000-0000-0000-0000-000000000007}"
EndProject
Project("{FAE04EC0-301F-11D3-BF4B-00C04F79EFBC}") = "Codex.Repository", "src\Codex.Repository\Codex.Repository.csproj", "{B1000000-0000-0000-0000-000000000008}"
EndProject
Project("{FAE04EC0-301F-11D3-BF4B-00C04F79EFBC}") = "Codex.Emit", "src\Codex.Emit\Codex.Emit.csproj", "{B1000000-0000-0000-0000-000000000009}"
EndProject
Project("{FAE04EC0-301F-11D3-BF4B-00C04F79EFBC}") = "Codex.Emit.CSharp", "src\Codex.Emit.CSharp\Codex.Emit.CSharp.csproj", "{B1000000-0000-0000-0000-00000000000A}"
EndProject
Project("{FAE04EC0-301F-11D3-BF4B-00C04F79EFBC}") = "Codex.Narration", "src\Codex.Narration\Codex.Narration.csproj", "{B1000000-0000-0000-0000-00000000000B}"
EndProject
Project("{FAE04EC0-301F-11D3-BF4B-00C04F79EFBC}") = "Codex.Cli", "tools\Codex.Cli\Codex.Cli.csproj", "{C1000000-0000-0000-0000-000000000001}"
EndProject
Project("{FAE04EC0-301F-11D3-BF4B-00C04F79EFBC}") = "Codex.Core.Tests", "tests\Codex.Core.Tests\Codex.Core.Tests.csproj", "{D1000000-0000-0000-0000-000000000001}"
EndProject
Project("{FAE04EC0-301F-11D3-BF4B-00C04F79EFBC}") = "Codex.Syntax.Tests", "tests\Codex.Syntax.Tests\Codex.Syntax.Tests.csproj", "{D1000000-0000-0000-0000-000000000002}"
EndProject
Project("{FAE04EC0-301F-11D3-BF4B-00C04F79EFBC}") = "Codex.Ast.Tests", "tests\Codex.Ast.Tests\Codex.Ast.Tests.csproj", "{D1000000-0000-0000-0000-000000000003}"
EndProject
Project("{2150E333-8FDC-42A3-9474-1A3956D46DE8}") = "Solution Items", "Solution Items", "{8EC462FD-D22E-90A8-E5CE-7E832BA40C5D}"
	ProjectSection(SolutionItems) = preProject
		.editorconfig = .editorconfig
		.gitattributes = .gitattributes
		.gitignore = .gitignore
		CONTRIBUTING.md = CONTRIBUTING.md
		copilot-instructions.md = copilot-instructions.md
		README.md = README.md
	EndProjectSection
EndProject
Project("{FAE04EC0-301F-11D3-BF4B-00C04F79EFBC}") = "Codex.Semantics.Tests", "tests\Codex.Semantics.Tests\Codex.Semantics.Tests.csproj", "{7DB102EF-18C6-4A75-80EE-6FC87B944314}"
EndProject
Project("{FAE04EC0-301F-11D3-BF4B-00C04F79EFBC}") = "Codex.Types.Tests", "tests\Codex.Types.Tests\Codex.Types.Tests.csproj", "{8AA30FCE-8396-4A86-B82C-D9B9A894DEE6}"
EndProject
Project("{FAE04EC0-301F-11D3-BF4B-00C04F79EFBC}") = "Codex.Lsp.Tests", "tests\Codex.Lsp.Tests\Codex.Lsp.Tests.csproj", "{0EE1DF46-B772-4374-84EE-859DAE4DF5C3}"
EndProject
Project("{FAE04EC0-301F-11D3-BF4B-00C04F79EFBC}") = "Codex.Lsp", "src\Codex.Lsp\Codex.Lsp.csproj", "{C3ECBBE5-05ED-4BCA-42B2-ABE8B28A368F}"
EndProject
Project("{FAE04EC0-301F-11D3-BF4B-00C04F79EFBC}") = "Codex.Repository.Tests", "tests\Codex.Repository.Tests\Codex.Repository.Tests.csproj", "{176BA98E-C341-4503-B743-1982DB4236C4}"
EndProject
Project("{FAE04EC0-301F-11D3-BF4B-00C04F79EFBC}") = "Codex.Emit.JavaScript", "src\Codex.Emit.JavaScript\Codex.Emit.JavaScript.csproj", "{8A803F78-740C-433A-85DA-EBD8235A5188}"
EndProject
Project("{FAE04EC0-301F-11D3-BF4B-00C04F79EFBC}") = "Codex.Emit.Rust", "src\Codex.Emit.Rust\Codex.Emit.Rust.csproj", "{211CDEBC-186E-4D14-9DA4-648F7C95AEE6}"
EndProject
Project("{FAE04EC0-301F-11D3-BF4B-00C04F79EFBC}") = "Codex.Emit.Python", "src\Codex.Emit.Python\Codex.Emit.Python.csproj", "{976FF80D-2BBE-4392-909A-B5270B9C36EE}"
EndProject
Project("{FAE04EC0-301F-11D3-BF4B-00C04F79EFBC}") = "Codex.Emit.Cpp", "src\Codex.Emit.Cpp\Codex.Emit.Cpp.csproj", "{571C5563-B935-411B-A693-3F15A21C5081}"
EndProject
Project("{FAE04EC0-301F-11D3-BF4B-00C04F79EFBC}") = "Codex.Emit.Go", "src\Codex.Emit.Go\Codex.Emit.Go.csproj", "{3242B7A0-5859-478F-A6E5-79C9A5A04B6D}"
EndProject
Project("{FAE04EC0-301F-11D3-BF4B-00C04F79EFBC}") = "Codex.Emit.Java", "src\Codex.Emit.Java\Codex.Emit.Java.csproj", "{F861EE70-F5EA-43FD-9947-BC8B61398395}"
EndProject
Project("{FAE04EC0-301F-11D3-BF4B-00C04F79EFBC}") = "Codex.Emit.Ada", "src\Codex.Emit.Ada\Codex.Emit.Ada.csproj", "{9A73E681-90F9-46E8-B9CF-68F2812E8DE3}"
EndProject
Project("{FAE04EC0-301F-11D3-BF4B-00C04F79EFBC}") = "Codex.Emit.Babbage", "src\Codex.Emit.Babbage\Codex.Emit.Babbage.csproj", "{8CA893FC-F8E3-458B-972A-52B93169EB77}"
EndProject
Project("{FAE04EC0-301F-11D3-BF4B-00C04F79EFBC}") = "Codex.Emit.Fortran", "src\Codex.Emit.Fortran\Codex.Emit.Fortran.csproj", "{EDD661B4-6ECC-44A7-8C72-3FADB30ADEE5}"
EndProject
Project("{FAE04EC0-301F-11D3-BF4B-00C04F79EFBC}") = "Codex.Emit.Cobol", "src\Codex.Emit.Cobol\Codex.Emit.Cobol.csproj", "{8B16F91F-D010-433A-AF36-D740B3192D71}"
EndProject
Project("{FAE04EC0-301F-11D3-BF4B-00C04F79EFBC}") = "Codex.VsExtension", "tools\Codex.VsExtension\Codex.VsExtension.csproj", "{D2A8BA59-7275-4D3A-A7BE-40F566D37F30}"
EndProject
Project("{FAE04EC0-301F-11D3-BF4B-00C04F79EFBC}") = "Codex.Codex", "Codex.Codex\Codex.Codex.csproj", "{E64958B8-1790-4757-BDC7-4F119888469F}"
EndProject
Project("{FAE04EC0-301F-11D3-BF4B-00C04F79EFBC}") = "Codex.Emit.IL", "src\Codex.Emit.IL\Codex.Emit.IL.csproj", "{B1D4509F-0F25-49DF-93BF-31E8226B831A}"
EndProject
Project("{FAE04EC0-301F-11D3-BF4B-00C04F79EFBC}") = "Codex.Bootstrap", "tools\Codex.Bootstrap\Codex.Bootstrap.csproj", "{22945126-2CA6-6E15-B2C6-F2A387131518}"
EndProject
Global
	GlobalSection(SolutionConfigurationPlatforms) = preSolution
		Debug|Any CPU = Debug|Any CPU
		Debug|x64 = Debug|x64
		Debug|x86 = Debug|x86
		Release|Any CPU = Release|Any CPU
		Release|x64 = Release|x64
		Release|x86 = Release|x86
	EndGlobalSection
	GlobalSection(ProjectConfigurationPlatforms) = postSolution
		{B1000000-0000-0000-0000-000000000001}.Debug|Any CPU.ActiveCfg = Debug|Any CPU
		{B1000000-0000-0000-0000-000000000001}.Debug|Any CPU.Build.0 = Debug|Any CPU
		{B1000000-0000-0000-0000-000000000001}.Debug|x64.ActiveCfg = Debug|Any CPU
		{B1000000-0000-0000-0000-000000000001}.Debug|x64.Build.0 = Debug|Any CPU
		{B1000000-0000-0000-0000-000000000001}.Debug|x86.ActiveCfg = Debug|Any CPU
		{B1000000-0000-0000-0000-000000000001}.Debug|x86.Build.0 = Debug|Any CPU
		{B1000000-0000-0000-0000-000000000001}.Release|Any CPU.ActiveCfg = Release|Any CPU
		{B1000000-0000-0000-0000-000000000001}.Release|Any CPU.Build.0 = Release|Any CPU
		{B1000000-0000-0000-0000-000000000001}.Release|x64.ActiveCfg = Release|Any CPU
		{B1000000-0000-0000-0000-000000000001}.Release|x64.Build.0 = Release|Any CPU
		{B1000000-0000-0000-0000-000000000001}.Release|x86.ActiveCfg = Release|Any CPU
		{B1000000-0000-0000-0000-000000000001}.Release|x86.Build.0 = Release|Any CPU
		{B1000000-0000-0000-0000-000000000002}.Debug|Any CPU.ActiveCfg = Debug|Any CPU
		{B1000000-0000-0000-0000-000000000002}.Debug|Any CPU.Build.0 = Debug|Any CPU
		{B1000000-0000-0000-0000-000000000002}.Debug|x64.ActiveCfg = Debug|Any CPU
		{B1000000-0000-0000-0000-000000000002}.Debug|x64.Build.0 = Debug|Any CPU
		{B1000000-0000-0000-0000-000000000002}.Debug|x86.ActiveCfg = Debug|Any CPU
		{B1000000-0000-0000-0000-000000000002}.Debug|x86.Build.0 = Debug|Any CPU
		{B1000000-0000-0000-0000-000000000002}.Release|Any CPU.ActiveCfg = Release|Any CPU
		{B1000000-0000-0000-0000-000000000002}.Release|Any CPU.Build.0 = Release|Any CPU
		{B1000000-0000-0000-0000-000000000002}.Release|x64.ActiveCfg = Release|Any CPU
		{B1000000-0000-0000-0000-000000000002}.Release|x64.Build.0 = Release|Any CPU
		{B1000000-0000-0000-0000-000000000002}.Release|x86.ActiveCfg = Release|Any CPU
		{B1000000-0000-0000-0000-000000000002}.Release|x86.Build.0 = Release|Any CPU
		{B1000000-0000-0000-0000-000000000003}.Debug|Any CPU.ActiveCfg = Debug|Any CPU
		{B1000000-0000-0000-0000-000000000003}.Debug|Any CPU.Build.0 = Debug|Any CPU
		{B1000000-0000-0000-0000-000000000003}.Debug|x64.ActiveCfg = Debug|Any CPU
		{B1000000-0000-0000-0000-000000000003}.Debug|x64.Build.0 = Debug|Any CPU
		{B1000000-0000-0000-0000-000000000003}.Debug|x86.ActiveCfg = Debug|Any CPU
		{B1000000-0000-0000-0000-000000000003}.Debug|x86.Build.0 = Debug|Any CPU
		{B1000000-0000-0000-0000-000000000003}.Release|Any CPU.ActiveCfg = Release|Any CPU
		{B1000000-0000-0000-0000-000000000003}.Release|Any CPU.Build.0 = Release|Any CPU
		{B1000000-0000-0000-0000-000000000003}.Release|x64.ActiveCfg = Release|Any CPU
		{B1000000-0000-0000-0000-000000000003}.Release|x64.Build.0 = Release|Any CPU
		{B1000000-0000-0000-0000-000000000003}.Release|x86.ActiveCfg = Release|Any CPU
		{B1000000-0000-0000-0000-000000000003}.Release|x86.Build.0 = Release|Any CPU
		{B1000000-0000-0000-0000-000000000004}.Debug|Any CPU.ActiveCfg = Debug|Any CPU
		{B1000000-0000-0000-0000-000000000004}.Debug|Any CPU.Build.0 = Debug|Any CPU
		{B1000000-0000-0000-0000-000000000004}.Debug|x64.ActiveCfg = Debug|Any CPU
		{B1000000-0000-0000-0000-000000000004}.Debug|x64.Build.0 = Debug|Any CPU
		{B1000000-0000-0000-0000-000000000004}.Debug|x86.ActiveCfg = Debug|Any CPU
		{B1000000-0000-0000-0000-000000000004}.Debug|x86.Build.0 = Debug|Any CPU
		{B1000000-0000-0000-0000-000000000004}.Release|Any CPU.ActiveCfg = Release|Any CPU
		{B1000000-0000-0000-0000-000000000004}.Release|Any CPU.Build.0 = Release|Any CPU
		{B1000000-0000-0000-0000-000000000004}.Release|x64.ActiveCfg = Release|Any CPU
		{B1000000-0000-0000-0000-000000000004}.Release|x64.Build.0 = Release|Any CPU
		{B1000000-0000-0000-0000-000000000004}.Release|x86.ActiveCfg = Release|Any CPU
		{B1000000-0000-0000-0000-000000000004}.Release|x86.Build.0 = Release|Any CPU
		{B1000000-0000-0000-0000-000000000005}.Debug|Any CPU.ActiveCfg = Debug|Any CPU
		{B1000000-0000-0000-0000-000000000005}.Debug|Any CPU.Build.0 = Debug|Any CPU
		{B1000000-0000-0000-0000-000000000005}.Debug|x64.ActiveCfg = Debug|Any CPU
		{B1000000-0000-0000-0000-000000000005}.Debug|x64.Build.0 = Debug|Any CPU
		{B1000000-0000-0000-0000-000000000005}.Debug|x86.ActiveCfg = Debug|Any CPU
		{B1000000-0000-0000-0000-000000000005}.Debug|x86.Build.0 = Debug|Any CPU
		{B1000000-0000-0000-0000-000000000005}.Release|Any CPU.ActiveCfg = Release|Any CPU
		{B1000000-0000-0000-0000-000000000005}.Release|Any CPU.Build.0 = Release|Any CPU
		{B1000000-0000-0000-0000-000000000005}.Release|x64.ActiveCfg = Release|Any CPU
		{B1000000-0000-0000-0000-000000000005}.Release|x64.Build.0 = Release|Any CPU
		{B1000000-0000-0000-0000-000000000005}.Release|x86.ActiveCfg = Release|Any CPU
		{B1000000-0000-0000-0000-000000000005}.Release|x86.Build.0 = Release|Any CPU
		{B1000000-0000-0000-0000-000000000006}.Debug|Any CPU.ActiveCfg = Debug|Any CPU
		{B1000000-0000-0000-0000-000000000006}.Debug|Any CPU.Build.0 = Debug|Any CPU
		{B1000000-0000-0000-0000-000000000006}.Debug|x64.ActiveCfg = Debug|Any CPU
		{B1000000-0000-0000-0000-000000000006}.Debug|x64.Build.0 = Debug|Any CPU
		{B1000000-0000-0000-0000-000000000006}.Debug|x86.ActiveCfg = Debug|Any CPU
		{B1000000-0000-0000-0000-000000000006}.Debug|x86.Build.0 = Debug|Any CPU
		{B1000000-0000-0000-0000-000000000006}.Release|Any CPU.ActiveCfg = Release|Any CPU
		{B1000000-0000-0000-0000-000000000006}.Release|Any CPU.Build.0 = Release|Any CPU
		{B1000000-0000-0000-0000-000000000006}.Release|x64.ActiveCfg = Release|Any CPU
		{B1000000-0000-0000-0000-000000000006}.Release|x64.Build.0 = Release|Any CPU
		{B1000000-0000-0000-0000-000000000006}.Release|x86.ActiveCfg = Release|Any CPU
		{B1000000-0000-0000-0000-000000000006}.Release|x86.Build.0 = Release|Any CPU
		{B1000000-0000-0000-0000-000000000007}.Debug|Any CPU.ActiveCfg = Debug|Any CPU
		{B1000000-0000-0000-0000-000000000007}.Debug|Any CPU.Build.0 = Debug|Any CPU
		{B1000000-0000-0000-0000-000000000007}.Debug|x64.ActiveCfg = Debug|Any CPU
		{B1000000-0000-0000-0000-000000000007}.Debug|x64.Build.0 = Debug|Any CPU
		{B1000000-0000-0000-0000-000000000007}.Debug|x86.ActiveCfg = Debug|Any CPU
		{B1000000-0000-0000-0000-000000000007}.Debug|x86.Build.0 = Debug|Any CPU
		{B1000000-0000-0000-0000-000000000007}.Release|Any CPU.ActiveCfg = Release|Any CPU
		{B1000000-0000-0000-0000-000000000007}.Release|Any CPU.Build.0 = Release|Any CPU
		{B1000000-0000-0000-0000-000000000007}.Release|x64.ActiveCfg = Release|Any CPU
		{B1000000-0000-0000-0000-000000000007}.Release|x64.Build.0 = Release|Any CPU
		{B1000000-0000-0000-0000-000000000007}.Release|x86.ActiveCfg = Release|Any CPU
		{B1000000-0000-0000-0000-000000000007}.Release|x86.Build.0 = Release|Any CPU
		{B1000000-0000-0000-0000-000000000008}.Debug|Any CPU.ActiveCfg = Debug|Any CPU
		{B1000000-0000-0000-0000-000000000008}.Debug|Any CPU.Build.0 = Debug|Any CPU
		{B1000000-0000-0000-0000-000000000008}.Debug|x64.ActiveCfg = Debug|Any CPU
		{B1000000-0000-0000-0000-000000000008}.Debug|x64.Build.0 = Debug|Any CPU
		{B1000000-0000-0000-0000-000000000008}.Debug|x86.ActiveCfg = Debug|Any CPU
		{B1000000-0000-0000-0000-000000000008}.Debug|x86.Build.0 = Debug|Any CPU
		{B1000000-0000-0000-0000-000000000008}.Release|Any CPU.ActiveCfg = Release|Any CPU
		{B1000000-0000-0000-0000-000000000008}.Release|Any CPU.Build.0 = Release|Any CPU
		{B1000000-0000-0000-0000-000000000008}.Release|x64.ActiveCfg = Release|Any CPU
		{B1000000-0000-0000-0000-000000000008}.Release|x64.Build.0 = Release|Any CPU
		{B1000000-0000-0000-0000-000000000008}.Release|x86.ActiveCfg = Release|Any CPU
		{B1000000-0000-0000-0000-000000000008}.Release|x86.Build.0 = Release|Any CPU
		{B1000000-0000-0000-0000-000000000009}.Debug|Any CPU.ActiveCfg = Debug|Any CPU
		{B1000000-0000-0000-0000-000000000009}.Debug|Any CPU.Build.0 = Debug|Any CPU
		{B1000000-0000-0000-0000-000000000009}.Debug|x64.ActiveCfg = Debug|Any CPU
		{B1000000-0000-0000-0000-000000000009}.Debug|x64.Build.0 = Debug|Any CPU
		{B1000000-0000-0000-0000-000000000009}.Debug|x86.ActiveCfg = Debug|Any CPU
		{B1000000-0000-0000-0000-000000000009}.Debug|x86.Build.0 = Debug|Any CPU
		{B1000000-0000-0000-0000-000000000009}.Release|Any CPU.ActiveCfg = Release|Any CPU
		{B1000000-0000-0000-0000-000000000009}.Release|Any CPU.Build.0 = Release|Any CPU
		{B1000000-0000-0000-0000-000000000009}.Release|x64.ActiveCfg = Release|Any CPU
		{B1000000-0000-0000-0000-000000000009}.Release|x64.Build.0 = Release|Any CPU
		{B1000000-0000-0000-0000-000000000009}.Release|x86.ActiveCfg = Release|Any CPU
		{B1000000-0000-0000-0000-000000000009}.Release|x86.Build.0 = Release|Any CPU
		{B1000000-0000-0000-0000-00000000000A}.Debug|Any CPU.ActiveCfg = Debug|Any CPU
		{B1000000-0000-0000-0000-00000000000A}.Debug|Any CPU.Build.0 = Debug|Any CPU
		{B1000000-0000-0000-0000-00000000000A}.Debug|x64.ActiveCfg = Debug|Any CPU
		{B1000000-0000-0000-0000-00000000000A}.Debug|x64.Build.0 = Debug|Any CPU
		{B1000000-0000-0000-0000-00000000000A}.Debug|x86.ActiveCfg = Debug|Any CPU
		{B1000000-0000-0000-0000-00000000000A}.Debug|x86.Build.0 = Debug|Any CPU
		{B1000000-0000-0000-0000-00000000000A}.Release|Any CPU.ActiveCfg = Release|Any CPU
		{B1000000-0000-0000-0000-00000000000A}.Release|Any CPU.Build.0 = Release|Any CPU
		{B1000000-0000-0000-0000-00000000000A}.Release|x64.ActiveCfg = Release|Any CPU
		{B1000000-0000-0000-0000-00000000000A}.Release|x64.Build.0 = Release|Any CPU
		{B1000000-0000-0000-0000-00000000000A}.Release|x86.ActiveCfg = Release|Any CPU
		{B1000000-0000-0000-0000-00000000000A}.Release|x86.Build.0 = Release|Any CPU
		{B1000000-0000-0000-0000-00000000000B}.Debug|Any CPU.ActiveCfg = Debug|Any CPU
		{B1000000-0000-0000-0000-00000000000B}.Debug|Any CPU.Build.0 = Debug|Any CPU
		{B1000000-0000-0000-0000-00000000000B}.Debug|x64.ActiveCfg = Debug|Any CPU
		{B1000000-0000-0000-0000-00000000000B}.Debug|x64.Build.0 = Debug|Any CPU
		{B1000000-0000-0000-0000-00000000000B}.Debug|x86.ActiveCfg = Debug|Any CPU
		{B1000000-0000-0000-0000-00000000000B}.Debug|x86.Build.0 = Debug|Any CPU
		{B1000000-0000-0000-0000-00000000000B}.Release|Any CPU.ActiveCfg = Release|Any CPU
		{B1000000-0000-0000-0000-00000000000B}.Release|Any CPU.Build.0 = Release|Any CPU
		{B1000000-0000-0000-0000-00000000000B}.Release|x64.ActiveCfg = Release|Any CPU
		{B1000000-0000-0000-0000-00000000000B}.Release|x64.Build.0 = Release|Any CPU
		{B1000000-0000-0000-0000-00000000000B}.Release|x86.ActiveCfg = Release|Any CPU
		{B1000000-0000-0000-0000-00000000000B}.Release|x86.Build.0 = Release|Any CPU
		{C1000000-0000-0000-0000-000000000001}.Debug|Any CPU.ActiveCfg = Debug|Any CPU
		{C1000000-0000-0000-0000-000000000001}.Debug|Any CPU.Build.0 = Debug|Any CPU
		{C1000000-0000-0000-0000-000000000001}.Debug|x64.ActiveCfg = Debug|Any CPU
		{C1000000-0000-0000-0000-000000000001}.Debug|x64.Build.0 = Debug|Any CPU
		{C1000000-0000-0000-0000-000000000001}.Debug|x86.ActiveCfg = Debug|Any CPU
		{C1000000-0000-0000-0000-000000000001}.Debug|x86.Build.0 = Debug|Any CPU
		{C1000000-0000-0000-0000-000000000001}.Release|Any CPU.ActiveCfg = Release|Any CPU
		{C1000000-0000-0000-0000-000000000001}.Release|Any CPU.Build.0 = Release|Any CPU
		{C1000000-0000-0000-0000-000000000001}.Release|x64.ActiveCfg = Release|Any CPU
		{C1000000-0000-0000-0000-000000000001}.Release|x64.Build.0 = Release|Any CPU
		{C1000000-0000-0000-0000-000000000001}.Release|x86.ActiveCfg = Release|Any CPU
		{C1000000-0000-0000-0000-000000000001}.Release|x86.Build.0 = Release|Any CPU
		{D1000000-0000-0000-0000-000000000001}.Debug|Any CPU.ActiveCfg = Debug|Any CPU
		{D1000000-0000-0000-0000-000000000001}.Debug|Any CPU.Build.0 = Debug|Any CPU
		{D1000000-0000-0000-0000-000000000001}.Debug|x64.ActiveCfg = Debug|Any CPU
		{D1000000-0000-0000-0000-000000000001}.Debug|x64.Build.0 = Debug|Any CPU
		{D1000000-0000-0000-0000-000000000001}.Debug|x86.ActiveCfg = Debug|Any CPU
		{D1000000-0000-0000-0000-000000000001}.Debug|x86.Build.0 = Debug|Any CPU
		{D1000000-0000-0000-0000-000000000001}.Release|Any CPU.ActiveCfg = Release|Any CPU
		{D1000000-0000-0000-0000-000000000001}.Release|Any CPU.Build.0 = Release|Any CPU
		{D1000000-0000-0000-0000-000000000001}.Release|x64.ActiveCfg = Release|Any CPU
		{D1000000-0000-0000-0000-000000000001}.Release|x64.Build.0 = Release|Any CPU
		{D1000000-0000-0000-0000-000000000001}.Release|x86.ActiveCfg = Release|Any CPU
		{D1000000-0000-0000-0000-000000000001}.Release|x86.Build.0 = Release|Any CPU
		{D1000000-0000-0000-0000-000000000002}.Debug|Any CPU.ActiveCfg = Debug|Any CPU
		{D1000000-0000-0000-0000-000000000002}.Debug|Any CPU.Build.0 = Debug|Any CPU
		{D1000000-0000-0000-0000-000000000002}.Debug|x64.ActiveCfg = Debug|Any CPU
		{D1000000-0000-0000-0000-000000000002}.Debug|x64.Build.0 = Debug|Any CPU
		{D1000000-0000-0000-0000-000000000002}.Debug|x86.ActiveCfg = Debug|Any CPU
		{D1000000-0000-0000-0000-000000000002}.Debug|x86.Build.0 = Debug|Any CPU
		{D1000000-0000-0000-0000-000000000002}.Release|Any CPU.ActiveCfg = Release|Any CPU
		{D1000000-0000-0000-0000-000000000002}.Release|Any CPU.Build.0 = Release|Any CPU
		{D1000000-0000-0000-0000-000000000002}.Release|x64.ActiveCfg = Release|Any CPU
		{D1000000-0000-0000-0000-000000000002}.Release|x64.Build.0 = Release|Any CPU
		{D1000000-0000-0000-0000-000000000002}.Release|x86.ActiveCfg = Release|Any CPU
		{D1000000-0000-0000-0000-000000000002}.Release|x86.Build.0 = Release|Any CPU
		{D1000000-0000-0000-0000-000000000003}.Debug|Any CPU.ActiveCfg = Debug|Any CPU
		{D1000000-0000-0000-0000-000000000003}.Debug|Any CPU.Build.0 = Debug|Any CPU
		{D1000000-0000-0000-0000-000000000003}.Debug|x64.ActiveCfg = Debug|Any CPU
		{D1000000-0000-0000-0000-000000000003}.Debug|x64.Build.0 = Debug|Any CPU
		{D1000000-0000-0000-0000-000000000003}.Debug|x86.ActiveCfg = Debug|Any CPU
		{D1000000-0000-0000-0000-000000000003}.Debug|x86.Build.0 = Debug|Any CPU
		{D1000000-0000-0000-0000-000000000003}.Release|Any CPU.ActiveCfg = Release|Any CPU
		{D1000000-0000-0000-0000-000000000003}.Release|Any CPU.Build.0 = Release|Any CPU
		{D1000000-0000-0000-0000-000000000003}.Release|x64.ActiveCfg = Release|Any CPU
		{D1000000-0000-0000-0000-000000000003}.Release|x64.Build.0 = Release|Any CPU
		{D1000000-0000-0000-0000-000000000003}.Release|x86.ActiveCfg = Release|Any CPU
		{D1000000-0000-0000-0000-000000000003}.Release|x86.Build.0 = Release|Any CPU
		{7DB102EF-18C6-4A75-80EE-6FC87B944314}.Debug|Any CPU.ActiveCfg = Debug|Any CPU
		{7DB102EF-18C6-4A75-80EE-6FC87B944314}.Debug|Any CPU.Build.0 = Debug|Any CPU
		{7DB102EF-18C6-4A75-80EE-6FC87B944314}.Debug|x64.ActiveCfg = Debug|Any CPU
		{7DB102EF-18C6-4A75-80EE-6FC87B944314}.Debug|x64.Build.0 = Debug|Any CPU
		{7DB102EF-18C6-4A75-80EE-6FC87B944314}.Debug|x86.ActiveCfg = Debug|Any CPU
		{7DB102EF-18C6-4A75-80EE-6FC87B944314}.Debug|x86.Build.0 = Debug|Any CPU
		{7DB102EF-18C6-4A75-80EE-6FC87B944314}.Release|Any CPU.ActiveCfg = Release|Any CPU
		{7DB102EF-18C6-4A75-80EE-6FC87B944314}.Release|Any CPU.Build.0 = Release|Any CPU
		{7DB102EF-18C6-4A75-80EE-6FC87B944314}.Release|x64.ActiveCfg = Release|Any CPU
		{7DB102EF-18C6-4A75-80EE-6FC87B944314}.Release|x64.Build.0 = Release|Any CPU
		{7DB102EF-18C6-4A75-80EE-6FC87B944314}.Release|x86.ActiveCfg = Release|Any CPU
		{7DB102EF-18C6-4A75-80EE-6FC87B944314}.Release|x86.Build.0 = Release|Any CPU
		{8AA30FCE-8396-4A86-B82C-D9B9A894DEE6}.Debug|Any CPU.ActiveCfg = Debug|Any CPU
		{8AA30FCE-8396-4A86-B82C-D9B9A894DEE6}.Debug|Any CPU.Build.0 = Debug|Any CPU
		{8AA30FCE-8396-4A86-B82C-D9B9A894DEE6}.Debug|x64.ActiveCfg = Debug|Any CPU
		{8AA30FCE-8396-4A86-B82C-D9B9A894DEE6}.Debug|x64.Build.0 = Debug|Any CPU
		{8AA30FCE-8396-4A86-B82C-D9B9A894DEE6}.Debug|x86.ActiveCfg = Debug|Any CPU
		{8AA30FCE-8396-4A86-B82C-D9B9A894DEE6}.Debug|x86.Build.0 = Debug|Any CPU
		{8AA30FCE-8396-4A86-B82C-D9B9A894DEE6}.Release|Any CPU.ActiveCfg = Release|Any CPU
		{8AA30FCE-8396-4A86-B82C-D9B9A894DEE6}.Release|Any CPU.Build.0 = Release|Any CPU
		{8AA30FCE-8396-4A86-B82C-D9B9A894DEE6}.Release|x64.ActiveCfg = Release|Any CPU
		{8AA30FCE-8396-4A86-B82C-D9B9A894DEE6}.Release|x64.Build.0 = Release|Any CPU
		{8AA30FCE-8396-4A86-B82C-D9B9A894DEE6}.Release|x86.ActiveCfg = Release|Any CPU
		{8AA30FCE-8396-4A86-B82C-D9B9A894DEE6}.Release|x86.Build.0 = Release|Any CPU
		{0EE1DF46-B772-4374-84EE-859DAE4DF5C3}.Debug|Any CPU.ActiveCfg = Debug|Any CPU
		{0EE1DF46-B772-4374-84EE-859DAE4DF5C3}.Debug|Any CPU.Build.0 = Debug|Any CPU
		{0EE1DF46-B772-4374-84EE-859DAE4DF5C3}.Debug|x64.ActiveCfg = Debug|Any CPU
		{0EE1DF46-B772-4374-84EE-859DAE4DF5C3}.Debug|x64.Build.0 = Debug|Any CPU
		{0EE1DF46-B772-4374-84EE-859DAE4DF5C3}.Debug|x86.ActiveCfg = Debug|Any CPU
		{0EE1DF46-B772-4374-84EE-859DAE4DF5C3}.Debug|x86.Build.0 = Debug|Any CPU
		{0EE1DF46-B772-4374-84EE-859DAE4DF5C3}.Release|Any CPU.ActiveCfg = Release|Any CPU
		{0EE1DF46-B772-4374-84EE-859DAE4DF5C3}.Release|Any CPU.Build.0 = Release|Any CPU
		{0EE1DF46-B772-4374-84EE-859DAE4DF5C3}.Release|x64.ActiveCfg = Release|Any CPU
		{0EE1DF46-B772-4374-84EE-859DAE4DF5C3}.Release|x64.Build.0 = Release|Any CPU
		{0EE1DF46-B772-4374-84EE-859DAE4DF5C3}.Release|x86.ActiveCfg = Release|Any CPU
		{0EE1DF46-B772-4374-84EE-859DAE4DF5C3}.Release|x86.Build.0 = Release|Any CPU
		{C3ECBBE5-05ED-4BCA-42B2-ABE8B28A368F}.Debug|Any CPU.ActiveCfg = Debug|Any CPU
		{C3ECBBE5-05ED-4BCA-42B2-ABE8B28A368F}.Debug|Any CPU.Build.0 = Debug|Any CPU
		{C3ECBBE5-05ED-4BCA-42B2-ABE8B28A368F}.Debug|x64.ActiveCfg = Debug|Any CPU
		{C3ECBBE5-05ED-4BCA-42B2-ABE8B28A368F}.Debug|x64.Build.0 = Debug|Any CPU
		{C3ECBBE5-05ED-4BCA-42B2-ABE8B28A368F}.Debug|x86.ActiveCfg = Debug|Any CPU
		{C3ECBBE5-05ED-4BCA-42B2-ABE8B28A368F}.Debug|x86.Build.0 = Debug|Any CPU
		{C3ECBBE5-05ED-4BCA-42B2-ABE8B28A368F}.Release|Any CPU.ActiveCfg = Release|Any CPU
		{C3ECBBE5-05ED-4BCA-42B2-ABE8B28A368F}.Release|Any CPU.Build.0 = Release|Any CPU
		{C3ECBBE5-05ED-4BCA-42B2-ABE8B28A368F}.Release|x64.ActiveCfg = Release|Any CPU
		{C3ECBBE5-05ED-4BCA-42B2-ABE8B28A368F}.Release|x64.Build.0 = Release|Any CPU
		{C3ECBBE5-05ED-4BCA-42B2-ABE8B28A368F}.Release|x86.ActiveCfg = Release|Any CPU
		{C3ECBBE5-05ED-4BCA-42B2-ABE8B28A368F}.Release|x86.Build.0 = Release|Any CPU
		{176BA98E-C341-4503-B743-1982DB4236C4}.Debug|Any CPU.ActiveCfg = Debug|Any CPU
		{176BA98E-C341-4503-B743-1982DB4236C4}.Debug|Any CPU.Build.0 = Debug|Any CPU
		{176BA98E-C341-4503-B743-1982DB4236C4}.Debug|x64.ActiveCfg = Debug|Any CPU
		{176BA98E-C341-4503-B743-1982DB4236C4}.Debug|x64.Build.0 = Debug|Any CPU
		{176BA98E-C341-4503-B743-1982DB4236C4}.Debug|x86.ActiveCfg = Debug|Any CPU
		{176BA98E-C341-4503-B743-1982DB4236C4}.Debug|x86.Build.0 = Debug|Any CPU
		{176BA98E-C341-4503-B743-1982DB4236C4}.Release|Any CPU.ActiveCfg = Release|Any CPU
		{176BA98E-C341-4503-B743-1982DB4236C4}.Release|Any CPU.Build.0 = Release|Any CPU
		{176BA98E-C341-4503-B743-1982DB4236C4}.Release|x64.ActiveCfg = Release|Any CPU
		{176BA98E-C341-4503-B743-1982DB4236C4}.Release|x64.Build.0 = Release|Any CPU
		{176BA98E-C341-4503-B743-1982DB4236C4}.Release|x86.ActiveCfg = Release|Any CPU
		{176BA98E-C341-4503-B743-1982DB4236C4}.Release|x86.Build.0 = Release|Any CPU
		{8A803F78-740C-433A-85DA-EBD8235A5188}.Debug|Any CPU.ActiveCfg = Debug|Any CPU
		{8A803F78-740C-433A-85DA-EBD8235A5188}.Debug|Any CPU.Build.0 = Debug|Any CPU
		{8A803F78-740C-433A-85DA-EBD8235A5188}.Debug|x64.ActiveCfg = Debug|Any CPU
		{8A803F78-740C-433A-85DA-EBD8235A5188}.Debug|x64.Build.0 = Debug|Any CPU
		{8A803F78-740C-433A-85DA-EBD8235A5188}.Debug|x86.ActiveCfg = Debug|Any CPU
		{8A803F78-740C-433A-85DA-EBD8235A5188}.Debug|x86.Build.0 = Debug|Any CPU
		{8A803F78-740C-433A-85DA-EBD8235A5188}.Release|Any CPU.ActiveCfg = Release|Any CPU
		{8A803F78-740C-433A-85DA-EBD8235A5188}.Release|Any CPU.Build.0 = Release|Any CPU
		{8A803F78-740C-433A-85DA-EBD8235A5188}.Release|x64.ActiveCfg = Release|Any CPU
		{8A803F78-740C-433A-85DA-EBD8235A5188}.Release|x64.Build.0 = Release|Any CPU
		{8A803F78-740C-433A-85DA-EBD8235A5188}.Release|x86.ActiveCfg = Release|Any CPU
		{8A803F78-740C-433A-85DA-EBD8235A5188}.Release|x86.Build.0 = Release|Any CPU
		{211CDEBC-186E-4D14-9DA4-648F7C95AEE6}.Debug|Any CPU.ActiveCfg = Debug|Any CPU
		{211CDEBC-186E-4D14-9DA4-648F7C95AEE6}.Debug|Any CPU.Build.0 = Debug|Any CPU
		{211CDEBC-186E-4D14-9DA4-648F7C95AEE6}.Debug|x64.ActiveCfg = Debug|Any CPU
		{211CDEBC-186E-4D14-9DA4-648F7C95AEE6}.Debug|x64.Build.0 = Debug|Any CPU
		{211CDEBC-186E-4D14-9DA4-648F7C95AEE6}.Debug|x86.ActiveCfg = Debug|Any CPU
		{211CDEBC-186E-4D14-9DA4-648F7C95AEE6}.Debug|x86.Build.0 = Debug|Any CPU
		{211CDEBC-186E-4D14-9DA4-648F7C95AEE6}.Release|Any CPU.ActiveCfg = Release|Any CPU
		{211CDEBC-186E-4D14-9DA4-648F7C95AEE6}.Release|Any CPU.Build.0 = Release|Any CPU
		{211CDEBC-186E-4D14-9DA4-648F7C95AEE6}.Release|x64.ActiveCfg = Release|Any CPU
		{211CDEBC-186E-4D14-9DA4-648F7C95AEE6}.Release|x64.Build.0 = Release|Any CPU
		{211CDEBC-186E-4D14-9DA4-648F7C95AEE6}.Release|x86.ActiveCfg = Release|Any CPU
		{211CDEBC-186E-4D14-9DA4-648F7C95AEE6}.Release|x86.Build.0 = Release|Any CPU
		{976FF80D-2BBE-4392-909A-B5270B9C36EE}.Debug|Any CPU.ActiveCfg = Debug|Any CPU
		{976FF80D-2BBE-4392-909A-B5270B9C36EE}.Debug|Any CPU.Build.0 = Debug|Any CPU
		{976FF80D-2BBE-4392-909A-B5270B9C36EE}.Debug|x64.ActiveCfg = Debug|Any CPU
		{976FF80D-2BBE-4392-909A-B5270B9C36EE}.Debug|x64.Build.0 = Debug|Any CPU
		{976FF80D-2BBE-4392-909A-B5270B9C36EE}.Debug|x86.ActiveCfg = Debug|Any CPU
		{976FF80D-2BBE-4392-909A-B5270B9C36EE}.Debug|x86.Build.0 = Debug|Any CPU
		{976FF80D-2BBE-4392-909A-B5270B9C36EE}.Release|Any CPU.ActiveCfg = Release|Any CPU
		{976FF80D-2BBE-4392-909A-B5270B9C36EE}.Release|Any CPU.Build.0 = Release|Any CPU
		{976FF80D-2BBE-4392-909A-B5270B9C36EE}.Release|x64.ActiveCfg = Release|Any CPU
		{976FF80D-2BBE-4392-909A-B5270B9C36EE}.Release|x64.Build.0 = Release|Any CPU
		{976FF80D-2BBE-4392-909A-B5270B9C36EE}.Release|x86.ActiveCfg = Release|Any CPU
		{976FF80D-2BBE-4392-909A-B5270B9C36EE}.Release|x86.Build.0 = Release|Any CPU
		{571C5563-B935-411B-A693-3F15A21C5081}.Debug|Any CPU.ActiveCfg = Debug|Any CPU
		{571C5563-B935-411B-A693-3F15A21C5081}.Debug|Any CPU.Build.0 = Debug|Any CPU
		{571C5563-B935-411B-A693-3F15A21C5081}.Debug|x64.ActiveCfg = Debug|Any CPU
		{571C5563-B935-411B-A693-3F15A21C5081}.Debug|x64.Build.0 = Debug|Any CPU
		{571C5563-B935-411B-A693-3F15A21C5081}.Debug|x86.ActiveCfg = Debug|Any CPU
		{571C5563-B935-411B-A693-3F15A21C5081}.Debug|x86.Build.0 = Debug|Any CPU
		{571C5563-B935-411B-A693-3F15A21C5081}.Release|Any CPU.ActiveCfg = Release|Any CPU
		{571C5563-B935-411B-A693-3F15A21C5081}.Release|Any CPU.Build.0 = Release|Any CPU
		{571C5563-B935-411B-A693-3F15A21C5081}.Release|x64.ActiveCfg = Release|Any CPU
		{571C5563-B935-411B-A693-3F15A21C5081}.Release|x64.Build.0 = Release|Any CPU
		{571C5563-B935-411B-A693-3F15A21C5081}.Release|x86.ActiveCfg = Release|Any CPU
		{571C5563-B935-411B-A693-3F15A21C5081}.Release|x86.Build.0 = Release|Any CPU
		{3242B7A0-5859-478F-A6E5-79C9A5A04B6D}.Debug|Any CPU.ActiveCfg = Debug|Any CPU
		{3242B7A0-5859-478F-A6E5-79C9A5A04B6D}.Debug|Any CPU.Build.0 = Debug|Any CPU
		{3242B7A0-5859-478F-A6E5-79C9A5A04B6D}.Debug|x64.ActiveCfg = Debug|Any CPU
		{3242B7A0-5859-478F-A6E5-79C9A5A04B6D}.Debug|x64.Build.0 = Debug|Any CPU
		{3242B7A0-5859-478F-A6E5-79C9A5A04B6D}.Debug|x86.ActiveCfg = Debug|Any CPU
		{3242B7A0-5859-478F-A6E5-79C9A5A04B6D}.Debug|x86.Build.0 = Debug|Any CPU
		{3242B7A0-5859-478F-A6E5-79C9A5A04B6D}.Release|Any CPU.ActiveCfg = Release|Any CPU
		{3242B7A0-5859-478F-A6E5-79C9A5A04B6D}.Release|Any CPU.Build.0 = Release|Any CPU
		{3242B7A0-5859-478F-A6E5-79C9A5A04B6D}.Release|x64.ActiveCfg = Release|Any CPU
		{3242B7A0-5859-478F-A6E5-79C9A5A04B6D}.Release|x64.Build.0 = Release|Any CPU
		{3242B7A0-5859-478F-A6E5-79C9A5A04B6D}.Release|x86.ActiveCfg = Release|Any CPU
		{3242B7A0-5859-478F-A6E5-79C9A5A04B6D}.Release|x86.Build.0 = Release|Any CPU
		{F861EE70-F5EA-43FD-9947-BC8B61398395}.Debug|Any CPU.ActiveCfg = Debug|Any CPU
		{F861EE70-F5EA-43FD-9947-BC8B61398395}.Debug|Any CPU.Build.0 = Debug|Any CPU
		{F861EE70-F5EA-43FD-9947-BC8B61398395}.Debug|x64.ActiveCfg = Debug|Any CPU
		{F861EE70-F5EA-43FD-9947-BC8B61398395}.Debug|x64.Build.0 = Debug|Any CPU
		{F861EE70-F5EA-43FD-9947-BC8B61398395}.Debug|x86.ActiveCfg = Debug|Any CPU
		{F861EE70-F5EA-43FD-9947-BC8B61398395}.Debug|x86.Build.0 = Debug|Any CPU
		{F861EE70-F5EA-43FD-9947-BC8B61398395}.Release|Any CPU.ActiveCfg = Release|Any CPU
		{F861EE70-F5EA-43FD-9947-BC8B61398395}.Release|Any CPU.Build.0 = Release|Any CPU
		{F861EE70-F5EA-43FD-9947-BC8B61398395}.Release|x64.ActiveCfg = Release|Any CPU
		{F861EE70-F5EA-43FD-9947-BC8B61398395}.Release|x64.Build.0 = Release|Any CPU
		{F861EE70-F5EA-43FD-9947-BC8B61398395}.Release|x86.ActiveCfg = Release|Any CPU
		{F861EE70-F5EA-43FD-9947-BC8B61398395}.Release|x86.Build.0 = Release|Any CPU
		{9A73E681-90F9-46E8-B9CF-68F2812E8DE3}.Debug|Any CPU.ActiveCfg = Debug|Any CPU
		{9A73E681-90F9-46E8-B9CF-68F2812E8DE3}.Debug|Any CPU.Build.0 = Debug|Any CPU
		{9A73E681-90F9-46E8-B9CF-68F2812E8DE3}.Debug|x64.ActiveCfg = Debug|Any CPU
		{9A73E681-90F9-46E8-B9CF-68F2812E8DE3}.Debug|x64.Build.0 = Debug|Any CPU
		{9A73E681-90F9-46E8-B9CF-68F2812E8DE3}.Debug|x86.ActiveCfg = Debug|Any CPU
		{9A73E681-90F9-46E8-B9CF-68F2812E8DE3}.Debug|x86.Build.0 = Debug|Any CPU
		{9A73E681-90F9-46E8-B9CF-68F2812E8DE3}.Release|Any CPU.ActiveCfg = Release|Any CPU
		{9A73E681-90F9-46E8-B9CF-68F2812E8DE3}.Release|Any CPU.Build.0 = Release|Any CPU
		{9A73E681-90F9-46E8-B9CF-68F2812E8DE3}.Release|x64.ActiveCfg = Release|Any CPU
		{9A73E681-90F9-46E8-B9CF-68F2812E8DE3}.Release|x64.Build.0 = Release|Any CPU
		{9A73E681-90F9-46E8-B9CF-68F2812E8DE3}.Release|x86.ActiveCfg = Release|Any CPU
		{9A73E681-90F9-46E8-B9CF-68F2812E8DE3}.Release|x86.Build.0 = Release|Any CPU
		{8CA893FC-F8E3-458B-972A-52B93169EB77}.Debug|Any CPU.ActiveCfg = Debug|Any CPU
		{8CA893FC-F8E3-458B-972A-52B93169EB77}.Debug|Any CPU.Build.0 = Debug|Any CPU
		{8CA893FC-F8E3-458B-972A-52B93169EB77}.Debug|x64.ActiveCfg = Debug|Any CPU
		{8CA893FC-F8E3-458B-972A-52B93169EB77}.Debug|x64.Build.0 = Debug|Any CPU
		{8CA893FC-F8E3-458B-972A-52B93169EB77}.Debug|x86.ActiveCfg = Debug|Any CPU
		{8CA893FC-F8E3-458B-972A-52B93169EB77}.Debug|x86.Build.0 = Debug|Any CPU
		{8CA893FC-F8E3-458B-972A-52B93169EB77}.Release|Any CPU.ActiveCfg = Release|Any CPU
		{8CA893FC-F8E3-458B-972A-52B93169EB77}.Release|Any CPU.Build.0 = Release|Any CPU
		{8CA893FC-F8E3-458B-972A-52B93169EB77}.Release|x64.ActiveCfg = Release|Any CPU
		{8CA893FC-F8E3-458B-972A-52B93169EB77}.Release|x64.Build.0 = Release|Any CPU
		{8CA893FC-F8E3-458B-972A-52B93169EB77}.Release|x86.ActiveCfg = Release|Any CPU
		{8CA893FC-F8E3-458B-972A-52B93169EB77}.Release|x86.Build.0 = Release|Any CPU
		{EDD661B4-6ECC-44A7-8C72-3FADB30ADEE5}.Debug|Any CPU.ActiveCfg = Debug|Any CPU
		{EDD661B4-6ECC-44A7-8C72-3FADB30ADEE5}.Debug|Any CPU.Build.0 = Debug|Any CPU
		{EDD661B4-6ECC-44A7-8C72-3FADB30ADEE5}.Debug|x64.ActiveCfg = Debug|Any CPU
		{EDD661B4-6ECC-44A7-8C72-3FADB30ADEE5}.Debug|x64.Build.0 = Debug|Any CPU
		{EDD661B4-6ECC-44A7-8C72-3FADB30ADEE5}.Debug|x86.ActiveCfg = Debug|Any CPU
		{EDD661B4-6ECC-44A7-8C72-3FADB30ADEE5}.Debug|x86.Build.0 = Debug|Any CPU
		{EDD661B4-6ECC-44A7-8C72-3FADB30ADEE5}.Release|Any CPU.ActiveCfg = Release|Any CPU
		{EDD661B4-6ECC-44A7-8C72-3FADB30ADEE5}.Release|Any CPU.Build.0 = Release|Any CPU
		{EDD661B4-6ECC-44A7-8C72-3FADB30ADEE5}.Release|x64.ActiveCfg = Release|Any CPU
		{EDD661B4-6ECC-44A7-8C72-3FADB30ADEE5}.Release|x64.Build.0 = Release|Any CPU
		{EDD661B4-6ECC-44A7-8C72-3FADB30ADEE5}.Release|x86.ActiveCfg = Release|Any CPU
		{EDD661B4-6ECC-44A7-8C72-3FADB30ADEE5}.Release|x86.Build.0 = Release|Any CPU
		{8B16F91F-D010-433A-AF36-D740B3192D71}.Debug|Any CPU.ActiveCfg = Debug|Any CPU
		{8B16F91F-D010-433A-AF36-D740B3192D71}.Debug|Any CPU.Build.0 = Debug|Any CPU
		{8B16F91F-D010-433A-AF36-D740B3192D71}.Debug|x64.ActiveCfg = Debug|Any CPU
		{8B16F91F-D010-433A-AF36-D740B3192D71}.Debug|x64.Build.0 = Debug|Any CPU
		{8B16F91F-D010-433A-AF36-D740B3192D71}.Debug|x86.ActiveCfg = Debug|Any CPU
		{8B16F91F-D010-433A-AF36-D740B3192D71}.Debug|x86.Build.0 = Debug|Any CPU
		{8B16F91F-D010-433A-AF36-D740B3192D71}.Release|Any CPU.ActiveCfg = Release|Any CPU
		{8B16F91F-D010-433A-AF36-D740B3192D71}.Release|Any CPU.Build.0 = Release|Any CPU
		{8B16F91F-D010-433A-AF36-D740B3192D71}.Release|x64.ActiveCfg = Release|Any CPU
		{8B16F91F-D010-433A-AF36-D740B3192D71}.Release|x64.Build.0 = Release|Any CPU
		{8B16F91F-D010-433A-AF36-D740B3192D71}.Release|x86.ActiveCfg = Release|Any CPU
		{8B16F91F-D010-433A-AF36-D740B3192D71}.Release|x86.Build.0 = Release|Any CPU
		{D2A8BA59-7275-4D3A-A7BE-40F566D37F30}.Debug|Any CPU.ActiveCfg = Debug|Any CPU
		{D2A8BA59-7275-4D3A-A7BE-40F566D37F30}.Debug|Any CPU.Build.0 = Debug|Any CPU
		{D2A8BA59-7275-4D3A-A7BE-40F566D37F30}.Debug|x64.ActiveCfg = Debug|Any CPU
		{D2A8BA59-7275-4D3A-A7BE-40F566D37F30}.Debug|x64.Build.0 = Debug|Any CPU
		{D2A8BA59-7275-4D3A-A7BE-40F566D37F30}.Debug|x86.ActiveCfg = Debug|Any CPU
		{D2A8BA59-7275-4D3A-A7BE-40F566D37F30}.Debug|x86.Build.0 = Debug|Any CPU
		{D2A8BA59-7275-4D3A-A7BE-40F566D37F30}.Release|Any CPU.ActiveCfg = Release|Any CPU
		{D2A8BA59-7275-4D3A-A7BE-40F566D37F30}.Release|Any CPU.Build.0 = Release|Any CPU
		{D2A8BA59-7275-4D3A-A7BE-40F566D37F30}.Release|x64.ActiveCfg = Release|Any CPU
		{D2A8BA59-7275-4D3A-A7BE-40F566D37F30}.Release|x64.Build.0 = Release|Any CPU
		{D2A8BA59-7275-4D3A-A7BE-40F566D37F30}.Release|x86.ActiveCfg = Release|Any CPU
		{D2A8BA59-7275-4D3A-A7BE-40F566D37F30}.Release|x86.Build.0 = Release|Any CPU
		{E64958B8-1790-4757-BDC7-4F119888469F}.Debug|Any CPU.ActiveCfg = Debug|Any CPU
		{E64958B8-1790-4757-BDC7-4F119888469F}.Debug|Any CPU.Build.0 = Debug|Any CPU
		{E64958B8-1790-4757-BDC7-4F119888469F}.Debug|x64.ActiveCfg = Debug|Any CPU
		{E64958B8-1790-4757-BDC7-4F119888469F}.Debug|x64.Build.0 = Debug|Any CPU
		{E64958B8-1790-4757-BDC7-4F119888469F}.Debug|x86.ActiveCfg = Debug|Any CPU
		{E64958B8-1790-4757-BDC7-4F119888469F}.Debug|x86.Build.0 = Debug|Any CPU
		{E64958B8-1790-4757-BDC7-4F119888469F}.Release|Any CPU.ActiveCfg = Release|Any CPU
		{E64958B8-1790-4757-BDC7-4F119888469F}.Release|Any CPU.Build.0 = Release|Any CPU
		{E64958B8-1790-4757-BDC7-4F119888469F}.Release|x64.ActiveCfg = Release|Any CPU
		{E64958B8-1790-4757-BDC7-4F119888469F}.Release|x64.Build.0 = Release|Any CPU
		{E64958B8-1790-4757-BDC7-4F119888469F}.Release|x86.ActiveCfg = Release|Any CPU
		{E64958B8-1790-4757-BDC7-4F119888469F}.Release|x86.Build.0 = Release|Any CPU
		{B1D4509F-0F25-49DF-93BF-31E8226B831A}.Debug|Any CPU.ActiveCfg = Debug|Any CPU
		{B1D4509F-0F25-49DF-93BF-31E8226B831A}.Debug|Any CPU.Build.0 = Debug|Any CPU
		{B1D4509F-0F25-49DF-93BF-31E8226B831A}.Debug|x64.ActiveCfg = Debug|Any CPU
		{B1D4509F-0F25-49DF-93BF-31E8226B831A}.Debug|x64.Build.0 = Debug|Any CPU
		{B1D4509F-0F25-49DF-93BF-31E8226B831A}.Debug|x86.ActiveCfg = Debug|Any CPU
		{B1D4509F-0F25-49DF-93BF-31E8226B831A}.Debug|x86.Build.0 = Debug|Any CPU
		{B1D4509F-0F25-49DF-93BF-31E8226B831A}.Release|Any CPU.ActiveCfg = Release|Any CPU
		{B1D4509F-0F25-49DF-93BF-31E8226B831A}.Release|Any CPU.Build.0 = Release|Any CPU
		{B1D4509F-0F25-49DF-93BF-31E8226B831A}.Release|x64.ActiveCfg = Release|Any CPU
		{B1D4509F-0F25-49DF-93BF-31E8226B831A}.Release|x64.Build.0 = Release|Any CPU
		{B1D4509F-0F25-49DF-93BF-31E8226B831A}.Release|x86.ActiveCfg = Release|Any CPU
		{B1D4509F-0F25-49DF-93BF-31E8226B831A}.Release|x86.Build.0 = Release|Any CPU
		{22945126-2CA6-6E15-B2C6-F2A387131518}.Debug|Any CPU.ActiveCfg = Debug|Any CPU
		{22945126-2CA6-6E15-B2C6-F2A387131518}.Debug|Any CPU.Build.0 = Debug|Any CPU
		{22945126-2CA6-6E15-B2C6-F2A387131518}.Debug|x64.ActiveCfg = Debug|Any CPU
		{22945126-2CA6-6E15-B2C6-F2A387131518}.Debug|x64.Build.0 = Debug|Any CPU
		{22945126-2CA6-6E15-B2C6-F2A387131518}.Debug|x86.ActiveCfg = Debug|Any CPU
		{22945126-2CA6-6E15-B2C6-F2A387131518}.Debug|x86.Build.0 = Debug|Any CPU
		{22945126-2CA6-6E15-B2C6-F2A387131518}.Release|Any CPU.ActiveCfg = Release|Any CPU
		{22945126-2CA6-6E15-B2C6-F2A387131518}.Release|Any CPU.Build.0 = Release|Any CPU
		{22945126-2CA6-6E15-B2C6-F2A387131518}.Release|x64.ActiveCfg = Release|Any CPU
		{22945126-2CA6-6E15-B2C6-F2A387131518}.Release|x64.Build.0 = Release|Any CPU
		{22945126-2CA6-6E15-B2C6-F2A387131518}.Release|x86.ActiveCfg = Release|Any CPU
		{22945126-2CA6-6E15-B2C6-F2A387131518}.Release|x86.Build.0 = Release|Any CPU
	EndGlobalSection
	GlobalSection(SolutionProperties) = preSolution
		HideSolutionNode = FALSE
	EndGlobalSection
	GlobalSection(NestedProjects) = preSolution
		{A0000000-0000-0000-0000-000000000009} = {A0000000-0000-0000-0000-000000000006}
		{E0000000-0000-0000-0000-000000000002} = {E0000000-0000-0000-0000-000000000001}
		{E0000000-0000-0000-0000-000000000003} = {E0000000-0000-0000-0000-000000000001}
		{E0000000-0000-0000-0000-000000000004} = {E0000000-0000-0000-0000-000000000001}
		{E0000000-0000-0000-0000-000000000005} = {E0000000-0000-0000-0000-000000000001}
		{E0000000-0000-0000-0000-000000000006} = {E0000000-0000-0000-0000-000000000001}
		{E0000000-0000-0000-0000-000000000007} = {E0000000-0000-0000-0000-000000000001}
		{E0000000-0000-0000-0000-000000000008} = {E0000000-0000-0000-0000-000000000001}
		{B1000000-0000-0000-0000-000000000001} = {A0000000-0000-0000-0000-000000000001}
		{B1000000-0000-0000-0000-000000000002} = {A0000000-0000-0000-0000-000000000001}
		{B1000000-0000-0000-0000-000000000003} = {A0000000-0000-0000-0000-000000000001}
		{B1000000-0000-0000-0000-000000000004} = {A0000000-0000-0000-0000-000000000001}
		{B1000000-0000-0000-0000-000000000005} = {A0000000-0000-0000-0000-000000000001}
		{B1000000-0000-0000-0000-000000000006} = {A0000000-0000-0000-0000-000000000001}
		{B1000000-0000-0000-0000-000000000007} = {A0000000-0000-0000-0000-000000000001}
		{B1000000-0000-0000-0000-000000000008} = {A0000000-0000-0000-0000-000000000001}
		{B1000000-0000-0000-0000-000000000009} = {A0000000-0000-0000-0000-000000000001}
		{B1000000-0000-0000-0000-00000000000A} = {A0000000-0000-0000-0000-000000000001}
		{B1000000-0000-0000-0000-00000000000B} = {A0000000-0000-0000-0000-000000000001}
		{C1000000-0000-0000-0000-000000000001} = {A0000000-0000-0000-0000-000000000003}
		{D1000000-0000-0000-0000-000000000001} = {A0000000-0000-0000-0000-000000000002}
		{D1000000-0000-0000-0000-000000000002} = {A0000000-0000-0000-0000-000000000002}
		{D1000000-0000-0000-0000-000000000003} = {A0000000-0000-0000-0000-000000000002}
		{7DB102EF-18C6-4A75-80EE-6FC87B944314} = {A0000000-0000-0000-0000-000000000002}
		{8AA30FCE-8396-4A86-B82C-D9B9A894DEE6} = {A0000000-0000-0000-0000-000000000002}
		{0EE1DF46-B772-4374-84EE-859DAE4DF5C3} = {A0000000-0000-0000-0000-000000000002}
		{C3ECBBE5-05ED-4BCA-42B2-ABE8B28A368F} = {A0000000-0000-0000-0000-000000000001}
		{176BA98E-C341-4503-B743-1982DB4236C4} = {A0000000-0000-0000-0000-000000000002}
		{8A803F78-740C-433A-85DA-EBD8235A5188} = {A0000000-0000-0000-0000-000000000001}
		{211CDEBC-186E-4D14-9DA4-648F7C95AEE6} = {A0000000-0000-0000-0000-000000000001}
		{976FF80D-2BBE-4392-909A-B5270B9C36EE} = {A0000000-0000-0000-0000-000000000001}
		{571C5563-B935-411B-A693-3F15A21C5081} = {A0000000-0000-0000-0000-000000000001}
		{3242B7A0-5859-478F-A6E5-79C9A5A04B6D} = {A0000000-0000-0000-0000-000000000001}
		{F861EE70-F5EA-43FD-9947-BC8B61398395} = {A0000000-0000-0000-0000-000000000001}
		{9A73E681-90F9-46E8-B9CF-68F2812E8DE3} = {A0000000-0000-0000-0000-000000000001}
		{8CA893FC-F8E3-458B-972A-52B93169EB77} = {A0000000-0000-0000-0000-000000000001}
		{EDD661B4-6ECC-44A7-8C72-3FADB30ADEE5} = {A0000000-0000-0000-0000-000000000001}
		{8B16F91F-D010-433A-AF36-D740B3192D71} = {A0000000-0000-0000-0000-000000000001}
		{D2A8BA59-7275-4D3A-A7BE-40F566D37F30} = {A0000000-0000-0000-0000-000000000003}
		{B1D4509F-0F25-49DF-93BF-31E8226B831A} = {A0000000-0000-0000-0000-000000000001}
	EndGlobalSection
	GlobalSection(ExtensibilityGlobals) = postSolution
		SolutionGuid = {AF02C109-BF5B-4C3E-87D8-31B2097DC5C8}
	EndGlobalSection
EndGlobal
