
Microsoft Visual Studio Solution File, Format Version 12.00
# Visual Studio Version 17
VisualStudioVersion = 17.14.37111.16
MinimumVisualStudioVersion = 10.0.40219.1
Project("{2150E333-8FDC-42A3-9474-1A3956D46DE8}") = "src", "src", "{FD929939-0EA6-5A9F-D61B-403474FE82B5}"
EndProject
Project("{2150E333-8FDC-42A3-9474-1A3956D46DE8}") = "tests", "tests", "{C6F9EF17-464B-3568-47E7-FDD0B750CDA0}"
EndProject
Project("{2150E333-8FDC-42A3-9474-1A3956D46DE8}") = "tools", "tools", "{7596AEF7-C1A0-BCB5-94C0-AE90D297BB2E}"
EndProject
Project("{2150E333-8FDC-42A3-9474-1A3956D46DE8}") = "samples", "samples", "{8923C395-8683-5961-5355-24319AA9C308}"
	ProjectSection(SolutionItems) = preProject
		samples/arithmetic.codex = samples/arithmetic.codex
		samples/effectful-hello.codex = samples/effectful-hello.codex
		samples/effects-demo.codex = samples/effects-demo.codex
		samples/expr-calculator.codex = samples/expr-calculator.codex
		samples/factorial.codex = samples/factorial.codex
		samples/fibonacci.codex = samples/fibonacci.codex
		samples/greeting.codex = samples/greeting.codex
		samples/hamt-test.codex = samples/hamt-test.codex
		samples/hello.codex = samples/hello.codex
		samples/is-prime-fancy.codex = samples/is-prime-fancy.codex
		samples/is-prime.codex = samples/is-prime.codex
		samples/list-test.codex = samples/list-test.codex
		samples/MathLib.codex = samples/MathLib.codex
		samples/mini-bootstrap.codex = samples/mini-bootstrap.codex
		samples/person.codex = samples/person.codex
		samples/proofs.codex = samples/proofs.codex
		samples/prose-banking.codex = samples/prose-banking.codex
		samples/prose-greeting.codex = samples/prose-greeting.codex
		samples/safe-divide.codex = samples/safe-divide.codex
		samples/shapes.codex = samples/shapes.codex
		samples/stage1-test.codex = samples/stage1-test.codex
		samples/state-demo.codex = samples/state-demo.codex
		samples/string-ops.codex = samples/string-ops.codex
		samples/tco-stress.codex = samples/tco-stress.codex
		samples/test-42.codex = samples/test-42.codex
		samples/test-call.codex = samples/test-call.codex
		samples/test-fact1.codex = samples/test-fact1.codex
		samples/test-fact2.codex = samples/test-fact2.codex
		samples/test-fact3.codex = samples/test-fact3.codex
		samples/test-fact5.codex = samples/test-fact5.codex
		samples/test-if.codex = samples/test-if.codex
		samples/test-mul.codex = samples/test-mul.codex
		samples/test-rec.codex = samples/test-rec.codex
		samples/test-run-process.codex = samples/test-run-process.codex
		samples/type-checker-test.codex = samples/type-checker-test.codex
		samples/use-math-lib.codex = samples/use-math-lib.codex
	EndProjectSection
EndProject
Project("{2150E333-8FDC-42A3-9474-1A3956D46DE8}") = "docs", "docs", "{D949AD15-6DD1-4965-7A6E-E9B7B3830287}"
	ProjectSection(SolutionItems) = preProject
		docs/00-OVERVIEW.md = docs/00-OVERVIEW.md
		docs/10-PRINCIPLES.md = docs/10-PRINCIPLES.md
		docs/BACKLOG.md = docs/BACKLOG.md
		docs/CurrentPlan.md = docs/CurrentPlan.md
		docs/FOUNDING-VISION.md = docs/FOUNDING-VISION.md
		docs/KNOWN-CONDITIONS.md = docs/KNOWN-CONDITIONS.md
		docs/SYNTAX-QUICKREF.md = docs/SYNTAX-QUICKREF.md
	EndProjectSection
EndProject
Project("{2150E333-8FDC-42A3-9474-1A3956D46DE8}") = "Solution Items", "Solution Items", "{388D8EBE-F15F-BCF0-E00D-DF2F6B329362}"
	ProjectSection(SolutionItems) = preProject
		.github/copilot-instructions.md = .github/copilot-instructions.md
		CLAUDE.md = CLAUDE.md
		CONTRIBUTING.md = CONTRIBUTING.md
		DEDICATION.md = DEDICATION.md
		Directory.Build.props = Directory.Build.props
		GRACE-HOPPER.md = GRACE-HOPPER.md
		README.md = README.md
	EndProjectSection
EndProject
Project("{2150E333-8FDC-42A3-9474-1A3956D46DE8}") = "Emitters", "Emitters", "{BB89956A-1534-4B64-C37D-EE1990F70FC5}"
EndProject
Project("{2150E333-8FDC-42A3-9474-1A3956D46DE8}") = "Active", "Active", "{73C8B2E1-BDA7-44DD-1D0B-0129C075BC75}"
EndProject
Project("{2150E333-8FDC-42A3-9474-1A3956D46DE8}") = "Compiler", "Compiler", "{6F3E9AD7-328D-F546-58B2-7B13A59F04F8}"
	ProjectSection(SolutionItems) = preProject
		docs/Active/Compiler/Annotations.md = docs/Active/Compiler/Annotations.md
		docs/Active/Compiler/HatTip.md = docs/Active/Compiler/HatTip.md
		docs/Active/Compiler/PHASE3-CORE-CODEGEN.md = docs/Active/Compiler/PHASE3-CORE-CODEGEN.md
		docs/Active/Compiler/REFERENCE-COMPILER-LOCK.md = docs/Active/Compiler/REFERENCE-COMPILER-LOCK.md
		docs/Active/Compiler/REFERENCE-COMPILER-NOTES.md = docs/Active/Compiler/REFERENCE-COMPILER-NOTES.md
		docs/Active/Compiler/SECOND-BOOTSTRAP.md = docs/Active/Compiler/SECOND-BOOTSTRAP.md
		docs/Active/Compiler/TCO-HEAP-RESET-DIAGNOSTIC.md = docs/Active/Compiler/TCO-HEAP-RESET-DIAGNOSTIC.md
	EndProjectSection
EndProject
Project("{2150E333-8FDC-42A3-9474-1A3956D46DE8}") = "Projects", "Projects", "{7857DE65-B58B-8CBF-4265-CD23906D06A4}"
	ProjectSection(SolutionItems) = preProject
		docs/Active/Projects/CODEX-OS-LAB.md = docs/Active/Projects/CODEX-OS-LAB.md
		docs/Active/Projects/CODEX-PHONE.md = docs/Active/Projects/CODEX-PHONE.md
		docs/Active/Projects/CompilableLaws.md = docs/Active/Projects/CompilableLaws.md
		docs/Active/Projects/PHONE-WIPE.md = docs/Active/Projects/PHONE-WIPE.md
		docs/Active/Projects/TWRP-BUILD-HANDOFF.md = docs/Active/Projects/TWRP-BUILD-HANDOFF.md
	EndProjectSection
EndProject
Project("{2150E333-8FDC-42A3-9474-1A3956D46DE8}") = "ToDo", "ToDo", "{A1A6AC09-19D2-9DA6-F4DB-3D91FFA4F298}"
	ProjectSection(SolutionItems) = preProject
		docs/Active/ToDo/BinaryEmitterGaps.md = docs/Active/ToDo/BinaryEmitterGaps.md
		docs/Active/ToDo/CSharpCleanup.md = docs/Active/ToDo/CSharpCleanup.md
	EndProjectSection
EndProject
Project("{2150E333-8FDC-42A3-9474-1A3956D46DE8}") = "Agents", "Agents", "{CD6EBB1C-83EF-F66B-87FC-106C6E79BBD5}"
	ProjectSection(SolutionItems) = preProject
		docs/Agents/Agent Linux.txt = docs/Agents/Agent Linux.txt
		docs/Agents/Agent Nut.txt = docs/Agents/Agent Nut.txt
		docs/Agents/Agent Windows.txt = docs/Agents/Agent Windows.txt
		docs/Agents/Cam.txt = docs/Agents/Cam.txt
		docs/Agents/TOOL-ERROR-REGISTRY.md = docs/Agents/TOOL-ERROR-REGISTRY.md
	EndProjectSection
EndProject
Project("{2150E333-8FDC-42A3-9474-1A3956D46DE8}") = "Compiler", "Compiler", "{4FE4103E-43D6-EEFA-4E5F-04FA998F9620}"
EndProject
Project("{2150E333-8FDC-42A3-9474-1A3956D46DE8}") = "Designs", "Designs", "{4BA28BC8-83A8-190A-AF8A-81F0F1B6CD49}"
EndProject
Project("{2150E333-8FDC-42A3-9474-1A3956D46DE8}") = "Backends", "Backends", "{63E50983-ACDF-A80B-F0BC-62A138C4AE9C}"
	ProjectSection(SolutionItems) = preProject
		docs/Designs/Backends/CAMP-IIC-SELF-HOSTED-RISCV.md = docs/Designs/Backends/CAMP-IIC-SELF-HOSTED-RISCV.md
		docs/Designs/Backends/IL-EFFECT-HANDLERS.md = docs/Designs/Backends/IL-EFFECT-HANDLERS.md
		docs/Designs/Backends/NATIVE-BACKEND-RISCV.md = docs/Designs/Backends/NATIVE-BACKEND-RISCV.md
		docs/Designs/Backends/RISCV-PARITY.md = docs/Designs/Backends/RISCV-PARITY.md
		docs/Designs/Backends/WASM Backend — Cranelift Design.md = docs/Designs/Backends/WASM Backend — Cranelift Design.md
		docs/Designs/Backends/WASM-BACKEND.md = docs/Designs/Backends/WASM-BACKEND.md
	EndProjectSection
EndProject
Project("{2150E333-8FDC-42A3-9474-1A3956D46DE8}") = "Codex.OS", "Codex.OS", "{AA04D7B2-FE51-ED9F-5FAE-B6212087C4B2}"
	ProjectSection(SolutionItems) = preProject
		docs/Designs/Codex.OS/CodexBinary.md = docs/Designs/Codex.OS/CodexBinary.md
		docs/Designs/Codex.OS/CopilotWebCritique.md = docs/Designs/Codex.OS/CopilotWebCritique.md
		docs/Designs/Codex.OS/CryptoPrimitives.md = docs/Designs/Codex.OS/CryptoPrimitives.md
		docs/Designs/Codex.OS/DesignGaps.md = docs/Designs/Codex.OS/DesignGaps.md
		docs/Designs/Codex.OS/DistributedAgentOS.md = docs/Designs/Codex.OS/DistributedAgentOS.md
		docs/Designs/Codex.OS/TrustAndRuntime.md = docs/Designs/Codex.OS/TrustAndRuntime.md
	EndProjectSection
EndProject
Project("{2150E333-8FDC-42A3-9474-1A3956D46DE8}") = "Features", "Features", "{706170C0-0E7D-E95C-A05B-B207465F7092}"
	ProjectSection(SolutionItems) = preProject
		docs/Designs/Features/CAMP-IIIC-STRUCTURED-CONCURRENCY.md = docs/Designs/Features/CAMP-IIIC-STRUCTURED-CONCURRENCY.md
		docs/Designs/Features/CPL.md = docs/Designs/Features/CPL.md
		docs/Designs/Features/STDLIB-AND-CONCURRENCY.md = docs/Designs/Features/STDLIB-AND-CONCURRENCY.md
		docs/Designs/Features/V3-REPOSITORY-FEDERATION.md = docs/Designs/Features/V3-REPOSITORY-FEDERATION.md
	EndProjectSection
EndProject
Project("{2150E333-8FDC-42A3-9474-1A3956D46DE8}") = "Language", "Language", "{C7E97863-9191-B3A0-82E2-5D15FBF477E0}"
	ProjectSection(SolutionItems) = preProject
		docs/Designs/Language/02-LANGUAGE-DESIGN.md = docs/Designs/Language/02-LANGUAGE-DESIGN.md
		docs/Designs/Language/03-TYPE-SYSTEM.md = docs/Designs/Language/03-TYPE-SYSTEM.md
		docs/Designs/Language/CAPABILITY-REFINEMENT.md = docs/Designs/Language/CAPABILITY-REFINEMENT.md
		docs/Designs/Language/CCE-DESIGN.md = docs/Designs/Language/CCE-DESIGN.md
		docs/Designs/Language/CCE-ENCODING-INTEGRATION.md = docs/Designs/Language/CCE-ENCODING-INTEGRATION.md
		docs/Designs/Language/CCE-NATIVE-TEXT.md = docs/Designs/Language/CCE-NATIVE-TEXT.md
		docs/Designs/Language/CCE-WHITESPACE-DECISION.md = docs/Designs/Language/CCE-WHITESPACE-DECISION.md
		docs/Designs/Language/CHAR-TYPE.md = docs/Designs/Language/CHAR-TYPE.md
		docs/Designs/Language/Clarifier.md = docs/Designs/Language/Clarifier.md
		docs/Designs/Language/CLOSURE-ESCAPE-ANALYSIS.md = docs/Designs/Language/CLOSURE-ESCAPE-ANALYSIS.md
		docs/Designs/Language/DESIGN-PROPOSALS.md = docs/Designs/Language/DESIGN-PROPOSALS.md
		docs/Designs/Language/GLOSSARY.md = docs/Designs/Language/GLOSSARY.md
		docs/Designs/Language/P1-BUILTIN-EXPANSION.md = docs/Designs/Language/P1-BUILTIN-EXPANSION.md
		docs/Designs/Language/ProofReading.md = docs/Designs/Language/ProofReading.md
		docs/Designs/Language/ProseGrammarProposal.md = docs/Designs/Language/ProseGrammarProposal.md
		docs/Designs/Language/SAFE-MUTATION.md = docs/Designs/Language/SAFE-MUTATION.md
		docs/Designs/Language/V2-NARRATION-LAYER.md = docs/Designs/Language/V2-NARRATION-LAYER.md
	EndProjectSection
EndProject
Project("{2150E333-8FDC-42A3-9474-1A3956D46DE8}") = "Memory", "Memory", "{1E3BEE44-9828-C2C8-2867-671F829792B2}"
	ProjectSection(SolutionItems) = preProject
		docs/Designs/Memory/CAMP-IIIA-ESCAPE-ANALYSIS.md = docs/Designs/Memory/CAMP-IIIA-ESCAPE-ANALYSIS.md
		docs/Designs/Memory/Camp-IIIA-Linear-Allocator.md = docs/Designs/Memory/Camp-IIIA-Linear-Allocator.md
		docs/Designs/Memory/HAMT-DESIGN.md = docs/Designs/Memory/HAMT-DESIGN.md
		docs/Designs/Memory/MM3-GAP-ANALYSIS.md = docs/Designs/Memory/MM3-GAP-ANALYSIS.md
		docs/Designs/Memory/MM3-MEMORY-OPTIMIZATION-PLAN.md = docs/Designs/Memory/MM3-MEMORY-OPTIMIZATION-PLAN.md
		docs/Designs/Memory/MM3-SUMMIT-SESSION.md = docs/Designs/Memory/MM3-SUMMIT-SESSION.md
	EndProjectSection
EndProject
Project("{2150E333-8FDC-42A3-9474-1A3956D46DE8}") = "Tools", "Tools", "{3D3BB1BE-617D-7A5E-5CE4-8CAAEFE9ED98}"
	ProjectSection(SolutionItems) = preProject
		docs/Designs/Tools/AGENT-TOOLKIT.md = docs/Designs/Tools/AGENT-TOOLKIT.md
		docs/Designs/Tools/MCP-SERVER.md = docs/Designs/Tools/MCP-SERVER.md
		docs/Designs/Tools/PerformanceReportAndRecommendation.md = docs/Designs/Tools/PerformanceReportAndRecommendation.md
		docs/Designs/Tools/REPL.md = docs/Designs/Tools/REPL.md
	EndProjectSection
EndProject
Project("{2150E333-8FDC-42A3-9474-1A3956D46DE8}") = "Done", "Done", "{18149DA4-613D-F6DB-B254-699E122864A6}"
EndProject
Project("{2150E333-8FDC-42A3-9474-1A3956D46DE8}") = "Bootstrap", "Bootstrap", "{BCB53DAF-0971-A1F3-6237-8DD280044A61}"
	ProjectSection(SolutionItems) = preProject
		docs/Done/Bootstrap/CdxPhase2Notes.md = docs/Done/Bootstrap/CdxPhase2Notes.md
	EndProjectSection
EndProject
Project("{2150E333-8FDC-42A3-9474-1A3956D46DE8}") = "Compiler", "Compiler", "{903FB9E7-D9D0-03D7-B748-C658DC0D97D4}"
	ProjectSection(SolutionItems) = preProject
		docs/Done/Compiler/DEHOIST-TYPEDEFS.md = docs/Done/Compiler/DEHOIST-TYPEDEFS.md
		docs/Done/Compiler/EncoderUpdates.md = docs/Done/Compiler/EncoderUpdates.md
		docs/Done/Compiler/ESCAPE-COPY-ATTEMPT2-POSTMORTEM.md = docs/Done/Compiler/ESCAPE-COPY-ATTEMPT2-POSTMORTEM.md
		docs/Done/Compiler/FORMAT-WORKFLOW.md = docs/Done/Compiler/FORMAT-WORKFLOW.md
		docs/Done/Compiler/LanguageUpdates.md = docs/Done/Compiler/LanguageUpdates.md
		docs/Done/Compiler/MM3-REALITY-CHECK.md = docs/Done/Compiler/MM3-REALITY-CHECK.md
		docs/Done/Compiler/SourceRefresh.md = docs/Done/Compiler/SourceRefresh.md
	EndProjectSection
EndProject
Project("{2150E333-8FDC-42A3-9474-1A3956D46DE8}") = "MM1", "MM1", "{1EA719C4-3CDC-F082-1978-DD4B12AB68C2}"
	ProjectSection(SolutionItems) = preProject
		docs/Done/MM1/00-OVERVIEW.md = docs/Done/MM1/00-OVERVIEW.md
		docs/Done/MM1/01-ARCHITECTURE.md = docs/Done/MM1/01-ARCHITECTURE.md
		docs/Done/MM1/04-COMPILER-PIPELINE.md = docs/Done/MM1/04-COMPILER-PIPELINE.md
		docs/Done/MM1/05-REPOSITORY-MODEL.md = docs/Done/MM1/05-REPOSITORY-MODEL.md
		docs/Done/MM1/06-ENVIRONMENT.md = docs/Done/MM1/06-ENVIRONMENT.md
		docs/Done/MM1/07-TRANSPILATION.md = docs/Done/MM1/07-TRANSPILATION.md
		docs/Done/MM1/08-MILESTONES.md = docs/Done/MM1/08-MILESTONES.md
		docs/Done/MM1/09-RISKS.md = docs/Done/MM1/09-RISKS.md
		docs/Done/MM1/10-PRINCIPLES.md = docs/Done/MM1/10-PRINCIPLES.md
		docs/Done/MM1/PreviouslyCurrentPlan.md = docs/Done/MM1/PreviouslyCurrentPlan.md
		docs/Done/MM1/README.md = docs/Done/MM1/README.md
	EndProjectSection
EndProject
Project("{2150E333-8FDC-42A3-9474-1A3956D46DE8}") = "MM2", "MM2", "{EDEF097D-BAF8-9264-1444-85097A0FCDFE}"
	ProjectSection(SolutionItems) = preProject
		docs/Done/MM2/MM2-BARE-METAL-COMPILER-READINESS.md = docs/Done/MM2/MM2-BARE-METAL-COMPILER-READINESS.md
	EndProjectSection
EndProject
Project("{2150E333-8FDC-42A3-9474-1A3956D46DE8}") = "ForFun", "ForFun", "{FC0EAB30-356A-2D51-4B61-9EDDEA8968CB}"
EndProject
Project("{2150E333-8FDC-42A3-9474-1A3956D46DE8}") = "History", "History", "{4AEE44F7-A5B4-8117-D730-647DED2F8AC7}"
	ProjectSection(SolutionItems) = preProject
		docs/History/BOOTSTRAP-CONVERGENCE-PLAN.md = docs/History/BOOTSTRAP-CONVERGENCE-PLAN.md
		docs/History/BOOTSTRAP-FIXEDPOINT-PLAN.md = docs/History/BOOTSTRAP-FIXEDPOINT-PLAN.md
		docs/History/BOOTSTRAP-STATUS.md = docs/History/BOOTSTRAP-STATUS.md
		docs/History/CAM-SESSION-PROMPT-2026-03-23.md = docs/History/CAM-SESSION-PROMPT-2026-03-23.md
		docs/History/CAMP-IIC-SUMMIT-HANDOFF.md = docs/History/CAMP-IIC-SUMMIT-HANDOFF.md
		docs/History/CurrentPlan-2026-03-24-peak2-complete.md = docs/History/CurrentPlan-2026-03-24-peak2-complete.md
		docs/History/CurrentPlan-2026-03-24-peak3-evening.md = docs/History/CurrentPlan-2026-03-24-peak3-evening.md
		docs/History/CurrentPlan-2026-03-26-evening.md = docs/History/CurrentPlan-2026-03-26-evening.md
		docs/History/CurrentPlan-2026-03-26-morning.md = docs/History/CurrentPlan-2026-03-26-morning.md
		docs/History/DATE-AUDIT.md = docs/History/DATE-AUDIT.md
		docs/History/DECISIONS.md = docs/History/DECISIONS.md
		docs/History/FORWARD-PLAN.md = docs/History/FORWARD-PLAN.md
		docs/History/HANDOFF-BOOTSTRAP-FIXEDPOINT.md = docs/History/HANDOFF-BOOTSTRAP-FIXEDPOINT.md
		docs/History/HANDOFF-STAGE1-OUTPUT.md = docs/History/HANDOFF-STAGE1-OUTPUT.md
		docs/History/HANDOFF-TYPED-LOWERING.md = docs/History/HANDOFF-TYPED-LOWERING.md
		docs/History/ITERATION-10-HANDOFF.md = docs/History/ITERATION-10-HANDOFF.md
		docs/History/ITERATION-11-HANDOFF.md = docs/History/ITERATION-11-HANDOFF.md
		docs/History/ITERATION-12-HANDOFF.md = docs/History/ITERATION-12-HANDOFF.md
		docs/History/ITERATION-3-HANDOFF.md = docs/History/ITERATION-3-HANDOFF.md
		docs/History/ITERATION-4-HANDOFF.md = docs/History/ITERATION-4-HANDOFF.md
		docs/History/ITERATION-5-HANDOFF.md = docs/History/ITERATION-5-HANDOFF.md
		docs/History/ITERATION-6-HANDOFF.md = docs/History/ITERATION-6-HANDOFF.md
		docs/History/ITERATION-7-HANDOFF.md = docs/History/ITERATION-7-HANDOFF.md
		docs/History/ITERATION-8-HANDOFF.md = docs/History/ITERATION-8-HANDOFF.md
		docs/History/ITERATION-9-HANDOFF.md = docs/History/ITERATION-9-HANDOFF.md
		docs/History/M13-BOOTSTRAP-PLAN.md = docs/History/M13-BOOTSTRAP-PLAN.md
		docs/History/PostFixedPointCleanUp.md = docs/History/PostFixedPointCleanUp.md
		docs/History/REFLECTIONS.md = docs/History/REFLECTIONS.md
		docs/History/Reflections2.md = docs/History/Reflections2.md
		docs/History/TWRP-SESSION-HANDOFF.md = docs/History/TWRP-SESSION-HANDOFF.md
		docs/History/V1-VIEWS-HANDOFF.md = docs/History/V1-VIEWS-HANDOFF.md
		docs/History/WINDOWS-REVIEW-HANDOFF.md = docs/History/WINDOWS-REVIEW-HANDOFF.md
		docs/History/X86-64-REVIEW-HANDOFF.md = docs/History/X86-64-REVIEW-HANDOFF.md
	EndProjectSection
EndProject
Project("{2150E333-8FDC-42A3-9474-1A3956D46DE8}") = "Language", "Language", "{9417540E-253B-FFF9-D609-0695186A90F0}"
EndProject
Project("{2150E333-8FDC-42A3-9474-1A3956D46DE8}") = "Milestones", "Milestones", "{194C9F77-9308-D7CE-811D-9CF00F7C674A}"
EndProject
Project("{2150E333-8FDC-42A3-9474-1A3956D46DE8}") = "MM1", "MM1", "{CF75CBB2-C26E-E641-ECFB-BF0E83F0825A}"
EndProject
Project("{2150E333-8FDC-42A3-9474-1A3956D46DE8}") = "Projects", "Projects", "{E90A150D-FB5B-C113-BCE4-589BA45A8E01}"
EndProject
Project("{2150E333-8FDC-42A3-9474-1A3956D46DE8}") = "Reviews", "Reviews", "{773BD3B7-6519-6BCA-5D04-B5D9B36374D7}"
	ProjectSection(SolutionItems) = preProject
		docs/Reviews/arena-repl-review.md = docs/Reviews/arena-repl-review.md
		docs/Reviews/ARM64-QEMU-VERIFICATION.md = docs/Reviews/ARM64-QEMU-VERIFICATION.md
		docs/Reviews/cam-apply-chain-reuse-review.md = docs/Reviews/cam-apply-chain-reuse-review.md
		docs/Reviews/cam-cce-fixes-consolidated-review.md = docs/Reviews/cam-cce-fixes-consolidated-review.md
		docs/Reviews/cam-codex-emitter-dedup-scoring-review.md = docs/Reviews/cam-codex-emitter-dedup-scoring-review.md
		docs/Reviews/cam-codex-emitter-identity-backend-review.md = docs/Reviews/cam-codex-emitter-identity-backend-review.md
		docs/Reviews/cam-fix-bare-metal-closure-addr.md = docs/Reviews/cam-fix-bare-metal-closure-addr.md
		docs/Reviews/cam-fix-tco-binary-tail-position-review.md = docs/Reviews/cam-fix-tco-binary-tail-position-review.md
		docs/Reviews/cam-fixed-point-verified-review.md = docs/Reviews/cam-fixed-point-verified-review.md
		docs/Reviews/cam-floppy-disk-streaming-review.md = docs/Reviews/cam-floppy-disk-streaming-review.md
		docs/Reviews/cam-native-backend-parity.md = docs/Reviews/cam-native-backend-parity.md
		docs/Reviews/CAM-PHASE2C-REGION-RECLAMATION-REVIEW.md = docs/Reviews/CAM-PHASE2C-REGION-RECLAMATION-REVIEW.md
		docs/Reviews/cam-ring4-self-hosting.md = docs/Reviews/cam-ring4-self-hosting.md
		docs/Reviews/cce-native-text-review.md = docs/Reviews/cce-native-text-review.md
		docs/Reviews/CCE-PERF-IMPACT.md = docs/Reviews/CCE-PERF-IMPACT.md
		docs/Reviews/field-access-fix-handoff.md = docs/Reviews/field-access-fix-handoff.md
		docs/Reviews/HANDOFF-cam.md = docs/Reviews/HANDOFF-cam.md
		docs/Reviews/P2-HAMT-REVERT.md = docs/Reviews/P2-HAMT-REVERT.md
		docs/Reviews/parity-audit-2026-03-28.md = docs/Reviews/parity-audit-2026-03-28.md
		docs/Reviews/riscv-escape-copy-review.md = docs/Reviews/riscv-escape-copy-review.md
		docs/Reviews/riscv-parity-phases1-4-review.md = docs/Reviews/riscv-parity-phases1-4-review.md
		docs/Reviews/x86-64-backend-review.md = docs/Reviews/x86-64-backend-review.md
	EndProjectSection
EndProject
Project("{2150E333-8FDC-42A3-9474-1A3956D46DE8}") = "Stories", "Stories", "{F686D077-0E64-DF83-87B9-6F34C56B79A5}"
	ProjectSection(SolutionItems) = preProject
		docs/Stories/2bFixConfirm.md = docs/Stories/2bFixConfirm.md
		docs/Stories/2bFixConfirm2.md = docs/Stories/2bFixConfirm2.md
		docs/Stories/2bRootCause.md = docs/Stories/2bRootCause.md
		docs/Stories/AgentLinux.md = docs/Stories/AgentLinux.md
		docs/Stories/AgentLinuxInferno.md = docs/Stories/AgentLinuxInferno.md
		docs/Stories/Opus.md = docs/Stories/Opus.md
		docs/Stories/parser.md = docs/Stories/parser.md
		docs/Stories/PostFixedPointCleanUp-AUDIT.md = docs/Stories/PostFixedPointCleanUp-AUDIT.md
		docs/Stories/prompt.md = docs/Stories/prompt.md
		docs/Stories/REVIEW-NITS.md = docs/Stories/REVIEW-NITS.md
		docs/Stories/SelfHost.md = docs/Stories/SelfHost.md
		docs/Stories/THE-ASCENT.md = docs/Stories/THE-ASCENT.md
		docs/Stories/THE-LAST-PEAK.md = docs/Stories/THE-LAST-PEAK.md
		docs/Stories/x86-64.md = docs/Stories/x86-64.md
	EndProjectSection
EndProject
Project("{2150E333-8FDC-42A3-9474-1A3956D46DE8}") = "TestResults", "TestResults", "{86B3D042-711D-4FEC-BD5D-2EF5B399FDE2}"
	ProjectSection(SolutionItems) = preProject
		docs/TestResults/BOOTSTRAP-REPORT.md = docs/TestResults/BOOTSTRAP-REPORT.md
		docs/TestResults/bootstrap1-stage0.cs = docs/TestResults/bootstrap1-stage0.cs
		docs/TestResults/bootstrap1-stage1.cs = docs/TestResults/bootstrap1-stage1.cs
		docs/TestResults/bootstrap1-stage3.cs = docs/TestResults/bootstrap1-stage3.cs
		docs/TestResults/bootstrap2-stage1.codex = docs/TestResults/bootstrap2-stage1.codex
		docs/TestResults/bootstrap2-stage2.codex = docs/TestResults/bootstrap2-stage2.codex
		docs/TestResults/source.codex = docs/TestResults/source.codex
	EndProjectSection
EndProject
Project("{2150E333-8FDC-42A3-9474-1A3956D46DE8}") = "ToDo", "ToDo", "{85F7F72C-B933-4124-5B57-00177EBACA10}"
EndProject
Project("{2150E333-8FDC-42A3-9474-1A3956D46DE8}") = "User", "User", "{5CA5C698-94CE-ACF2-B8DC-1B82A0639084}"
	ProjectSection(SolutionItems) = preProject
		docs/User/MCP-SETUP.md = docs/User/MCP-SETUP.md
		docs/User/VSCODE-SETUP.md = docs/User/VSCODE-SETUP.md
	EndProjectSection
EndProject
Project("{2150E333-8FDC-42A3-9474-1A3956D46DE8}") = "Vision", "Vision", "{2815B51F-D299-B873-541F-3FB0CFD9F6E5}"
	ProjectSection(SolutionItems) = preProject
		docs/Vision/IntelligenceLayer.txt = docs/Vision/IntelligenceLayer.txt
		docs/Vision/NewRepository.txt = docs/Vision/NewRepository.txt
	EndProjectSection
EndProject
Project("{2150E333-8FDC-42A3-9474-1A3956D46DE8}") = "vscode", "vscode", "{0B4E7070-6420-0CDF-A8ED-35FF7905CC41}"
	ProjectSection(SolutionItems) = preProject
		.vscode/mcp.json = .vscode/mcp.json
	EndProjectSection
EndProject
Project("{FAE04EC0-301F-11D3-BF4B-00C04F79EFBC}") = "Codex.Codex", "Codex.Codex/Codex.Codex.csproj", "{F078666C-03DA-7182-2D03-13EBD7430862}"
EndProject
Project("{FAE04EC0-301F-11D3-BF4B-00C04F79EFBC}") = "Codex.Ast", "src/Codex.Ast/Codex.Ast.csproj", "{BB79E2D7-AFE6-AFEA-74B5-362503C5838C}"
EndProject
Project("{FAE04EC0-301F-11D3-BF4B-00C04F79EFBC}") = "Codex.Core", "src/Codex.Core/Codex.Core.csproj", "{2B1C4AE2-406E-6EB3-2E2B-CBD312627FC0}"
EndProject
Project("{FAE04EC0-301F-11D3-BF4B-00C04F79EFBC}") = "Codex.Emit.Ada", "src/Codex.Emit.Ada/Codex.Emit.Ada.csproj", "{81785685-5362-12AE-0FB1-B0191D4D2B37}"
EndProject
Project("{FAE04EC0-301F-11D3-BF4B-00C04F79EFBC}") = "Codex.Emit.Arm64", "src/Codex.Emit.Arm64/Codex.Emit.Arm64.csproj", "{3CBFD462-EA17-7D75-4D68-F823D5BC0AC7}"
EndProject
Project("{FAE04EC0-301F-11D3-BF4B-00C04F79EFBC}") = "Codex.Emit.Babbage", "src/Codex.Emit.Babbage/Codex.Emit.Babbage.csproj", "{B7E79B4F-0FA1-4FCF-3758-AC88B9F46F31}"
EndProject
Project("{FAE04EC0-301F-11D3-BF4B-00C04F79EFBC}") = "Codex.Emit.Cobol", "src/Codex.Emit.Cobol/Codex.Emit.Cobol.csproj", "{75886F99-6E65-0710-176F-EA561DA3DD14}"
EndProject
Project("{FAE04EC0-301F-11D3-BF4B-00C04F79EFBC}") = "Codex.Emit.Codex", "src/Codex.Emit.Codex/Codex.Emit.Codex.csproj", "{09AE261F-8A69-1DF7-356E-173DF7DE1210}"
EndProject
Project("{FAE04EC0-301F-11D3-BF4B-00C04F79EFBC}") = "Codex.Emit.Cpp", "src/Codex.Emit.Cpp/Codex.Emit.Cpp.csproj", "{357377BE-EFF7-5867-6ADD-F8DEA76AEFC4}"
EndProject
Project("{FAE04EC0-301F-11D3-BF4B-00C04F79EFBC}") = "Codex.Emit.CSharp", "src/Codex.Emit.CSharp/Codex.Emit.CSharp.csproj", "{A3B1233C-A95E-0BBB-0DB4-D69BBDABE016}"
EndProject
Project("{FAE04EC0-301F-11D3-BF4B-00C04F79EFBC}") = "Codex.Emit.Fortran", "src/Codex.Emit.Fortran/Codex.Emit.Fortran.csproj", "{5D6BE7CC-4C11-B677-8424-63BE3C7CE8A2}"
EndProject
Project("{FAE04EC0-301F-11D3-BF4B-00C04F79EFBC}") = "Codex.Emit.Go", "src/Codex.Emit.Go/Codex.Emit.Go.csproj", "{4E9DD524-C50A-618F-B96B-284A4DBC016F}"
EndProject
Project("{FAE04EC0-301F-11D3-BF4B-00C04F79EFBC}") = "Codex.Emit.IL", "src/Codex.Emit.IL/Codex.Emit.IL.csproj", "{C6BABAB3-C429-8703-7C00-14B6A27D3B44}"
EndProject
Project("{FAE04EC0-301F-11D3-BF4B-00C04F79EFBC}") = "Codex.Emit.Java", "src/Codex.Emit.Java/Codex.Emit.Java.csproj", "{98845643-2D6A-DA9C-C09E-BA25AAD16287}"
EndProject
Project("{FAE04EC0-301F-11D3-BF4B-00C04F79EFBC}") = "Codex.Emit.JavaScript", "src/Codex.Emit.JavaScript/Codex.Emit.JavaScript.csproj", "{31A69963-A027-1CE3-FD04-0DB813D01E8B}"
EndProject
Project("{FAE04EC0-301F-11D3-BF4B-00C04F79EFBC}") = "Codex.Emit.Python", "src/Codex.Emit.Python/Codex.Emit.Python.csproj", "{4739DC7F-CF9E-5ECE-5293-14390D51D41D}"
EndProject
Project("{FAE04EC0-301F-11D3-BF4B-00C04F79EFBC}") = "Codex.Emit.RiscV", "src/Codex.Emit.RiscV/Codex.Emit.RiscV.csproj", "{E7BB10C2-1607-58A9-0B7F-F2CA428DCB57}"
EndProject
Project("{FAE04EC0-301F-11D3-BF4B-00C04F79EFBC}") = "Codex.Emit.Rust", "src/Codex.Emit.Rust/Codex.Emit.Rust.csproj", "{FA09BC7E-6792-F758-ADBB-51C5E50564DF}"
EndProject
Project("{FAE04EC0-301F-11D3-BF4B-00C04F79EFBC}") = "Codex.Emit.Wasm", "src/Codex.Emit.Wasm/Codex.Emit.Wasm.csproj", "{4A4AC79C-6133-EE42-F9E3-60BBFCA0796D}"
EndProject
Project("{FAE04EC0-301F-11D3-BF4B-00C04F79EFBC}") = "Codex.Emit.X86_64", "src/Codex.Emit.X86_64/Codex.Emit.X86_64.csproj", "{4D0505D9-DA1C-89A4-8424-A2FF02616C46}"
EndProject
Project("{FAE04EC0-301F-11D3-BF4B-00C04F79EFBC}") = "Codex.Emit", "src/Codex.Emit/Codex.Emit.csproj", "{635606E7-BE26-DA64-9D17-EE6738FA8360}"
EndProject
Project("{FAE04EC0-301F-11D3-BF4B-00C04F79EFBC}") = "Codex.IR", "src/Codex.IR/Codex.IR.csproj", "{0BC94ACC-0407-9C59-DF1D-17ED36DF1EE3}"
EndProject
Project("{FAE04EC0-301F-11D3-BF4B-00C04F79EFBC}") = "Codex.Lsp", "src/Codex.Lsp/Codex.Lsp.csproj", "{9FC8373A-B242-ABBB-4E80-F82C03D68AC2}"
EndProject
Project("{FAE04EC0-301F-11D3-BF4B-00C04F79EFBC}") = "Codex.Narration", "src/Codex.Narration/Codex.Narration.csproj", "{9604175C-AF90-1ED2-5E51-D9C84622175C}"
EndProject
Project("{FAE04EC0-301F-11D3-BF4B-00C04F79EFBC}") = "Codex.Proofs", "src/Codex.Proofs/Codex.Proofs.csproj", "{C36C5743-7718-B830-42E7-B9ED73EFCA12}"
EndProject
Project("{FAE04EC0-301F-11D3-BF4B-00C04F79EFBC}") = "Codex.Repository", "src/Codex.Repository/Codex.Repository.csproj", "{DC71CD07-48AB-E83E-2A2E-B93120662B38}"
EndProject
Project("{FAE04EC0-301F-11D3-BF4B-00C04F79EFBC}") = "Codex.Semantics", "src/Codex.Semantics/Codex.Semantics.csproj", "{568ADAEB-2885-AB55-A786-C864294AD49D}"
EndProject
Project("{FAE04EC0-301F-11D3-BF4B-00C04F79EFBC}") = "Codex.Syntax", "src/Codex.Syntax/Codex.Syntax.csproj", "{21F7E60F-26D7-610D-AB2B-97CFB27DB45E}"
EndProject
Project("{FAE04EC0-301F-11D3-BF4B-00C04F79EFBC}") = "Codex.Types", "src/Codex.Types/Codex.Types.csproj", "{9D4600C4-9C2B-BB44-015F-49D420695A41}"
EndProject
Project("{FAE04EC0-301F-11D3-BF4B-00C04F79EFBC}") = "Codex.AgentToolkit.Tests", "tests/Codex.AgentToolkit.Tests/Codex.AgentToolkit.Tests.csproj", "{19DD312D-8E17-372C-C7EE-CA11D6071F39}"
EndProject
Project("{FAE04EC0-301F-11D3-BF4B-00C04F79EFBC}") = "Codex.Ast.Tests", "tests/Codex.Ast.Tests/Codex.Ast.Tests.csproj", "{ECC3FA21-B6DB-B9EA-1F1E-C1D26AF22896}"
EndProject
Project("{FAE04EC0-301F-11D3-BF4B-00C04F79EFBC}") = "Codex.Bootstrap.Tests", "tests/Codex.Bootstrap.Tests/Codex.Bootstrap.Tests.csproj", "{29ED7DC9-6118-F1B6-384A-45BEE3AB4A82}"
EndProject
Project("{FAE04EC0-301F-11D3-BF4B-00C04F79EFBC}") = "Codex.Core.Tests", "tests/Codex.Core.Tests/Codex.Core.Tests.csproj", "{E774B171-4F77-6CE2-DA47-D9D450C12C62}"
EndProject
Project("{FAE04EC0-301F-11D3-BF4B-00C04F79EFBC}") = "Codex.Emit.Tests", "tests/Codex.Emit.Tests/Codex.Emit.Tests.csproj", "{8D34DA9B-A78A-5465-1FD5-F77F299DC917}"
EndProject
Project("{FAE04EC0-301F-11D3-BF4B-00C04F79EFBC}") = "Codex.Lsp.Tests", "tests/Codex.Lsp.Tests/Codex.Lsp.Tests.csproj", "{334D08ED-BD10-601C-7029-D0C217C2B866}"
EndProject
Project("{FAE04EC0-301F-11D3-BF4B-00C04F79EFBC}") = "Codex.Repository.Tests", "tests/Codex.Repository.Tests/Codex.Repository.Tests.csproj", "{BA293D74-D29E-ADB7-0196-1E5E996DBE8E}"
EndProject
Project("{FAE04EC0-301F-11D3-BF4B-00C04F79EFBC}") = "Codex.Semantics.Tests", "tests/Codex.Semantics.Tests/Codex.Semantics.Tests.csproj", "{32250E49-1E90-668A-67C2-EB7CCBA89A48}"
EndProject
Project("{FAE04EC0-301F-11D3-BF4B-00C04F79EFBC}") = "Codex.Syntax.Tests", "tests/Codex.Syntax.Tests/Codex.Syntax.Tests.csproj", "{83A64250-730F-6DC7-5BF2-C504138553BB}"
EndProject
Project("{FAE04EC0-301F-11D3-BF4B-00C04F79EFBC}") = "Codex.Types.Tests", "tests/Codex.Types.Tests/Codex.Types.Tests.csproj", "{6451F114-D317-C104-7F90-CB792BE69AE0}"
EndProject
Project("{FAE04EC0-301F-11D3-BF4B-00C04F79EFBC}") = "Codex.Bootstrap", "tools/Codex.Bootstrap/Codex.Bootstrap.csproj", "{A19972C6-ACF4-D31A-614A-BA296CC72D24}"
EndProject
Project("{FAE04EC0-301F-11D3-BF4B-00C04F79EFBC}") = "Codex.Cli", "tools/Codex.Cli/Codex.Cli.csproj", "{969465DC-FDBD-27D3-99B1-F7C9E3069395}"
EndProject
Project("{FAE04EC0-301F-11D3-BF4B-00C04F79EFBC}") = "Codex.Mcp", "tools/Codex.Mcp/Codex.Mcp.csproj", "{56A022A7-D8A9-3ECC-388D-3C928C42CCA5}"
EndProject
Project("{FAE04EC0-301F-11D3-BF4B-00C04F79EFBC}") = "Codex.VsExtension", "tools/Codex.VsExtension/Codex.VsExtension.csproj", "{3D186023-7555-E4AE-D2AC-647A078274F2}"
EndProject
Global
	GlobalSection(SolutionConfigurationPlatforms) = preSolution
		Debug|Any CPU = Debug|Any CPU
		Debug|x64 = Debug|x64
		Debug|x86 = Debug|x86
		Release|Any CPU = Release|Any CPU
		Release|x64 = Release|x64
		Release|x86 = Release|x86
	EndGlobalSection
	GlobalSection(ProjectConfigurationPlatforms) = postSolution
		{F078666C-03DA-7182-2D03-13EBD7430862}.Debug|Any CPU.ActiveCfg = Debug|Any CPU
		{F078666C-03DA-7182-2D03-13EBD7430862}.Debug|Any CPU.Build.0 = Debug|Any CPU
		{F078666C-03DA-7182-2D03-13EBD7430862}.Debug|x64.ActiveCfg = Debug|Any CPU
		{F078666C-03DA-7182-2D03-13EBD7430862}.Debug|x64.Build.0 = Debug|Any CPU
		{F078666C-03DA-7182-2D03-13EBD7430862}.Debug|x86.ActiveCfg = Debug|Any CPU
		{F078666C-03DA-7182-2D03-13EBD7430862}.Debug|x86.Build.0 = Debug|Any CPU
		{F078666C-03DA-7182-2D03-13EBD7430862}.Release|Any CPU.ActiveCfg = Debug|Any CPU
		{F078666C-03DA-7182-2D03-13EBD7430862}.Release|Any CPU.Build.0 = Debug|Any CPU
		{F078666C-03DA-7182-2D03-13EBD7430862}.Release|x64.ActiveCfg = Debug|Any CPU
		{F078666C-03DA-7182-2D03-13EBD7430862}.Release|x64.Build.0 = Debug|Any CPU
		{F078666C-03DA-7182-2D03-13EBD7430862}.Release|x86.ActiveCfg = Debug|Any CPU
		{F078666C-03DA-7182-2D03-13EBD7430862}.Release|x86.Build.0 = Debug|Any CPU
		{BB79E2D7-AFE6-AFEA-74B5-362503C5838C}.Debug|Any CPU.ActiveCfg = Debug|Any CPU
		{BB79E2D7-AFE6-AFEA-74B5-362503C5838C}.Debug|Any CPU.Build.0 = Debug|Any CPU
		{BB79E2D7-AFE6-AFEA-74B5-362503C5838C}.Debug|x64.ActiveCfg = Debug|Any CPU
		{BB79E2D7-AFE6-AFEA-74B5-362503C5838C}.Debug|x64.Build.0 = Debug|Any CPU
		{BB79E2D7-AFE6-AFEA-74B5-362503C5838C}.Debug|x86.ActiveCfg = Debug|Any CPU
		{BB79E2D7-AFE6-AFEA-74B5-362503C5838C}.Debug|x86.Build.0 = Debug|Any CPU
		{BB79E2D7-AFE6-AFEA-74B5-362503C5838C}.Release|Any CPU.ActiveCfg = Debug|Any CPU
		{BB79E2D7-AFE6-AFEA-74B5-362503C5838C}.Release|Any CPU.Build.0 = Debug|Any CPU
		{BB79E2D7-AFE6-AFEA-74B5-362503C5838C}.Release|x64.ActiveCfg = Debug|Any CPU
		{BB79E2D7-AFE6-AFEA-74B5-362503C5838C}.Release|x64.Build.0 = Debug|Any CPU
		{BB79E2D7-AFE6-AFEA-74B5-362503C5838C}.Release|x86.ActiveCfg = Debug|Any CPU
		{BB79E2D7-AFE6-AFEA-74B5-362503C5838C}.Release|x86.Build.0 = Debug|Any CPU
		{2B1C4AE2-406E-6EB3-2E2B-CBD312627FC0}.Debug|Any CPU.ActiveCfg = Debug|Any CPU
		{2B1C4AE2-406E-6EB3-2E2B-CBD312627FC0}.Debug|Any CPU.Build.0 = Debug|Any CPU
		{2B1C4AE2-406E-6EB3-2E2B-CBD312627FC0}.Debug|x64.ActiveCfg = Debug|Any CPU
		{2B1C4AE2-406E-6EB3-2E2B-CBD312627FC0}.Debug|x64.Build.0 = Debug|Any CPU
		{2B1C4AE2-406E-6EB3-2E2B-CBD312627FC0}.Debug|x86.ActiveCfg = Debug|Any CPU
		{2B1C4AE2-406E-6EB3-2E2B-CBD312627FC0}.Debug|x86.Build.0 = Debug|Any CPU
		{2B1C4AE2-406E-6EB3-2E2B-CBD312627FC0}.Release|Any CPU.ActiveCfg = Debug|Any CPU
		{2B1C4AE2-406E-6EB3-2E2B-CBD312627FC0}.Release|Any CPU.Build.0 = Debug|Any CPU
		{2B1C4AE2-406E-6EB3-2E2B-CBD312627FC0}.Release|x64.ActiveCfg = Debug|Any CPU
		{2B1C4AE2-406E-6EB3-2E2B-CBD312627FC0}.Release|x64.Build.0 = Debug|Any CPU
		{2B1C4AE2-406E-6EB3-2E2B-CBD312627FC0}.Release|x86.ActiveCfg = Debug|Any CPU
		{2B1C4AE2-406E-6EB3-2E2B-CBD312627FC0}.Release|x86.Build.0 = Debug|Any CPU
		{81785685-5362-12AE-0FB1-B0191D4D2B37}.Debug|Any CPU.ActiveCfg = Debug|Any CPU
		{81785685-5362-12AE-0FB1-B0191D4D2B37}.Debug|Any CPU.Build.0 = Debug|Any CPU
		{81785685-5362-12AE-0FB1-B0191D4D2B37}.Debug|x64.ActiveCfg = Debug|Any CPU
		{81785685-5362-12AE-0FB1-B0191D4D2B37}.Debug|x64.Build.0 = Debug|Any CPU
		{81785685-5362-12AE-0FB1-B0191D4D2B37}.Debug|x86.ActiveCfg = Debug|Any CPU
		{81785685-5362-12AE-0FB1-B0191D4D2B37}.Debug|x86.Build.0 = Debug|Any CPU
		{81785685-5362-12AE-0FB1-B0191D4D2B37}.Release|Any CPU.ActiveCfg = Debug|Any CPU
		{81785685-5362-12AE-0FB1-B0191D4D2B37}.Release|Any CPU.Build.0 = Debug|Any CPU
		{81785685-5362-12AE-0FB1-B0191D4D2B37}.Release|x64.ActiveCfg = Debug|Any CPU
		{81785685-5362-12AE-0FB1-B0191D4D2B37}.Release|x64.Build.0 = Debug|Any CPU
		{81785685-5362-12AE-0FB1-B0191D4D2B37}.Release|x86.ActiveCfg = Debug|Any CPU
		{81785685-5362-12AE-0FB1-B0191D4D2B37}.Release|x86.Build.0 = Debug|Any CPU
		{3CBFD462-EA17-7D75-4D68-F823D5BC0AC7}.Debug|Any CPU.ActiveCfg = Debug|Any CPU
		{3CBFD462-EA17-7D75-4D68-F823D5BC0AC7}.Debug|Any CPU.Build.0 = Debug|Any CPU
		{3CBFD462-EA17-7D75-4D68-F823D5BC0AC7}.Debug|x64.ActiveCfg = Debug|Any CPU
		{3CBFD462-EA17-7D75-4D68-F823D5BC0AC7}.Debug|x64.Build.0 = Debug|Any CPU
		{3CBFD462-EA17-7D75-4D68-F823D5BC0AC7}.Debug|x86.ActiveCfg = Debug|Any CPU
		{3CBFD462-EA17-7D75-4D68-F823D5BC0AC7}.Debug|x86.Build.0 = Debug|Any CPU
		{3CBFD462-EA17-7D75-4D68-F823D5BC0AC7}.Release|Any CPU.ActiveCfg = Debug|Any CPU
		{3CBFD462-EA17-7D75-4D68-F823D5BC0AC7}.Release|Any CPU.Build.0 = Debug|Any CPU
		{3CBFD462-EA17-7D75-4D68-F823D5BC0AC7}.Release|x64.ActiveCfg = Debug|Any CPU
		{3CBFD462-EA17-7D75-4D68-F823D5BC0AC7}.Release|x64.Build.0 = Debug|Any CPU
		{3CBFD462-EA17-7D75-4D68-F823D5BC0AC7}.Release|x86.ActiveCfg = Debug|Any CPU
		{3CBFD462-EA17-7D75-4D68-F823D5BC0AC7}.Release|x86.Build.0 = Debug|Any CPU
		{B7E79B4F-0FA1-4FCF-3758-AC88B9F46F31}.Debug|Any CPU.ActiveCfg = Debug|Any CPU
		{B7E79B4F-0FA1-4FCF-3758-AC88B9F46F31}.Debug|Any CPU.Build.0 = Debug|Any CPU
		{B7E79B4F-0FA1-4FCF-3758-AC88B9F46F31}.Debug|x64.ActiveCfg = Debug|Any CPU
		{B7E79B4F-0FA1-4FCF-3758-AC88B9F46F31}.Debug|x64.Build.0 = Debug|Any CPU
		{B7E79B4F-0FA1-4FCF-3758-AC88B9F46F31}.Debug|x86.ActiveCfg = Debug|Any CPU
		{B7E79B4F-0FA1-4FCF-3758-AC88B9F46F31}.Debug|x86.Build.0 = Debug|Any CPU
		{B7E79B4F-0FA1-4FCF-3758-AC88B9F46F31}.Release|Any CPU.ActiveCfg = Debug|Any CPU
		{B7E79B4F-0FA1-4FCF-3758-AC88B9F46F31}.Release|Any CPU.Build.0 = Debug|Any CPU
		{B7E79B4F-0FA1-4FCF-3758-AC88B9F46F31}.Release|x64.ActiveCfg = Debug|Any CPU
		{B7E79B4F-0FA1-4FCF-3758-AC88B9F46F31}.Release|x64.Build.0 = Debug|Any CPU
		{B7E79B4F-0FA1-4FCF-3758-AC88B9F46F31}.Release|x86.ActiveCfg = Debug|Any CPU
		{B7E79B4F-0FA1-4FCF-3758-AC88B9F46F31}.Release|x86.Build.0 = Debug|Any CPU
		{75886F99-6E65-0710-176F-EA561DA3DD14}.Debug|Any CPU.ActiveCfg = Debug|Any CPU
		{75886F99-6E65-0710-176F-EA561DA3DD14}.Debug|Any CPU.Build.0 = Debug|Any CPU
		{75886F99-6E65-0710-176F-EA561DA3DD14}.Debug|x64.ActiveCfg = Debug|Any CPU
		{75886F99-6E65-0710-176F-EA561DA3DD14}.Debug|x64.Build.0 = Debug|Any CPU
		{75886F99-6E65-0710-176F-EA561DA3DD14}.Debug|x86.ActiveCfg = Debug|Any CPU
		{75886F99-6E65-0710-176F-EA561DA3DD14}.Debug|x86.Build.0 = Debug|Any CPU
		{75886F99-6E65-0710-176F-EA561DA3DD14}.Release|Any CPU.ActiveCfg = Debug|Any CPU
		{75886F99-6E65-0710-176F-EA561DA3DD14}.Release|Any CPU.Build.0 = Debug|Any CPU
		{75886F99-6E65-0710-176F-EA561DA3DD14}.Release|x64.ActiveCfg = Debug|Any CPU
		{75886F99-6E65-0710-176F-EA561DA3DD14}.Release|x64.Build.0 = Debug|Any CPU
		{75886F99-6E65-0710-176F-EA561DA3DD14}.Release|x86.ActiveCfg = Debug|Any CPU
		{75886F99-6E65-0710-176F-EA561DA3DD14}.Release|x86.Build.0 = Debug|Any CPU
		{09AE261F-8A69-1DF7-356E-173DF7DE1210}.Debug|Any CPU.ActiveCfg = Debug|Any CPU
		{09AE261F-8A69-1DF7-356E-173DF7DE1210}.Debug|Any CPU.Build.0 = Debug|Any CPU
		{09AE261F-8A69-1DF7-356E-173DF7DE1210}.Debug|x64.ActiveCfg = Debug|Any CPU
		{09AE261F-8A69-1DF7-356E-173DF7DE1210}.Debug|x64.Build.0 = Debug|Any CPU
		{09AE261F-8A69-1DF7-356E-173DF7DE1210}.Debug|x86.ActiveCfg = Debug|Any CPU
		{09AE261F-8A69-1DF7-356E-173DF7DE1210}.Debug|x86.Build.0 = Debug|Any CPU
		{09AE261F-8A69-1DF7-356E-173DF7DE1210}.Release|Any CPU.ActiveCfg = Debug|Any CPU
		{09AE261F-8A69-1DF7-356E-173DF7DE1210}.Release|Any CPU.Build.0 = Debug|Any CPU
		{09AE261F-8A69-1DF7-356E-173DF7DE1210}.Release|x64.ActiveCfg = Debug|Any CPU
		{09AE261F-8A69-1DF7-356E-173DF7DE1210}.Release|x64.Build.0 = Debug|Any CPU
		{09AE261F-8A69-1DF7-356E-173DF7DE1210}.Release|x86.ActiveCfg = Debug|Any CPU
		{09AE261F-8A69-1DF7-356E-173DF7DE1210}.Release|x86.Build.0 = Debug|Any CPU
		{357377BE-EFF7-5867-6ADD-F8DEA76AEFC4}.Debug|Any CPU.ActiveCfg = Debug|Any CPU
		{357377BE-EFF7-5867-6ADD-F8DEA76AEFC4}.Debug|Any CPU.Build.0 = Debug|Any CPU
		{357377BE-EFF7-5867-6ADD-F8DEA76AEFC4}.Debug|x64.ActiveCfg = Debug|Any CPU
		{357377BE-EFF7-5867-6ADD-F8DEA76AEFC4}.Debug|x64.Build.0 = Debug|Any CPU
		{357377BE-EFF7-5867-6ADD-F8DEA76AEFC4}.Debug|x86.ActiveCfg = Debug|Any CPU
		{357377BE-EFF7-5867-6ADD-F8DEA76AEFC4}.Debug|x86.Build.0 = Debug|Any CPU
		{357377BE-EFF7-5867-6ADD-F8DEA76AEFC4}.Release|Any CPU.ActiveCfg = Debug|Any CPU
		{357377BE-EFF7-5867-6ADD-F8DEA76AEFC4}.Release|Any CPU.Build.0 = Debug|Any CPU
		{357377BE-EFF7-5867-6ADD-F8DEA76AEFC4}.Release|x64.ActiveCfg = Debug|Any CPU
		{357377BE-EFF7-5867-6ADD-F8DEA76AEFC4}.Release|x64.Build.0 = Debug|Any CPU
		{357377BE-EFF7-5867-6ADD-F8DEA76AEFC4}.Release|x86.ActiveCfg = Debug|Any CPU
		{357377BE-EFF7-5867-6ADD-F8DEA76AEFC4}.Release|x86.Build.0 = Debug|Any CPU
		{A3B1233C-A95E-0BBB-0DB4-D69BBDABE016}.Debug|Any CPU.ActiveCfg = Debug|Any CPU
		{A3B1233C-A95E-0BBB-0DB4-D69BBDABE016}.Debug|Any CPU.Build.0 = Debug|Any CPU
		{A3B1233C-A95E-0BBB-0DB4-D69BBDABE016}.Debug|x64.ActiveCfg = Debug|Any CPU
		{A3B1233C-A95E-0BBB-0DB4-D69BBDABE016}.Debug|x64.Build.0 = Debug|Any CPU
		{A3B1233C-A95E-0BBB-0DB4-D69BBDABE016}.Debug|x86.ActiveCfg = Debug|Any CPU
		{A3B1233C-A95E-0BBB-0DB4-D69BBDABE016}.Debug|x86.Build.0 = Debug|Any CPU
		{A3B1233C-A95E-0BBB-0DB4-D69BBDABE016}.Release|Any CPU.ActiveCfg = Debug|Any CPU
		{A3B1233C-A95E-0BBB-0DB4-D69BBDABE016}.Release|Any CPU.Build.0 = Debug|Any CPU
		{A3B1233C-A95E-0BBB-0DB4-D69BBDABE016}.Release|x64.ActiveCfg = Debug|Any CPU
		{A3B1233C-A95E-0BBB-0DB4-D69BBDABE016}.Release|x64.Build.0 = Debug|Any CPU
		{A3B1233C-A95E-0BBB-0DB4-D69BBDABE016}.Release|x86.ActiveCfg = Debug|Any CPU
		{A3B1233C-A95E-0BBB-0DB4-D69BBDABE016}.Release|x86.Build.0 = Debug|Any CPU
		{5D6BE7CC-4C11-B677-8424-63BE3C7CE8A2}.Debug|Any CPU.ActiveCfg = Debug|Any CPU
		{5D6BE7CC-4C11-B677-8424-63BE3C7CE8A2}.Debug|Any CPU.Build.0 = Debug|Any CPU
		{5D6BE7CC-4C11-B677-8424-63BE3C7CE8A2}.Debug|x64.ActiveCfg = Debug|Any CPU
		{5D6BE7CC-4C11-B677-8424-63BE3C7CE8A2}.Debug|x64.Build.0 = Debug|Any CPU
		{5D6BE7CC-4C11-B677-8424-63BE3C7CE8A2}.Debug|x86.ActiveCfg = Debug|Any CPU
		{5D6BE7CC-4C11-B677-8424-63BE3C7CE8A2}.Debug|x86.Build.0 = Debug|Any CPU
		{5D6BE7CC-4C11-B677-8424-63BE3C7CE8A2}.Release|Any CPU.ActiveCfg = Debug|Any CPU
		{5D6BE7CC-4C11-B677-8424-63BE3C7CE8A2}.Release|Any CPU.Build.0 = Debug|Any CPU
		{5D6BE7CC-4C11-B677-8424-63BE3C7CE8A2}.Release|x64.ActiveCfg = Debug|Any CPU
		{5D6BE7CC-4C11-B677-8424-63BE3C7CE8A2}.Release|x64.Build.0 = Debug|Any CPU
		{5D6BE7CC-4C11-B677-8424-63BE3C7CE8A2}.Release|x86.ActiveCfg = Debug|Any CPU
		{5D6BE7CC-4C11-B677-8424-63BE3C7CE8A2}.Release|x86.Build.0 = Debug|Any CPU
		{4E9DD524-C50A-618F-B96B-284A4DBC016F}.Debug|Any CPU.ActiveCfg = Debug|Any CPU
		{4E9DD524-C50A-618F-B96B-284A4DBC016F}.Debug|Any CPU.Build.0 = Debug|Any CPU
		{4E9DD524-C50A-618F-B96B-284A4DBC016F}.Debug|x64.ActiveCfg = Debug|Any CPU
		{4E9DD524-C50A-618F-B96B-284A4DBC016F}.Debug|x64.Build.0 = Debug|Any CPU
		{4E9DD524-C50A-618F-B96B-284A4DBC016F}.Debug|x86.ActiveCfg = Debug|Any CPU
		{4E9DD524-C50A-618F-B96B-284A4DBC016F}.Debug|x86.Build.0 = Debug|Any CPU
		{4E9DD524-C50A-618F-B96B-284A4DBC016F}.Release|Any CPU.ActiveCfg = Debug|Any CPU
		{4E9DD524-C50A-618F-B96B-284A4DBC016F}.Release|Any CPU.Build.0 = Debug|Any CPU
		{4E9DD524-C50A-618F-B96B-284A4DBC016F}.Release|x64.ActiveCfg = Debug|Any CPU
		{4E9DD524-C50A-618F-B96B-284A4DBC016F}.Release|x64.Build.0 = Debug|Any CPU
		{4E9DD524-C50A-618F-B96B-284A4DBC016F}.Release|x86.ActiveCfg = Debug|Any CPU
		{4E9DD524-C50A-618F-B96B-284A4DBC016F}.Release|x86.Build.0 = Debug|Any CPU
		{C6BABAB3-C429-8703-7C00-14B6A27D3B44}.Debug|Any CPU.ActiveCfg = Debug|Any CPU
		{C6BABAB3-C429-8703-7C00-14B6A27D3B44}.Debug|Any CPU.Build.0 = Debug|Any CPU
		{C6BABAB3-C429-8703-7C00-14B6A27D3B44}.Debug|x64.ActiveCfg = Debug|Any CPU
		{C6BABAB3-C429-8703-7C00-14B6A27D3B44}.Debug|x64.Build.0 = Debug|Any CPU
		{C6BABAB3-C429-8703-7C00-14B6A27D3B44}.Debug|x86.ActiveCfg = Debug|Any CPU
		{C6BABAB3-C429-8703-7C00-14B6A27D3B44}.Debug|x86.Build.0 = Debug|Any CPU
		{C6BABAB3-C429-8703-7C00-14B6A27D3B44}.Release|Any CPU.ActiveCfg = Debug|Any CPU
		{C6BABAB3-C429-8703-7C00-14B6A27D3B44}.Release|Any CPU.Build.0 = Debug|Any CPU
		{C6BABAB3-C429-8703-7C00-14B6A27D3B44}.Release|x64.ActiveCfg = Debug|Any CPU
		{C6BABAB3-C429-8703-7C00-14B6A27D3B44}.Release|x64.Build.0 = Debug|Any CPU
		{C6BABAB3-C429-8703-7C00-14B6A27D3B44}.Release|x86.ActiveCfg = Debug|Any CPU
		{C6BABAB3-C429-8703-7C00-14B6A27D3B44}.Release|x86.Build.0 = Debug|Any CPU
		{98845643-2D6A-DA9C-C09E-BA25AAD16287}.Debug|Any CPU.ActiveCfg = Debug|Any CPU
		{98845643-2D6A-DA9C-C09E-BA25AAD16287}.Debug|Any CPU.Build.0 = Debug|Any CPU
		{98845643-2D6A-DA9C-C09E-BA25AAD16287}.Debug|x64.ActiveCfg = Debug|Any CPU
		{98845643-2D6A-DA9C-C09E-BA25AAD16287}.Debug|x64.Build.0 = Debug|Any CPU
		{98845643-2D6A-DA9C-C09E-BA25AAD16287}.Debug|x86.ActiveCfg = Debug|Any CPU
		{98845643-2D6A-DA9C-C09E-BA25AAD16287}.Debug|x86.Build.0 = Debug|Any CPU
		{98845643-2D6A-DA9C-C09E-BA25AAD16287}.Release|Any CPU.ActiveCfg = Debug|Any CPU
		{98845643-2D6A-DA9C-C09E-BA25AAD16287}.Release|Any CPU.Build.0 = Debug|Any CPU
		{98845643-2D6A-DA9C-C09E-BA25AAD16287}.Release|x64.ActiveCfg = Debug|Any CPU
		{98845643-2D6A-DA9C-C09E-BA25AAD16287}.Release|x64.Build.0 = Debug|Any CPU
		{98845643-2D6A-DA9C-C09E-BA25AAD16287}.Release|x86.ActiveCfg = Debug|Any CPU
		{98845643-2D6A-DA9C-C09E-BA25AAD16287}.Release|x86.Build.0 = Debug|Any CPU
		{31A69963-A027-1CE3-FD04-0DB813D01E8B}.Debug|Any CPU.ActiveCfg = Debug|Any CPU
		{31A69963-A027-1CE3-FD04-0DB813D01E8B}.Debug|Any CPU.Build.0 = Debug|Any CPU
		{31A69963-A027-1CE3-FD04-0DB813D01E8B}.Debug|x64.ActiveCfg = Debug|Any CPU
		{31A69963-A027-1CE3-FD04-0DB813D01E8B}.Debug|x64.Build.0 = Debug|Any CPU
		{31A69963-A027-1CE3-FD04-0DB813D01E8B}.Debug|x86.ActiveCfg = Debug|Any CPU
		{31A69963-A027-1CE3-FD04-0DB813D01E8B}.Debug|x86.Build.0 = Debug|Any CPU
		{31A69963-A027-1CE3-FD04-0DB813D01E8B}.Release|Any CPU.ActiveCfg = Debug|Any CPU
		{31A69963-A027-1CE3-FD04-0DB813D01E8B}.Release|Any CPU.Build.0 = Debug|Any CPU
		{31A69963-A027-1CE3-FD04-0DB813D01E8B}.Release|x64.ActiveCfg = Debug|Any CPU
		{31A69963-A027-1CE3-FD04-0DB813D01E8B}.Release|x64.Build.0 = Debug|Any CPU
		{31A69963-A027-1CE3-FD04-0DB813D01E8B}.Release|x86.ActiveCfg = Debug|Any CPU
		{31A69963-A027-1CE3-FD04-0DB813D01E8B}.Release|x86.Build.0 = Debug|Any CPU
		{4739DC7F-CF9E-5ECE-5293-14390D51D41D}.Debug|Any CPU.ActiveCfg = Debug|Any CPU
		{4739DC7F-CF9E-5ECE-5293-14390D51D41D}.Debug|Any CPU.Build.0 = Debug|Any CPU
		{4739DC7F-CF9E-5ECE-5293-14390D51D41D}.Debug|x64.ActiveCfg = Debug|Any CPU
		{4739DC7F-CF9E-5ECE-5293-14390D51D41D}.Debug|x64.Build.0 = Debug|Any CPU
		{4739DC7F-CF9E-5ECE-5293-14390D51D41D}.Debug|x86.ActiveCfg = Debug|Any CPU
		{4739DC7F-CF9E-5ECE-5293-14390D51D41D}.Debug|x86.Build.0 = Debug|Any CPU
		{4739DC7F-CF9E-5ECE-5293-14390D51D41D}.Release|Any CPU.ActiveCfg = Debug|Any CPU
		{4739DC7F-CF9E-5ECE-5293-14390D51D41D}.Release|Any CPU.Build.0 = Debug|Any CPU
		{4739DC7F-CF9E-5ECE-5293-14390D51D41D}.Release|x64.ActiveCfg = Debug|Any CPU
		{4739DC7F-CF9E-5ECE-5293-14390D51D41D}.Release|x64.Build.0 = Debug|Any CPU
		{4739DC7F-CF9E-5ECE-5293-14390D51D41D}.Release|x86.ActiveCfg = Debug|Any CPU
		{4739DC7F-CF9E-5ECE-5293-14390D51D41D}.Release|x86.Build.0 = Debug|Any CPU
		{E7BB10C2-1607-58A9-0B7F-F2CA428DCB57}.Debug|Any CPU.ActiveCfg = Debug|Any CPU
		{E7BB10C2-1607-58A9-0B7F-F2CA428DCB57}.Debug|Any CPU.Build.0 = Debug|Any CPU
		{E7BB10C2-1607-58A9-0B7F-F2CA428DCB57}.Debug|x64.ActiveCfg = Debug|Any CPU
		{E7BB10C2-1607-58A9-0B7F-F2CA428DCB57}.Debug|x64.Build.0 = Debug|Any CPU
		{E7BB10C2-1607-58A9-0B7F-F2CA428DCB57}.Debug|x86.ActiveCfg = Debug|Any CPU
		{E7BB10C2-1607-58A9-0B7F-F2CA428DCB57}.Debug|x86.Build.0 = Debug|Any CPU
		{E7BB10C2-1607-58A9-0B7F-F2CA428DCB57}.Release|Any CPU.ActiveCfg = Debug|Any CPU
		{E7BB10C2-1607-58A9-0B7F-F2CA428DCB57}.Release|Any CPU.Build.0 = Debug|Any CPU
		{E7BB10C2-1607-58A9-0B7F-F2CA428DCB57}.Release|x64.ActiveCfg = Debug|Any CPU
		{E7BB10C2-1607-58A9-0B7F-F2CA428DCB57}.Release|x64.Build.0 = Debug|Any CPU
		{E7BB10C2-1607-58A9-0B7F-F2CA428DCB57}.Release|x86.ActiveCfg = Debug|Any CPU
		{E7BB10C2-1607-58A9-0B7F-F2CA428DCB57}.Release|x86.Build.0 = Debug|Any CPU
		{FA09BC7E-6792-F758-ADBB-51C5E50564DF}.Debug|Any CPU.ActiveCfg = Debug|Any CPU
		{FA09BC7E-6792-F758-ADBB-51C5E50564DF}.Debug|Any CPU.Build.0 = Debug|Any CPU
		{FA09BC7E-6792-F758-ADBB-51C5E50564DF}.Debug|x64.ActiveCfg = Debug|Any CPU
		{FA09BC7E-6792-F758-ADBB-51C5E50564DF}.Debug|x64.Build.0 = Debug|Any CPU
		{FA09BC7E-6792-F758-ADBB-51C5E50564DF}.Debug|x86.ActiveCfg = Debug|Any CPU
		{FA09BC7E-6792-F758-ADBB-51C5E50564DF}.Debug|x86.Build.0 = Debug|Any CPU
		{FA09BC7E-6792-F758-ADBB-51C5E50564DF}.Release|Any CPU.ActiveCfg = Debug|Any CPU
		{FA09BC7E-6792-F758-ADBB-51C5E50564DF}.Release|Any CPU.Build.0 = Debug|Any CPU
		{FA09BC7E-6792-F758-ADBB-51C5E50564DF}.Release|x64.ActiveCfg = Debug|Any CPU
		{FA09BC7E-6792-F758-ADBB-51C5E50564DF}.Release|x64.Build.0 = Debug|Any CPU
		{FA09BC7E-6792-F758-ADBB-51C5E50564DF}.Release|x86.ActiveCfg = Debug|Any CPU
		{FA09BC7E-6792-F758-ADBB-51C5E50564DF}.Release|x86.Build.0 = Debug|Any CPU
		{4A4AC79C-6133-EE42-F9E3-60BBFCA0796D}.Debug|Any CPU.ActiveCfg = Debug|Any CPU
		{4A4AC79C-6133-EE42-F9E3-60BBFCA0796D}.Debug|Any CPU.Build.0 = Debug|Any CPU
		{4A4AC79C-6133-EE42-F9E3-60BBFCA0796D}.Debug|x64.ActiveCfg = Debug|Any CPU
		{4A4AC79C-6133-EE42-F9E3-60BBFCA0796D}.Debug|x64.Build.0 = Debug|Any CPU
		{4A4AC79C-6133-EE42-F9E3-60BBFCA0796D}.Debug|x86.ActiveCfg = Debug|Any CPU
		{4A4AC79C-6133-EE42-F9E3-60BBFCA0796D}.Debug|x86.Build.0 = Debug|Any CPU
		{4A4AC79C-6133-EE42-F9E3-60BBFCA0796D}.Release|Any CPU.ActiveCfg = Debug|Any CPU
		{4A4AC79C-6133-EE42-F9E3-60BBFCA0796D}.Release|Any CPU.Build.0 = Debug|Any CPU
		{4A4AC79C-6133-EE42-F9E3-60BBFCA0796D}.Release|x64.ActiveCfg = Debug|Any CPU
		{4A4AC79C-6133-EE42-F9E3-60BBFCA0796D}.Release|x64.Build.0 = Debug|Any CPU
		{4A4AC79C-6133-EE42-F9E3-60BBFCA0796D}.Release|x86.ActiveCfg = Debug|Any CPU
		{4A4AC79C-6133-EE42-F9E3-60BBFCA0796D}.Release|x86.Build.0 = Debug|Any CPU
		{4D0505D9-DA1C-89A4-8424-A2FF02616C46}.Debug|Any CPU.ActiveCfg = Debug|Any CPU
		{4D0505D9-DA1C-89A4-8424-A2FF02616C46}.Debug|Any CPU.Build.0 = Debug|Any CPU
		{4D0505D9-DA1C-89A4-8424-A2FF02616C46}.Debug|x64.ActiveCfg = Debug|Any CPU
		{4D0505D9-DA1C-89A4-8424-A2FF02616C46}.Debug|x64.Build.0 = Debug|Any CPU
		{4D0505D9-DA1C-89A4-8424-A2FF02616C46}.Debug|x86.ActiveCfg = Debug|Any CPU
		{4D0505D9-DA1C-89A4-8424-A2FF02616C46}.Debug|x86.Build.0 = Debug|Any CPU
		{4D0505D9-DA1C-89A4-8424-A2FF02616C46}.Release|Any CPU.ActiveCfg = Debug|Any CPU
		{4D0505D9-DA1C-89A4-8424-A2FF02616C46}.Release|Any CPU.Build.0 = Debug|Any CPU
		{4D0505D9-DA1C-89A4-8424-A2FF02616C46}.Release|x64.ActiveCfg = Debug|Any CPU
		{4D0505D9-DA1C-89A4-8424-A2FF02616C46}.Release|x64.Build.0 = Debug|Any CPU
		{4D0505D9-DA1C-89A4-8424-A2FF02616C46}.Release|x86.ActiveCfg = Debug|Any CPU
		{4D0505D9-DA1C-89A4-8424-A2FF02616C46}.Release|x86.Build.0 = Debug|Any CPU
		{635606E7-BE26-DA64-9D17-EE6738FA8360}.Debug|Any CPU.ActiveCfg = Debug|Any CPU
		{635606E7-BE26-DA64-9D17-EE6738FA8360}.Debug|Any CPU.Build.0 = Debug|Any CPU
		{635606E7-BE26-DA64-9D17-EE6738FA8360}.Debug|x64.ActiveCfg = Debug|Any CPU
		{635606E7-BE26-DA64-9D17-EE6738FA8360}.Debug|x64.Build.0 = Debug|Any CPU
		{635606E7-BE26-DA64-9D17-EE6738FA8360}.Debug|x86.ActiveCfg = Debug|Any CPU
		{635606E7-BE26-DA64-9D17-EE6738FA8360}.Debug|x86.Build.0 = Debug|Any CPU
		{635606E7-BE26-DA64-9D17-EE6738FA8360}.Release|Any CPU.ActiveCfg = Debug|Any CPU
		{635606E7-BE26-DA64-9D17-EE6738FA8360}.Release|Any CPU.Build.0 = Debug|Any CPU
		{635606E7-BE26-DA64-9D17-EE6738FA8360}.Release|x64.ActiveCfg = Debug|Any CPU
		{635606E7-BE26-DA64-9D17-EE6738FA8360}.Release|x64.Build.0 = Debug|Any CPU
		{635606E7-BE26-DA64-9D17-EE6738FA8360}.Release|x86.ActiveCfg = Debug|Any CPU
		{635606E7-BE26-DA64-9D17-EE6738FA8360}.Release|x86.Build.0 = Debug|Any CPU
		{0BC94ACC-0407-9C59-DF1D-17ED36DF1EE3}.Debug|Any CPU.ActiveCfg = Debug|Any CPU
		{0BC94ACC-0407-9C59-DF1D-17ED36DF1EE3}.Debug|Any CPU.Build.0 = Debug|Any CPU
		{0BC94ACC-0407-9C59-DF1D-17ED36DF1EE3}.Debug|x64.ActiveCfg = Debug|Any CPU
		{0BC94ACC-0407-9C59-DF1D-17ED36DF1EE3}.Debug|x64.Build.0 = Debug|Any CPU
		{0BC94ACC-0407-9C59-DF1D-17ED36DF1EE3}.Debug|x86.ActiveCfg = Debug|Any CPU
		{0BC94ACC-0407-9C59-DF1D-17ED36DF1EE3}.Debug|x86.Build.0 = Debug|Any CPU
		{0BC94ACC-0407-9C59-DF1D-17ED36DF1EE3}.Release|Any CPU.ActiveCfg = Debug|Any CPU
		{0BC94ACC-0407-9C59-DF1D-17ED36DF1EE3}.Release|Any CPU.Build.0 = Debug|Any CPU
		{0BC94ACC-0407-9C59-DF1D-17ED36DF1EE3}.Release|x64.ActiveCfg = Debug|Any CPU
		{0BC94ACC-0407-9C59-DF1D-17ED36DF1EE3}.Release|x64.Build.0 = Debug|Any CPU
		{0BC94ACC-0407-9C59-DF1D-17ED36DF1EE3}.Release|x86.ActiveCfg = Debug|Any CPU
		{0BC94ACC-0407-9C59-DF1D-17ED36DF1EE3}.Release|x86.Build.0 = Debug|Any CPU
		{9FC8373A-B242-ABBB-4E80-F82C03D68AC2}.Debug|Any CPU.ActiveCfg = Debug|Any CPU
		{9FC8373A-B242-ABBB-4E80-F82C03D68AC2}.Debug|Any CPU.Build.0 = Debug|Any CPU
		{9FC8373A-B242-ABBB-4E80-F82C03D68AC2}.Debug|x64.ActiveCfg = Debug|Any CPU
		{9FC8373A-B242-ABBB-4E80-F82C03D68AC2}.Debug|x64.Build.0 = Debug|Any CPU
		{9FC8373A-B242-ABBB-4E80-F82C03D68AC2}.Debug|x86.ActiveCfg = Debug|Any CPU
		{9FC8373A-B242-ABBB-4E80-F82C03D68AC2}.Debug|x86.Build.0 = Debug|Any CPU
		{9FC8373A-B242-ABBB-4E80-F82C03D68AC2}.Release|Any CPU.ActiveCfg = Debug|Any CPU
		{9FC8373A-B242-ABBB-4E80-F82C03D68AC2}.Release|Any CPU.Build.0 = Debug|Any CPU
		{9FC8373A-B242-ABBB-4E80-F82C03D68AC2}.Release|x64.ActiveCfg = Debug|Any CPU
		{9FC8373A-B242-ABBB-4E80-F82C03D68AC2}.Release|x64.Build.0 = Debug|Any CPU
		{9FC8373A-B242-ABBB-4E80-F82C03D68AC2}.Release|x86.ActiveCfg = Debug|Any CPU
		{9FC8373A-B242-ABBB-4E80-F82C03D68AC2}.Release|x86.Build.0 = Debug|Any CPU
		{9604175C-AF90-1ED2-5E51-D9C84622175C}.Debug|Any CPU.ActiveCfg = Debug|Any CPU
		{9604175C-AF90-1ED2-5E51-D9C84622175C}.Debug|Any CPU.Build.0 = Debug|Any CPU
		{9604175C-AF90-1ED2-5E51-D9C84622175C}.Debug|x64.ActiveCfg = Debug|Any CPU
		{9604175C-AF90-1ED2-5E51-D9C84622175C}.Debug|x64.Build.0 = Debug|Any CPU
		{9604175C-AF90-1ED2-5E51-D9C84622175C}.Debug|x86.ActiveCfg = Debug|Any CPU
		{9604175C-AF90-1ED2-5E51-D9C84622175C}.Debug|x86.Build.0 = Debug|Any CPU
		{9604175C-AF90-1ED2-5E51-D9C84622175C}.Release|Any CPU.ActiveCfg = Debug|Any CPU
		{9604175C-AF90-1ED2-5E51-D9C84622175C}.Release|Any CPU.Build.0 = Debug|Any CPU
		{9604175C-AF90-1ED2-5E51-D9C84622175C}.Release|x64.ActiveCfg = Debug|Any CPU
		{9604175C-AF90-1ED2-5E51-D9C84622175C}.Release|x64.Build.0 = Debug|Any CPU
		{9604175C-AF90-1ED2-5E51-D9C84622175C}.Release|x86.ActiveCfg = Debug|Any CPU
		{9604175C-AF90-1ED2-5E51-D9C84622175C}.Release|x86.Build.0 = Debug|Any CPU
		{C36C5743-7718-B830-42E7-B9ED73EFCA12}.Debug|Any CPU.ActiveCfg = Debug|Any CPU
		{C36C5743-7718-B830-42E7-B9ED73EFCA12}.Debug|Any CPU.Build.0 = Debug|Any CPU
		{C36C5743-7718-B830-42E7-B9ED73EFCA12}.Debug|x64.ActiveCfg = Debug|Any CPU
		{C36C5743-7718-B830-42E7-B9ED73EFCA12}.Debug|x64.Build.0 = Debug|Any CPU
		{C36C5743-7718-B830-42E7-B9ED73EFCA12}.Debug|x86.ActiveCfg = Debug|Any CPU
		{C36C5743-7718-B830-42E7-B9ED73EFCA12}.Debug|x86.Build.0 = Debug|Any CPU
		{C36C5743-7718-B830-42E7-B9ED73EFCA12}.Release|Any CPU.ActiveCfg = Debug|Any CPU
		{C36C5743-7718-B830-42E7-B9ED73EFCA12}.Release|Any CPU.Build.0 = Debug|Any CPU
		{C36C5743-7718-B830-42E7-B9ED73EFCA12}.Release|x64.ActiveCfg = Debug|Any CPU
		{C36C5743-7718-B830-42E7-B9ED73EFCA12}.Release|x64.Build.0 = Debug|Any CPU
		{C36C5743-7718-B830-42E7-B9ED73EFCA12}.Release|x86.ActiveCfg = Debug|Any CPU
		{C36C5743-7718-B830-42E7-B9ED73EFCA12}.Release|x86.Build.0 = Debug|Any CPU
		{DC71CD07-48AB-E83E-2A2E-B93120662B38}.Debug|Any CPU.ActiveCfg = Debug|Any CPU
		{DC71CD07-48AB-E83E-2A2E-B93120662B38}.Debug|Any CPU.Build.0 = Debug|Any CPU
		{DC71CD07-48AB-E83E-2A2E-B93120662B38}.Debug|x64.ActiveCfg = Debug|Any CPU
		{DC71CD07-48AB-E83E-2A2E-B93120662B38}.Debug|x64.Build.0 = Debug|Any CPU
		{DC71CD07-48AB-E83E-2A2E-B93120662B38}.Debug|x86.ActiveCfg = Debug|Any CPU
		{DC71CD07-48AB-E83E-2A2E-B93120662B38}.Debug|x86.Build.0 = Debug|Any CPU
		{DC71CD07-48AB-E83E-2A2E-B93120662B38}.Release|Any CPU.ActiveCfg = Debug|Any CPU
		{DC71CD07-48AB-E83E-2A2E-B93120662B38}.Release|Any CPU.Build.0 = Debug|Any CPU
		{DC71CD07-48AB-E83E-2A2E-B93120662B38}.Release|x64.ActiveCfg = Debug|Any CPU
		{DC71CD07-48AB-E83E-2A2E-B93120662B38}.Release|x64.Build.0 = Debug|Any CPU
		{DC71CD07-48AB-E83E-2A2E-B93120662B38}.Release|x86.ActiveCfg = Debug|Any CPU
		{DC71CD07-48AB-E83E-2A2E-B93120662B38}.Release|x86.Build.0 = Debug|Any CPU
		{568ADAEB-2885-AB55-A786-C864294AD49D}.Debug|Any CPU.ActiveCfg = Debug|Any CPU
		{568ADAEB-2885-AB55-A786-C864294AD49D}.Debug|Any CPU.Build.0 = Debug|Any CPU
		{568ADAEB-2885-AB55-A786-C864294AD49D}.Debug|x64.ActiveCfg = Debug|Any CPU
		{568ADAEB-2885-AB55-A786-C864294AD49D}.Debug|x64.Build.0 = Debug|Any CPU
		{568ADAEB-2885-AB55-A786-C864294AD49D}.Debug|x86.ActiveCfg = Debug|Any CPU
		{568ADAEB-2885-AB55-A786-C864294AD49D}.Debug|x86.Build.0 = Debug|Any CPU
		{568ADAEB-2885-AB55-A786-C864294AD49D}.Release|Any CPU.ActiveCfg = Debug|Any CPU
		{568ADAEB-2885-AB55-A786-C864294AD49D}.Release|Any CPU.Build.0 = Debug|Any CPU
		{568ADAEB-2885-AB55-A786-C864294AD49D}.Release|x64.ActiveCfg = Debug|Any CPU
		{568ADAEB-2885-AB55-A786-C864294AD49D}.Release|x64.Build.0 = Debug|Any CPU
		{568ADAEB-2885-AB55-A786-C864294AD49D}.Release|x86.ActiveCfg = Debug|Any CPU
		{568ADAEB-2885-AB55-A786-C864294AD49D}.Release|x86.Build.0 = Debug|Any CPU
		{21F7E60F-26D7-610D-AB2B-97CFB27DB45E}.Debug|Any CPU.ActiveCfg = Debug|Any CPU
		{21F7E60F-26D7-610D-AB2B-97CFB27DB45E}.Debug|Any CPU.Build.0 = Debug|Any CPU
		{21F7E60F-26D7-610D-AB2B-97CFB27DB45E}.Debug|x64.ActiveCfg = Debug|Any CPU
		{21F7E60F-26D7-610D-AB2B-97CFB27DB45E}.Debug|x64.Build.0 = Debug|Any CPU
		{21F7E60F-26D7-610D-AB2B-97CFB27DB45E}.Debug|x86.ActiveCfg = Debug|Any CPU
		{21F7E60F-26D7-610D-AB2B-97CFB27DB45E}.Debug|x86.Build.0 = Debug|Any CPU
		{21F7E60F-26D7-610D-AB2B-97CFB27DB45E}.Release|Any CPU.ActiveCfg = Debug|Any CPU
		{21F7E60F-26D7-610D-AB2B-97CFB27DB45E}.Release|Any CPU.Build.0 = Debug|Any CPU
		{21F7E60F-26D7-610D-AB2B-97CFB27DB45E}.Release|x64.ActiveCfg = Debug|Any CPU
		{21F7E60F-26D7-610D-AB2B-97CFB27DB45E}.Release|x64.Build.0 = Debug|Any CPU
		{21F7E60F-26D7-610D-AB2B-97CFB27DB45E}.Release|x86.ActiveCfg = Debug|Any CPU
		{21F7E60F-26D7-610D-AB2B-97CFB27DB45E}.Release|x86.Build.0 = Debug|Any CPU
		{9D4600C4-9C2B-BB44-015F-49D420695A41}.Debug|Any CPU.ActiveCfg = Debug|Any CPU
		{9D4600C4-9C2B-BB44-015F-49D420695A41}.Debug|Any CPU.Build.0 = Debug|Any CPU
		{9D4600C4-9C2B-BB44-015F-49D420695A41}.Debug|x64.ActiveCfg = Debug|Any CPU
		{9D4600C4-9C2B-BB44-015F-49D420695A41}.Debug|x64.Build.0 = Debug|Any CPU
		{9D4600C4-9C2B-BB44-015F-49D420695A41}.Debug|x86.ActiveCfg = Debug|Any CPU
		{9D4600C4-9C2B-BB44-015F-49D420695A41}.Debug|x86.Build.0 = Debug|Any CPU
		{9D4600C4-9C2B-BB44-015F-49D420695A41}.Release|Any CPU.ActiveCfg = Debug|Any CPU
		{9D4600C4-9C2B-BB44-015F-49D420695A41}.Release|Any CPU.Build.0 = Debug|Any CPU
		{9D4600C4-9C2B-BB44-015F-49D420695A41}.Release|x64.ActiveCfg = Debug|Any CPU
		{9D4600C4-9C2B-BB44-015F-49D420695A41}.Release|x64.Build.0 = Debug|Any CPU
		{9D4600C4-9C2B-BB44-015F-49D420695A41}.Release|x86.ActiveCfg = Debug|Any CPU
		{9D4600C4-9C2B-BB44-015F-49D420695A41}.Release|x86.Build.0 = Debug|Any CPU
		{19DD312D-8E17-372C-C7EE-CA11D6071F39}.Debug|Any CPU.ActiveCfg = Debug|Any CPU
		{19DD312D-8E17-372C-C7EE-CA11D6071F39}.Debug|Any CPU.Build.0 = Debug|Any CPU
		{19DD312D-8E17-372C-C7EE-CA11D6071F39}.Debug|x64.ActiveCfg = Debug|Any CPU
		{19DD312D-8E17-372C-C7EE-CA11D6071F39}.Debug|x64.Build.0 = Debug|Any CPU
		{19DD312D-8E17-372C-C7EE-CA11D6071F39}.Debug|x86.ActiveCfg = Debug|Any CPU
		{19DD312D-8E17-372C-C7EE-CA11D6071F39}.Debug|x86.Build.0 = Debug|Any CPU
		{19DD312D-8E17-372C-C7EE-CA11D6071F39}.Release|Any CPU.ActiveCfg = Debug|Any CPU
		{19DD312D-8E17-372C-C7EE-CA11D6071F39}.Release|Any CPU.Build.0 = Debug|Any CPU
		{19DD312D-8E17-372C-C7EE-CA11D6071F39}.Release|x64.ActiveCfg = Debug|Any CPU
		{19DD312D-8E17-372C-C7EE-CA11D6071F39}.Release|x64.Build.0 = Debug|Any CPU
		{19DD312D-8E17-372C-C7EE-CA11D6071F39}.Release|x86.ActiveCfg = Debug|Any CPU
		{19DD312D-8E17-372C-C7EE-CA11D6071F39}.Release|x86.Build.0 = Debug|Any CPU
		{ECC3FA21-B6DB-B9EA-1F1E-C1D26AF22896}.Debug|Any CPU.ActiveCfg = Debug|Any CPU
		{ECC3FA21-B6DB-B9EA-1F1E-C1D26AF22896}.Debug|Any CPU.Build.0 = Debug|Any CPU
		{ECC3FA21-B6DB-B9EA-1F1E-C1D26AF22896}.Debug|x64.ActiveCfg = Debug|Any CPU
		{ECC3FA21-B6DB-B9EA-1F1E-C1D26AF22896}.Debug|x64.Build.0 = Debug|Any CPU
		{ECC3FA21-B6DB-B9EA-1F1E-C1D26AF22896}.Debug|x86.ActiveCfg = Debug|Any CPU
		{ECC3FA21-B6DB-B9EA-1F1E-C1D26AF22896}.Debug|x86.Build.0 = Debug|Any CPU
		{ECC3FA21-B6DB-B9EA-1F1E-C1D26AF22896}.Release|Any CPU.ActiveCfg = Debug|Any CPU
		{ECC3FA21-B6DB-B9EA-1F1E-C1D26AF22896}.Release|Any CPU.Build.0 = Debug|Any CPU
		{ECC3FA21-B6DB-B9EA-1F1E-C1D26AF22896}.Release|x64.ActiveCfg = Debug|Any CPU
		{ECC3FA21-B6DB-B9EA-1F1E-C1D26AF22896}.Release|x64.Build.0 = Debug|Any CPU
		{ECC3FA21-B6DB-B9EA-1F1E-C1D26AF22896}.Release|x86.ActiveCfg = Debug|Any CPU
		{ECC3FA21-B6DB-B9EA-1F1E-C1D26AF22896}.Release|x86.Build.0 = Debug|Any CPU
		{29ED7DC9-6118-F1B6-384A-45BEE3AB4A82}.Debug|Any CPU.ActiveCfg = Debug|Any CPU
		{29ED7DC9-6118-F1B6-384A-45BEE3AB4A82}.Debug|Any CPU.Build.0 = Debug|Any CPU
		{29ED7DC9-6118-F1B6-384A-45BEE3AB4A82}.Debug|x64.ActiveCfg = Debug|Any CPU
		{29ED7DC9-6118-F1B6-384A-45BEE3AB4A82}.Debug|x64.Build.0 = Debug|Any CPU
		{29ED7DC9-6118-F1B6-384A-45BEE3AB4A82}.Debug|x86.ActiveCfg = Debug|Any CPU
		{29ED7DC9-6118-F1B6-384A-45BEE3AB4A82}.Debug|x86.Build.0 = Debug|Any CPU
		{29ED7DC9-6118-F1B6-384A-45BEE3AB4A82}.Release|Any CPU.ActiveCfg = Debug|Any CPU
		{29ED7DC9-6118-F1B6-384A-45BEE3AB4A82}.Release|Any CPU.Build.0 = Debug|Any CPU
		{29ED7DC9-6118-F1B6-384A-45BEE3AB4A82}.Release|x64.ActiveCfg = Debug|Any CPU
		{29ED7DC9-6118-F1B6-384A-45BEE3AB4A82}.Release|x64.Build.0 = Debug|Any CPU
		{29ED7DC9-6118-F1B6-384A-45BEE3AB4A82}.Release|x86.ActiveCfg = Debug|Any CPU
		{29ED7DC9-6118-F1B6-384A-45BEE3AB4A82}.Release|x86.Build.0 = Debug|Any CPU
		{E774B171-4F77-6CE2-DA47-D9D450C12C62}.Debug|Any CPU.ActiveCfg = Debug|Any CPU
		{E774B171-4F77-6CE2-DA47-D9D450C12C62}.Debug|Any CPU.Build.0 = Debug|Any CPU
		{E774B171-4F77-6CE2-DA47-D9D450C12C62}.Debug|x64.ActiveCfg = Debug|Any CPU
		{E774B171-4F77-6CE2-DA47-D9D450C12C62}.Debug|x64.Build.0 = Debug|Any CPU
		{E774B171-4F77-6CE2-DA47-D9D450C12C62}.Debug|x86.ActiveCfg = Debug|Any CPU
		{E774B171-4F77-6CE2-DA47-D9D450C12C62}.Debug|x86.Build.0 = Debug|Any CPU
		{E774B171-4F77-6CE2-DA47-D9D450C12C62}.Release|Any CPU.ActiveCfg = Debug|Any CPU
		{E774B171-4F77-6CE2-DA47-D9D450C12C62}.Release|Any CPU.Build.0 = Debug|Any CPU
		{E774B171-4F77-6CE2-DA47-D9D450C12C62}.Release|x64.ActiveCfg = Debug|Any CPU
		{E774B171-4F77-6CE2-DA47-D9D450C12C62}.Release|x64.Build.0 = Debug|Any CPU
		{E774B171-4F77-6CE2-DA47-D9D450C12C62}.Release|x86.ActiveCfg = Debug|Any CPU
		{E774B171-4F77-6CE2-DA47-D9D450C12C62}.Release|x86.Build.0 = Debug|Any CPU
		{8D34DA9B-A78A-5465-1FD5-F77F299DC917}.Debug|Any CPU.ActiveCfg = Debug|Any CPU
		{8D34DA9B-A78A-5465-1FD5-F77F299DC917}.Debug|Any CPU.Build.0 = Debug|Any CPU
		{8D34DA9B-A78A-5465-1FD5-F77F299DC917}.Debug|x64.ActiveCfg = Debug|Any CPU
		{8D34DA9B-A78A-5465-1FD5-F77F299DC917}.Debug|x64.Build.0 = Debug|Any CPU
		{8D34DA9B-A78A-5465-1FD5-F77F299DC917}.Debug|x86.ActiveCfg = Debug|Any CPU
		{8D34DA9B-A78A-5465-1FD5-F77F299DC917}.Debug|x86.Build.0 = Debug|Any CPU
		{8D34DA9B-A78A-5465-1FD5-F77F299DC917}.Release|Any CPU.ActiveCfg = Debug|Any CPU
		{8D34DA9B-A78A-5465-1FD5-F77F299DC917}.Release|Any CPU.Build.0 = Debug|Any CPU
		{8D34DA9B-A78A-5465-1FD5-F77F299DC917}.Release|x64.ActiveCfg = Debug|Any CPU
		{8D34DA9B-A78A-5465-1FD5-F77F299DC917}.Release|x64.Build.0 = Debug|Any CPU
		{8D34DA9B-A78A-5465-1FD5-F77F299DC917}.Release|x86.ActiveCfg = Debug|Any CPU
		{8D34DA9B-A78A-5465-1FD5-F77F299DC917}.Release|x86.Build.0 = Debug|Any CPU
		{334D08ED-BD10-601C-7029-D0C217C2B866}.Debug|Any CPU.ActiveCfg = Debug|Any CPU
		{334D08ED-BD10-601C-7029-D0C217C2B866}.Debug|Any CPU.Build.0 = Debug|Any CPU
		{334D08ED-BD10-601C-7029-D0C217C2B866}.Debug|x64.ActiveCfg = Debug|Any CPU
		{334D08ED-BD10-601C-7029-D0C217C2B866}.Debug|x64.Build.0 = Debug|Any CPU
		{334D08ED-BD10-601C-7029-D0C217C2B866}.Debug|x86.ActiveCfg = Debug|Any CPU
		{334D08ED-BD10-601C-7029-D0C217C2B866}.Debug|x86.Build.0 = Debug|Any CPU
		{334D08ED-BD10-601C-7029-D0C217C2B866}.Release|Any CPU.ActiveCfg = Debug|Any CPU
		{334D08ED-BD10-601C-7029-D0C217C2B866}.Release|Any CPU.Build.0 = Debug|Any CPU
		{334D08ED-BD10-601C-7029-D0C217C2B866}.Release|x64.ActiveCfg = Debug|Any CPU
		{334D08ED-BD10-601C-7029-D0C217C2B866}.Release|x64.Build.0 = Debug|Any CPU
		{334D08ED-BD10-601C-7029-D0C217C2B866}.Release|x86.ActiveCfg = Debug|Any CPU
		{334D08ED-BD10-601C-7029-D0C217C2B866}.Release|x86.Build.0 = Debug|Any CPU
		{BA293D74-D29E-ADB7-0196-1E5E996DBE8E}.Debug|Any CPU.ActiveCfg = Debug|Any CPU
		{BA293D74-D29E-ADB7-0196-1E5E996DBE8E}.Debug|Any CPU.Build.0 = Debug|Any CPU
		{BA293D74-D29E-ADB7-0196-1E5E996DBE8E}.Debug|x64.ActiveCfg = Debug|Any CPU
		{BA293D74-D29E-ADB7-0196-1E5E996DBE8E}.Debug|x64.Build.0 = Debug|Any CPU
		{BA293D74-D29E-ADB7-0196-1E5E996DBE8E}.Debug|x86.ActiveCfg = Debug|Any CPU
		{BA293D74-D29E-ADB7-0196-1E5E996DBE8E}.Debug|x86.Build.0 = Debug|Any CPU
		{BA293D74-D29E-ADB7-0196-1E5E996DBE8E}.Release|Any CPU.ActiveCfg = Debug|Any CPU
		{BA293D74-D29E-ADB7-0196-1E5E996DBE8E}.Release|Any CPU.Build.0 = Debug|Any CPU
		{BA293D74-D29E-ADB7-0196-1E5E996DBE8E}.Release|x64.ActiveCfg = Debug|Any CPU
		{BA293D74-D29E-ADB7-0196-1E5E996DBE8E}.Release|x64.Build.0 = Debug|Any CPU
		{BA293D74-D29E-ADB7-0196-1E5E996DBE8E}.Release|x86.ActiveCfg = Debug|Any CPU
		{BA293D74-D29E-ADB7-0196-1E5E996DBE8E}.Release|x86.Build.0 = Debug|Any CPU
		{32250E49-1E90-668A-67C2-EB7CCBA89A48}.Debug|Any CPU.ActiveCfg = Debug|Any CPU
		{32250E49-1E90-668A-67C2-EB7CCBA89A48}.Debug|Any CPU.Build.0 = Debug|Any CPU
		{32250E49-1E90-668A-67C2-EB7CCBA89A48}.Debug|x64.ActiveCfg = Debug|Any CPU
		{32250E49-1E90-668A-67C2-EB7CCBA89A48}.Debug|x64.Build.0 = Debug|Any CPU
		{32250E49-1E90-668A-67C2-EB7CCBA89A48}.Debug|x86.ActiveCfg = Debug|Any CPU
		{32250E49-1E90-668A-67C2-EB7CCBA89A48}.Debug|x86.Build.0 = Debug|Any CPU
		{32250E49-1E90-668A-67C2-EB7CCBA89A48}.Release|Any CPU.ActiveCfg = Debug|Any CPU
		{32250E49-1E90-668A-67C2-EB7CCBA89A48}.Release|Any CPU.Build.0 = Debug|Any CPU
		{32250E49-1E90-668A-67C2-EB7CCBA89A48}.Release|x64.ActiveCfg = Debug|Any CPU
		{32250E49-1E90-668A-67C2-EB7CCBA89A48}.Release|x64.Build.0 = Debug|Any CPU
		{32250E49-1E90-668A-67C2-EB7CCBA89A48}.Release|x86.ActiveCfg = Debug|Any CPU
		{32250E49-1E90-668A-67C2-EB7CCBA89A48}.Release|x86.Build.0 = Debug|Any CPU
		{83A64250-730F-6DC7-5BF2-C504138553BB}.Debug|Any CPU.ActiveCfg = Debug|Any CPU
		{83A64250-730F-6DC7-5BF2-C504138553BB}.Debug|Any CPU.Build.0 = Debug|Any CPU
		{83A64250-730F-6DC7-5BF2-C504138553BB}.Debug|x64.ActiveCfg = Debug|Any CPU
		{83A64250-730F-6DC7-5BF2-C504138553BB}.Debug|x64.Build.0 = Debug|Any CPU
		{83A64250-730F-6DC7-5BF2-C504138553BB}.Debug|x86.ActiveCfg = Debug|Any CPU
		{83A64250-730F-6DC7-5BF2-C504138553BB}.Debug|x86.Build.0 = Debug|Any CPU
		{83A64250-730F-6DC7-5BF2-C504138553BB}.Release|Any CPU.ActiveCfg = Debug|Any CPU
		{83A64250-730F-6DC7-5BF2-C504138553BB}.Release|Any CPU.Build.0 = Debug|Any CPU
		{83A64250-730F-6DC7-5BF2-C504138553BB}.Release|x64.ActiveCfg = Debug|Any CPU
		{83A64250-730F-6DC7-5BF2-C504138553BB}.Release|x64.Build.0 = Debug|Any CPU
		{83A64250-730F-6DC7-5BF2-C504138553BB}.Release|x86.ActiveCfg = Debug|Any CPU
		{83A64250-730F-6DC7-5BF2-C504138553BB}.Release|x86.Build.0 = Debug|Any CPU
		{6451F114-D317-C104-7F90-CB792BE69AE0}.Debug|Any CPU.ActiveCfg = Debug|Any CPU
		{6451F114-D317-C104-7F90-CB792BE69AE0}.Debug|Any CPU.Build.0 = Debug|Any CPU
		{6451F114-D317-C104-7F90-CB792BE69AE0}.Debug|x64.ActiveCfg = Debug|Any CPU
		{6451F114-D317-C104-7F90-CB792BE69AE0}.Debug|x64.Build.0 = Debug|Any CPU
		{6451F114-D317-C104-7F90-CB792BE69AE0}.Debug|x86.ActiveCfg = Debug|Any CPU
		{6451F114-D317-C104-7F90-CB792BE69AE0}.Debug|x86.Build.0 = Debug|Any CPU
		{6451F114-D317-C104-7F90-CB792BE69AE0}.Release|Any CPU.ActiveCfg = Debug|Any CPU
		{6451F114-D317-C104-7F90-CB792BE69AE0}.Release|Any CPU.Build.0 = Debug|Any CPU
		{6451F114-D317-C104-7F90-CB792BE69AE0}.Release|x64.ActiveCfg = Debug|Any CPU
		{6451F114-D317-C104-7F90-CB792BE69AE0}.Release|x64.Build.0 = Debug|Any CPU
		{6451F114-D317-C104-7F90-CB792BE69AE0}.Release|x86.ActiveCfg = Debug|Any CPU
		{6451F114-D317-C104-7F90-CB792BE69AE0}.Release|x86.Build.0 = Debug|Any CPU
		{A19972C6-ACF4-D31A-614A-BA296CC72D24}.Debug|Any CPU.ActiveCfg = Debug|Any CPU
		{A19972C6-ACF4-D31A-614A-BA296CC72D24}.Debug|Any CPU.Build.0 = Debug|Any CPU
		{A19972C6-ACF4-D31A-614A-BA296CC72D24}.Debug|x64.ActiveCfg = Debug|Any CPU
		{A19972C6-ACF4-D31A-614A-BA296CC72D24}.Debug|x64.Build.0 = Debug|Any CPU
		{A19972C6-ACF4-D31A-614A-BA296CC72D24}.Debug|x86.ActiveCfg = Debug|Any CPU
		{A19972C6-ACF4-D31A-614A-BA296CC72D24}.Debug|x86.Build.0 = Debug|Any CPU
		{A19972C6-ACF4-D31A-614A-BA296CC72D24}.Release|Any CPU.ActiveCfg = Debug|Any CPU
		{A19972C6-ACF4-D31A-614A-BA296CC72D24}.Release|Any CPU.Build.0 = Debug|Any CPU
		{A19972C6-ACF4-D31A-614A-BA296CC72D24}.Release|x64.ActiveCfg = Debug|Any CPU
		{A19972C6-ACF4-D31A-614A-BA296CC72D24}.Release|x64.Build.0 = Debug|Any CPU
		{A19972C6-ACF4-D31A-614A-BA296CC72D24}.Release|x86.ActiveCfg = Debug|Any CPU
		{A19972C6-ACF4-D31A-614A-BA296CC72D24}.Release|x86.Build.0 = Debug|Any CPU
		{969465DC-FDBD-27D3-99B1-F7C9E3069395}.Debug|Any CPU.ActiveCfg = Debug|Any CPU
		{969465DC-FDBD-27D3-99B1-F7C9E3069395}.Debug|Any CPU.Build.0 = Debug|Any CPU
		{969465DC-FDBD-27D3-99B1-F7C9E3069395}.Debug|x64.ActiveCfg = Debug|Any CPU
		{969465DC-FDBD-27D3-99B1-F7C9E3069395}.Debug|x64.Build.0 = Debug|Any CPU
		{969465DC-FDBD-27D3-99B1-F7C9E3069395}.Debug|x86.ActiveCfg = Debug|Any CPU
		{969465DC-FDBD-27D3-99B1-F7C9E3069395}.Debug|x86.Build.0 = Debug|Any CPU
		{969465DC-FDBD-27D3-99B1-F7C9E3069395}.Release|Any CPU.ActiveCfg = Debug|Any CPU
		{969465DC-FDBD-27D3-99B1-F7C9E3069395}.Release|Any CPU.Build.0 = Debug|Any CPU
		{969465DC-FDBD-27D3-99B1-F7C9E3069395}.Release|x64.ActiveCfg = Debug|Any CPU
		{969465DC-FDBD-27D3-99B1-F7C9E3069395}.Release|x64.Build.0 = Debug|Any CPU
		{969465DC-FDBD-27D3-99B1-F7C9E3069395}.Release|x86.ActiveCfg = Debug|Any CPU
		{969465DC-FDBD-27D3-99B1-F7C9E3069395}.Release|x86.Build.0 = Debug|Any CPU
		{56A022A7-D8A9-3ECC-388D-3C928C42CCA5}.Debug|Any CPU.ActiveCfg = Debug|Any CPU
		{56A022A7-D8A9-3ECC-388D-3C928C42CCA5}.Debug|Any CPU.Build.0 = Debug|Any CPU
		{56A022A7-D8A9-3ECC-388D-3C928C42CCA5}.Debug|x64.ActiveCfg = Debug|Any CPU
		{56A022A7-D8A9-3ECC-388D-3C928C42CCA5}.Debug|x64.Build.0 = Debug|Any CPU
		{56A022A7-D8A9-3ECC-388D-3C928C42CCA5}.Debug|x86.ActiveCfg = Debug|Any CPU
		{56A022A7-D8A9-3ECC-388D-3C928C42CCA5}.Debug|x86.Build.0 = Debug|Any CPU
		{56A022A7-D8A9-3ECC-388D-3C928C42CCA5}.Release|Any CPU.ActiveCfg = Debug|Any CPU
		{56A022A7-D8A9-3ECC-388D-3C928C42CCA5}.Release|Any CPU.Build.0 = Debug|Any CPU
		{56A022A7-D8A9-3ECC-388D-3C928C42CCA5}.Release|x64.ActiveCfg = Debug|Any CPU
		{56A022A7-D8A9-3ECC-388D-3C928C42CCA5}.Release|x64.Build.0 = Debug|Any CPU
		{56A022A7-D8A9-3ECC-388D-3C928C42CCA5}.Release|x86.ActiveCfg = Debug|Any CPU
		{56A022A7-D8A9-3ECC-388D-3C928C42CCA5}.Release|x86.Build.0 = Debug|Any CPU
		{3D186023-7555-E4AE-D2AC-647A078274F2}.Debug|Any CPU.ActiveCfg = Debug|Any CPU
		{3D186023-7555-E4AE-D2AC-647A078274F2}.Debug|Any CPU.Build.0 = Debug|Any CPU
		{3D186023-7555-E4AE-D2AC-647A078274F2}.Debug|x64.ActiveCfg = Debug|Any CPU
		{3D186023-7555-E4AE-D2AC-647A078274F2}.Debug|x64.Build.0 = Debug|Any CPU
		{3D186023-7555-E4AE-D2AC-647A078274F2}.Debug|x86.ActiveCfg = Debug|Any CPU
		{3D186023-7555-E4AE-D2AC-647A078274F2}.Debug|x86.Build.0 = Debug|Any CPU
		{3D186023-7555-E4AE-D2AC-647A078274F2}.Release|Any CPU.ActiveCfg = Debug|Any CPU
		{3D186023-7555-E4AE-D2AC-647A078274F2}.Release|Any CPU.Build.0 = Debug|Any CPU
		{3D186023-7555-E4AE-D2AC-647A078274F2}.Release|x64.ActiveCfg = Debug|Any CPU
		{3D186023-7555-E4AE-D2AC-647A078274F2}.Release|x64.Build.0 = Debug|Any CPU
		{3D186023-7555-E4AE-D2AC-647A078274F2}.Release|x86.ActiveCfg = Debug|Any CPU
		{3D186023-7555-E4AE-D2AC-647A078274F2}.Release|x86.Build.0 = Debug|Any CPU
	EndGlobalSection
	GlobalSection(NestedProjects) = preSolution
		{BB89956A-1534-4B64-C37D-EE1990F70FC5} = {FD929939-0EA6-5A9F-D61B-403474FE82B5}
		{73C8B2E1-BDA7-44DD-1D0B-0129C075BC75} = {D949AD15-6DD1-4965-7A6E-E9B7B3830287}
		{6F3E9AD7-328D-F546-58B2-7B13A59F04F8} = {73C8B2E1-BDA7-44DD-1D0B-0129C075BC75}
		{7857DE65-B58B-8CBF-4265-CD23906D06A4} = {73C8B2E1-BDA7-44DD-1D0B-0129C075BC75}
		{A1A6AC09-19D2-9DA6-F4DB-3D91FFA4F298} = {73C8B2E1-BDA7-44DD-1D0B-0129C075BC75}
		{CD6EBB1C-83EF-F66B-87FC-106C6E79BBD5} = {D949AD15-6DD1-4965-7A6E-E9B7B3830287}
		{4FE4103E-43D6-EEFA-4E5F-04FA998F9620} = {D949AD15-6DD1-4965-7A6E-E9B7B3830287}
		{4BA28BC8-83A8-190A-AF8A-81F0F1B6CD49} = {D949AD15-6DD1-4965-7A6E-E9B7B3830287}
		{63E50983-ACDF-A80B-F0BC-62A138C4AE9C} = {4BA28BC8-83A8-190A-AF8A-81F0F1B6CD49}
		{AA04D7B2-FE51-ED9F-5FAE-B6212087C4B2} = {4BA28BC8-83A8-190A-AF8A-81F0F1B6CD49}
		{706170C0-0E7D-E95C-A05B-B207465F7092} = {4BA28BC8-83A8-190A-AF8A-81F0F1B6CD49}
		{C7E97863-9191-B3A0-82E2-5D15FBF477E0} = {4BA28BC8-83A8-190A-AF8A-81F0F1B6CD49}
		{1E3BEE44-9828-C2C8-2867-671F829792B2} = {4BA28BC8-83A8-190A-AF8A-81F0F1B6CD49}
		{3D3BB1BE-617D-7A5E-5CE4-8CAAEFE9ED98} = {4BA28BC8-83A8-190A-AF8A-81F0F1B6CD49}
		{18149DA4-613D-F6DB-B254-699E122864A6} = {D949AD15-6DD1-4965-7A6E-E9B7B3830287}
		{BCB53DAF-0971-A1F3-6237-8DD280044A61} = {18149DA4-613D-F6DB-B254-699E122864A6}
		{903FB9E7-D9D0-03D7-B748-C658DC0D97D4} = {18149DA4-613D-F6DB-B254-699E122864A6}
		{1EA719C4-3CDC-F082-1978-DD4B12AB68C2} = {18149DA4-613D-F6DB-B254-699E122864A6}
		{EDEF097D-BAF8-9264-1444-85097A0FCDFE} = {18149DA4-613D-F6DB-B254-699E122864A6}
		{FC0EAB30-356A-2D51-4B61-9EDDEA8968CB} = {D949AD15-6DD1-4965-7A6E-E9B7B3830287}
		{4AEE44F7-A5B4-8117-D730-647DED2F8AC7} = {D949AD15-6DD1-4965-7A6E-E9B7B3830287}
		{9417540E-253B-FFF9-D609-0695186A90F0} = {D949AD15-6DD1-4965-7A6E-E9B7B3830287}
		{194C9F77-9308-D7CE-811D-9CF00F7C674A} = {D949AD15-6DD1-4965-7A6E-E9B7B3830287}
		{CF75CBB2-C26E-E641-ECFB-BF0E83F0825A} = {194C9F77-9308-D7CE-811D-9CF00F7C674A}
		{E90A150D-FB5B-C113-BCE4-589BA45A8E01} = {D949AD15-6DD1-4965-7A6E-E9B7B3830287}
		{773BD3B7-6519-6BCA-5D04-B5D9B36374D7} = {D949AD15-6DD1-4965-7A6E-E9B7B3830287}
		{F686D077-0E64-DF83-87B9-6F34C56B79A5} = {D949AD15-6DD1-4965-7A6E-E9B7B3830287}
		{86B3D042-711D-4FEC-BD5D-2EF5B399FDE2} = {D949AD15-6DD1-4965-7A6E-E9B7B3830287}
		{85F7F72C-B933-4124-5B57-00177EBACA10} = {D949AD15-6DD1-4965-7A6E-E9B7B3830287}
		{5CA5C698-94CE-ACF2-B8DC-1B82A0639084} = {D949AD15-6DD1-4965-7A6E-E9B7B3830287}
		{2815B51F-D299-B873-541F-3FB0CFD9F6E5} = {D949AD15-6DD1-4965-7A6E-E9B7B3830287}
		{0B4E7070-6420-0CDF-A8ED-35FF7905CC41} = {7596AEF7-C1A0-BCB5-94C0-AE90D297BB2E}
	EndGlobalSection
	GlobalSection(ExtensibilityGlobals) = postSolution
		SolutionGuid = {AF02C109-BF5B-4C3E-87D8-31B2097DC5C8}
	EndGlobalSection
EndGlobal
